// !$*UTF8*$!
{
	archiveVersion = 1;
	classes = {
	};
	objectVersion = 46;
	objects = {

/* Begin PBXBuildFile section */
		AA2451F61DB494C90096F81B /* MyViewController.m in Sources */ = {isa = PBXBuildFile; fileRef = AA2451F51DB494C90096F81B /* MyViewController.m */; };
		AA2451F91DB4ADFE0096F81B /* LoginViewController.m in Sources */ = {isa = PBXBuildFile; fileRef = AA2451F81DB4ADFE0096F81B /* LoginViewController.m */; };
		AA2451FB1DB4AEA20096F81B /* facebook.PNG in Resources */ = {isa = PBXBuildFile; fileRef = AA2451FA1DB4AEA20096F81B /* facebook.PNG */; };
		AAD82C681DB46684007D3EF9 /* main.m in Sources */ = {isa = PBXBuildFile; fileRef = AAD82C671DB46684007D3EF9 /* main.m */; };
		AAD82C6B1DB46684007D3EF9 /* AppDelegate.m in Sources */ = {isa = PBXBuildFile; fileRef = AAD82C6A1DB46684007D3EF9 /* AppDelegate.m */; };
		AAD82C711DB46684007D3EF9 /* Main.storyboard in Resources */ = {isa = PBXBuildFile; fileRef = AAD82C6F1DB46684007D3EF9 /* Main.storyboard */; };
		AAD82C731DB46684007D3EF9 /* Assets.xcassets in Resources */ = {isa = PBXBuildFile; fileRef = AAD82C721DB46684007D3EF9 /* Assets.xcassets */; };
		AAD82C761DB46684007D3EF9 /* LaunchScreen.storyboard in Resources */ = {isa = PBXBuildFile; fileRef = AAD82C741DB46684007D3EF9 /* LaunchScreen.storyboard */; };
/* End PBXBuildFile section */

/* Begin PBXFileReference section */
		AA2451F41DB494C90096F81B /* MyViewController.h */ = {isa = PBXFileReference; fileEncoding = 4; lastKnownFileType = sourcecode.c.h; path = MyViewController.h; sourceTree = "<group>"; };
		AA2451F51DB494C90096F81B /* MyViewController.m */ = {isa = PBXFileReference; fileEncoding = 4; lastKnownFileType = sourcecode.c.objc; path = MyViewController.m; sourceTree = "<group>"; };
		AA2451F71DB4ADFE0096F81B /* LoginViewController.h */ = {isa = PBXFileReference; fileEncoding = 4; lastKnownFileType = sourcecode.c.h; path = LoginViewController.h; sourceTree = "<group>"; };
		AA2451F81DB4ADFE0096F81B /* LoginViewController.m */ = {isa = PBXFileReference; fileEncoding = 4; lastKnownFileType = sourcecode.c.objc; path = LoginViewController.m; sourceTree = "<group>"; };
		AA2451FA1DB4AEA20096F81B /* facebook.PNG */ = {isa = PBXFileReference; lastKnownFileType = image.png; path = facebook.PNG; sourceTree = "<group>"; };
		AAD82C631DB46684007D3EF9 /* [1017]FirstStoryBoardExample.app */ = {isa = PBXFileReference; explicitFileType = wrapper.application; includeInIndex = 0; path = "[1017]FirstStoryBoardExample.app"; sourceTree = BUILT_PRODUCTS_DIR; };
		AAD82C671DB46684007D3EF9 /* main.m */ = {isa = PBXFileReference; lastKnownFileType = sourcecode.c.objc; path = main.m; sourceTree = "<group>"; };
		AAD82C691DB46684007D3EF9 /* AppDelegate.h */ = {isa = PBXFileReference; lastKnownFileType = sourcecode.c.h; path = AppDelegate.h; sourceTree = "<group>"; };
		AAD82C6A1DB46684007D3EF9 /* AppDelegate.m */ = {isa = PBXFileReference; lastKnownFileType = sourcecode.c.objc; path = AppDelegate.m; sourceTree = "<group>"; };
		AAD82C701DB46684007D3EF9 /* Base */ = {isa = PBXFileReference; lastKnownFileType = file.storyboard; name = Base; path = Base.lproj/Main.storyboard; sourceTree = "<group>"; };
		AAD82C721DB46684007D3EF9 /* Assets.xcassets */ = {isa = PBXFileReference; lastKnownFileType = folder.assetcatalog; path = Assets.xcassets; sourceTree = "<group>"; };
		AAD82C751DB46684007D3EF9 /* Base */ = {isa = PBXFileReference; lastKnownFileType = file.storyboard; name = Base; path = Base.lproj/LaunchScreen.storyboard; sourceTree = "<group>"; };
		AAD82C771DB46684007D3EF9 /* Info.plist */ = {isa = PBXFileReference; lastKnownFileType = text.plist.xml; path = Info.plist; sourceTree = "<group>"; };
/* End PBXFileReference section */

/* Begin PBXFrameworksBuildPhase section */
		AAD82C601DB46683007D3EF9 /* Frameworks */ = {
			isa = PBXFrameworksBuildPhase;
			buildActionMask = 2147483647;
			files = (
			);
			runOnlyForDeploymentPostprocessing = 0;
		};
/* End PBXFrameworksBuildPhase section */

/* Begin PBXGroup section */
		AAD82C5A1DB46683007D3EF9 = {
			isa = PBXGroup;
			children = (
				AAD82C651DB46684007D3EF9 /* [1017]FirstStoryBoardExample */,
				AAD82C641DB46684007D3EF9 /* Products */,
			);
			sourceTree = "<group>";
		};
		AAD82C641DB46684007D3EF9 /* Products */ = {
			isa = PBXGroup;
			children = (
				AAD82C631DB46684007D3EF9 /* [1017]FirstStoryBoardExample.app */,
			);
			name = Products;
			sourceTree = "<group>";
		};
		AAD82C651DB46684007D3EF9 /* [1017]FirstStoryBoardExample */ = {
			isa = PBXGroup;
			children = (
				AA2451FA1DB4AEA20096F81B /* facebook.PNG */,
				AAD82C691DB46684007D3EF9 /* AppDelegate.h */,
				AAD82C6A1DB46684007D3EF9 /* AppDelegate.m */,
				AA2451F41DB494C90096F81B /* MyViewController.h */,
				AA2451F51DB494C90096F81B /* MyViewController.m */,
				AA2451F71DB4ADFE0096F81B /* LoginViewController.h */,
				AA2451F81DB4ADFE0096F81B /* LoginViewController.m */,
				AAD82C6F1DB46684007D3EF9 /* Main.storyboard */,
				AAD82C721DB46684007D3EF9 /* Assets.xcassets */,
				AAD82C741DB46684007D3EF9 /* LaunchScreen.storyboard */,
				AAD82C771DB46684007D3EF9 /* Info.plist */,
				AAD82C661DB46684007D3EF9 /* Supporting Files */,
			);
			path = "[1017]FirstStoryBoardExample";
			sourceTree = "<group>";
		};
		AAD82C661DB46684007D3EF9 /* Supporting Files */ = {
			isa = PBXGroup;
			children = (
				AAD82C671DB46684007D3EF9 /* main.m */,
			);
			name = "Supporting Files";
			sourceTree = "<group>";
		};
/* End PBXGroup section */

/* Begin PBXNativeTarget section */
		AAD82C621DB46683007D3EF9 /* [1017]FirstStoryBoardExample */ = {
			isa = PBXNativeTarget;
			buildConfigurationList = AAD82C7A1DB46684007D3EF9 /* Build configuration list for PBXNativeTarget "[1017]FirstStoryBoardExample" */;
			buildPhases = (
				AAD82C5F1DB46683007D3EF9 /* Sources */,
				AAD82C601DB46683007D3EF9 /* Frameworks */,
				AAD82C611DB46683007D3EF9 /* Resources */,
			);
			buildRules = (
			);
			dependencies = (
			);
			name = "[1017]FirstStoryBoardExample";
			productName = "[1017]FirstStoryBoardExample";
			productReference = AAD82C631DB46684007D3EF9 /* [1017]FirstStoryBoardExample.app */;
			productType = "com.apple.product-type.application";
		};
/* End PBXNativeTarget section */

/* Begin PBXProject section */
		AAD82C5B1DB46683007D3EF9 /* Project object */ = {
			isa = PBXProject;
			attributes = {
				LastUpgradeCheck = 0800;
				ORGANIZATIONNAME = iosSchool;
				TargetAttributes = {
					AAD82C621DB46683007D3EF9 = {
						CreatedOnToolsVersion = 8.0;
						ProvisioningStyle = Automatic;
					};
				};
			};
			buildConfigurationList = AAD82C5E1DB46683007D3EF9 /* Build configuration list for PBXProject "[1017]FirstStoryBoardExample" */;
			compatibilityVersion = "Xcode 3.2";
			developmentRegion = English;
			hasScannedForEncodings = 0;
			knownRegions = (
				en,
				Base,
			);
			mainGroup = AAD82C5A1DB46683007D3EF9;
			productRefGroup = AAD82C641DB46684007D3EF9 /* Products */;
			projectDirPath = "";
			projectRoot = "";
			targets = (
				AAD82C621DB46683007D3EF9 /* [1017]FirstStoryBoardExample */,
			);
		};
/* End PBXProject section */

/* Begin PBXResourcesBuildPhase section */
		AAD82C611DB46683007D3EF9 /* Resources */ = {
			isa = PBXResourcesBuildPhase;
			buildActionMask = 2147483647;
			files = (
				AAD82C761DB46684007D3EF9 /* LaunchScreen.storyboard in Resources */,
				AA2451FB1DB4AEA20096F81B /* facebook.PNG in Resources */,
				AAD82C731DB46684007D3EF9 /* Assets.xcassets in Resources */,
				AAD82C711DB46684007D3EF9 /* Main.storyboard in Resources */,
			);
			runOnlyForDeploymentPostprocessing = 0;
		};
/* End PBXResourcesBuildPhase section */

/* Begin PBXSourcesBuildPhase section */
		AAD82C5F1DB46683007D3EF9 /* Sources */ = {
			isa = PBXSourcesBuildPhase;
			buildActionMask = 2147483647;
			files = (
				AA2451F91DB4ADFE0096F81B /* LoginViewController.m in Sources */,
				AA2451F61DB494C90096F81B /* MyViewController.m in Sources */,
				AAD82C6B1DB46684007D3EF9 /* AppDelegate.m in Sources */,
				AAD82C681DB46684007D3EF9 /* main.m in Sources */,
			);
			runOnlyForDeploymentPostprocessing = 0;
		};
/* End PBXSourcesBuildPhase section */

/* Begin PBXVariantGroup section */
		AAD82C6F1DB46684007D3EF9 /* Main.storyboard */ = {
			isa = PBXVariantGroup;
			children = (
				AAD82C701DB46684007D3EF9 /* Base */,
			);
			name = Main.storyboard;
			sourceTree = "<group>";
		};
		AAD82C741DB46684007D3EF9 /* LaunchScreen.storyboard */ = {
			isa = PBXVariantGroup;
			children = (
				AAD82C751DB46684007D3EF9 /* Base */,
			);
			name = LaunchScreen.storyboard;
			sourceTree = "<group>";
		};
/* End PBXVariantGroup section */

/* Begin XCBuildConfiguration section */
		AAD82C781DB46684007D3EF9 /* Debug */ = {
			isa = XCBuildConfiguration;
			buildSettings = {
				ALWAYS_SEARCH_USER_PATHS = NO;
				CLANG_ANALYZER_NONNULL = YES;
				CLANG_CXX_LANGUAGE_STANDARD = "gnu++0x";
				CLANG_CXX_LIBRARY = "libc++";
				CLANG_ENABLE_MODULES = YES;
				CLANG_ENABLE_OBJC_ARC = YES;
				CLANG_WARN_BOOL_CONVERSION = YES;
				CLANG_WARN_CONSTANT_CONVERSION = YES;
				CLANG_WARN_DIRECT_OBJC_ISA_USAGE = YES_ERROR;
				CLANG_WARN_DOCUMENTATION_COMMENTS = YES;
				CLANG_WARN_EMPTY_BODY = YES;
				CLANG_WARN_ENUM_CONVERSION = YES;
				CLANG_WARN_INFINITE_RECURSION = YES;
				CLANG_WARN_INT_CONVERSION = YES;
				CLANG_WARN_OBJC_ROOT_CLASS = YES_ERROR;
				CLANG_WARN_SUSPICIOUS_MOVES = YES;
				CLANG_WARN_UNREACHABLE_CODE = YES;
				CLANG_WARN__DUPLICATE_METHOD_MATCH = YES;
				"CODE_SIGN_IDENTITY[sdk=iphoneos*]" = "iPhone Developer";
				COPY_PHASE_STRIP = NO;
				DEBUG_INFORMATION_FORMAT = dwarf;
				ENABLE_STRICT_OBJC_MSGSEND = YES;
				ENABLE_TESTABILITY = YES;
				GCC_C_LANGUAGE_STANDARD = gnu99;
				GCC_DYNAMIC_NO_PIC = NO;
				GCC_NO_COMMON_BLOCKS = YES;
				GCC_OPTIMIZATION_LEVEL = 0;
				GCC_PREPROCESSOR_DEFINITIONS = (
					"DEBUG=1",
					"$(inherited)",
				);
				GCC_WARN_64_TO_32_BIT_CONVERSION = YES;
				GCC_WARN_ABOUT_RETURN_TYPE = YES_ERROR;
				GCC_WARN_UNDECLARED_SELECTOR = YES;
				GCC_WARN_UNINITIALIZED_AUTOS = YES_AGGRESSIVE;
				GCC_WARN_UNUSED_FUNCTION = YES;
				GCC_WARN_UNUSED_VARIABLE = YES;
				IPHONEOS_DEPLOYMENT_TARGET = 10.0;
				MTL_ENABLE_DEBUG_INFO = YES;
				ONLY_ACTIVE_ARCH = YES;
				SDKROOT = iphoneos;
			};
			name = Debug;
		};
		AAD82C791DB46684007D3EF9 /* Release */ = {
			isa = XCBuildConfiguration;
			buildSettings = {
				ALWAYS_SEARCH_USER_PATHS = NO;
				CLANG_ANALYZER_NONNULL = YES;
				CLANG_CXX_LANGUAGE_STANDARD = "gnu++0x";
				CLANG_CXX_LIBRARY = "libc++";
				CLANG_ENABLE_MODULES = YES;
				CLANG_ENABLE_OBJC_ARC = YES;
				CLANG_WARN_BOOL_CONVERSION = YES;
				CLANG_WARN_CONSTANT_CONVERSION = YES;
				CLANG_WARN_DIRECT_OBJC_ISA_USAGE = YES_ERROR;
				CLANG_WARN_DOCUMENTATION_COMMENTS = YES;
				CLANG_WARN_EMPTY_BODY = YES;
				CLANG_WARN_ENUM_CONVERSION = YES;
				CLANG_WARN_INFINITE_RECURSION = YES;
				CLANG_WARN_INT_CONVERSION = YES;
				CLANG_WARN_OBJC_ROOT_CLASS = YES_ERROR;
				CLANG_WARN_SUSPICIOUS_MOVES = YES;
				CLANG_WARN_UNREACHABLE_CODE = YES;
				CLANG_WARN__DUPLICATE_METHOD_MATCH = YES;
				"CODE_SIGN_IDENTITY[sdk=iphoneos*]" = "iPhone Developer";
				COPY_PHASE_STRIP = NO;
				DEBUG_INFORMATION_FORMAT = "dwarf-with-dsym";
				ENABLE_NS_ASSERTIONS = NO;
				ENABLE_STRICT_OBJC_MSGSEND = YES;
				GCC_C_LANGUAGE_STANDARD = gnu99;
				GCC_NO_COMMON_BLOCKS = YES;
				GCC_WARN_64_TO_32_BIT_CONVERSION = YES;
				GCC_WARN_ABOUT_RETURN_TYPE = YES_ERROR;
				GCC_WARN_UNDECLARED_SELECTOR = YES;
				GCC_WARN_UNINITIALIZED_AUTOS = YES_AGGRESSIVE;
				GCC_WARN_UNUSED_FUNCTION = YES;
				GCC_WARN_UNUSED_VARIABLE = YES;
				IPHONEOS_DEPLOYMENT_TARGET = 10.0;
				MTL_ENABLE_DEBUG_INFO = NO;
				SDKROOT = iphoneos;
				VALIDATE_PRODUCT = YES;
			};
			name = Release;
		};
		AAD82C7B1DB46684007D3EF9 /* Debug */ = {
			isa = XCBuildConfiguration;
			buildSettings = {
				ASSETCATALOG_COMPILER_APPICON_NAME = AppIcon;
				INFOPLIST_FILE = "[1017]FirstStoryBoardExample/Info.plist";
				LD_RUNPATH_SEARCH_PATHS = "$(inherited) @executable_path/Frameworks";
				PRODUCT_BUNDLE_IDENTIFIER = "com.celeste.-1017-FirstStoryBoardExample";
				PRODUCT_NAME = "$(TARGET_NAME)";
			};
			name = Debug;
		};
		AAD82C7C1DB46684007D3EF9 /* Release */ = {
			isa = XCBuildConfiguration;
			buildSettings = {
				ASSETCATALOG_COMPILER_APPICON_NAME = AppIcon;
				INFOPLIST_FILE = "[1017]FirstStoryBoardExample/Info.plist";
				LD_RUNPATH_SEARCH_PATHS = "$(inherited) @executable_path/Frameworks";
				PRODUCT_BUNDLE_IDENTIFIER = "com.celeste.-1017-FirstStoryBoardExample";
				PRODUCT_NAME = "$(TARGET_NAME)";
			};
			name = Release;
		};
/* End XCBuildConfiguration section */

/* Begin XCConfigurationList section */
		AAD82C5E1DB46683007D3EF9 /* Build configuration list for PBXProject "[1017]FirstStoryBoardExample" */ = {
			isa = XCConfigurationList;
			buildConfigurations = (
				AAD82C781DB46684007D3EF9 /* Debug */,
				AAD82C791DB46684007D3EF9 /* Release */,
			);
			defaultConfigurationIsVisible = 0;
			defaultConfigurationName = Release;
		};
		AAD82C7A1DB46684007D3EF9 /* Build configuration list for PBXNativeTarget "[1017]FirstStoryBoardExample" */ = {
			isa = XCConfigurationList;
			buildConfigurations = (
				AAD82C7B1DB46684007D3EF9 /* Debug */,
				AAD82C7C1DB46684007D3EF9 /* Release */,
			);
			defaultConfigurationIsVisible = 0;
			defaultConfigurationName = Release;
		};
/* End XCConfigurationList section */
	};
	rootObject = AAD82C5B1DB46683007D3EF9 /* Project object */;
}
