// !$*UTF8*$!
{
	archiveVersion = 1;
	classes = {
	};
	objectVersion = 46;
	objects = {

/* Begin PBXBuildFile section */
		AA4C7B941D9E288A00A86AC3 /* main.m in Sources */ = {isa = PBXBuildFile; fileRef = AA4C7B931D9E288A00A86AC3 /* main.m */; };
		AA4C7B971D9E288A00A86AC3 /* AppDelegate.m in Sources */ = {isa = PBXBuildFile; fileRef = AA4C7B961D9E288A00A86AC3 /* AppDelegate.m */; };
		AA4C7B9A1D9E288A00A86AC3 /* ViewController.m in Sources */ = {isa = PBXBuildFile; fileRef = AA4C7B991D9E288A00A86AC3 /* ViewController.m */; };
		AA4C7B9D1D9E288B00A86AC3 /* Main.storyboard in Resources */ = {isa = PBXBuildFile; fileRef = AA4C7B9B1D9E288B00A86AC3 /* Main.storyboard */; };
		AA4C7B9F1D9E288B00A86AC3 /* Assets.xcassets in Resources */ = {isa = PBXBuildFile; fileRef = AA4C7B9E1D9E288B00A86AC3 /* Assets.xcassets */; };
		AA4C7BA21D9E288B00A86AC3 /* LaunchScreen.storyboard in Resources */ = {isa = PBXBuildFile; fileRef = AA4C7BA01D9E288B00A86AC3 /* LaunchScreen.storyboard */; };
/* End PBXBuildFile section */

/* Begin PBXFileReference section */
		AA4C7B8F1D9E288A00A86AC3 /* [0930]SlotMachine.app */ = {isa = PBXFileReference; explicitFileType = wrapper.application; includeInIndex = 0; path = "[0930]SlotMachine.app"; sourceTree = BUILT_PRODUCTS_DIR; };
		AA4C7B931D9E288A00A86AC3 /* main.m */ = {isa = PBXFileReference; lastKnownFileType = sourcecode.c.objc; path = main.m; sourceTree = "<group>"; };
		AA4C7B951D9E288A00A86AC3 /* AppDelegate.h */ = {isa = PBXFileReference; lastKnownFileType = sourcecode.c.h; path = AppDelegate.h; sourceTree = "<group>"; };
		AA4C7B961D9E288A00A86AC3 /* AppDelegate.m */ = {isa = PBXFileReference; lastKnownFileType = sourcecode.c.objc; path = AppDelegate.m; sourceTree = "<group>"; };
		AA4C7B981D9E288A00A86AC3 /* ViewController.h */ = {isa = PBXFileReference; lastKnownFileType = sourcecode.c.h; path = ViewController.h; sourceTree = "<group>"; };
		AA4C7B991D9E288A00A86AC3 /* ViewController.m */ = {isa = PBXFileReference; lastKnownFileType = sourcecode.c.objc; path = ViewController.m; sourceTree = "<group>"; };
		AA4C7B9C1D9E288B00A86AC3 /* Base */ = {isa = PBXFileReference; lastKnownFileType = file.storyboard; name = Base; path = Base.lproj/Main.storyboard; sourceTree = "<group>"; };
		AA4C7B9E1D9E288B00A86AC3 /* Assets.xcassets */ = {isa = PBXFileReference; lastKnownFileType = folder.assetcatalog; path = Assets.xcassets; sourceTree = "<group>"; };
		AA4C7BA11D9E288B00A86AC3 /* Base */ = {isa = PBXFileReference; lastKnownFileType = file.storyboard; name = Base; path = Base.lproj/LaunchScreen.storyboard; sourceTree = "<group>"; };
		AA4C7BA31D9E288B00A86AC3 /* Info.plist */ = {isa = PBXFileReference; lastKnownFileType = text.plist.xml; path = Info.plist; sourceTree = "<group>"; };
/* End PBXFileReference section */

/* Begin PBXFrameworksBuildPhase section */
		AA4C7B8C1D9E288A00A86AC3 /* Frameworks */ = {
			isa = PBXFrameworksBuildPhase;
			buildActionMask = 2147483647;
			files = (
			);
			runOnlyForDeploymentPostprocessing = 0;
		};
/* End PBXFrameworksBuildPhase section */

/* Begin PBXGroup section */
		AA4C7B861D9E288A00A86AC3 = {
			isa = PBXGroup;
			children = (
				AA4C7B911D9E288A00A86AC3 /* [0930]SlotMachine */,
				AA4C7B901D9E288A00A86AC3 /* Products */,
			);
			sourceTree = "<group>";
		};
		AA4C7B901D9E288A00A86AC3 /* Products */ = {
			isa = PBXGroup;
			children = (
				AA4C7B8F1D9E288A00A86AC3 /* [0930]SlotMachine.app */,
			);
			name = Products;
			sourceTree = "<group>";
		};
		AA4C7B911D9E288A00A86AC3 /* [0930]SlotMachine */ = {
			isa = PBXGroup;
			children = (
				AA4C7B951D9E288A00A86AC3 /* AppDelegate.h */,
				AA4C7B961D9E288A00A86AC3 /* AppDelegate.m */,
				AA4C7B981D9E288A00A86AC3 /* ViewController.h */,
				AA4C7B991D9E288A00A86AC3 /* ViewController.m */,
				AA4C7B9B1D9E288B00A86AC3 /* Main.storyboard */,
				AA4C7B9E1D9E288B00A86AC3 /* Assets.xcassets */,
				AA4C7BA01D9E288B00A86AC3 /* LaunchScreen.storyboard */,
				AA4C7BA31D9E288B00A86AC3 /* Info.plist */,
				AA4C7B921D9E288A00A86AC3 /* Supporting Files */,
			);
			path = "[0930]SlotMachine";
			sourceTree = "<group>";
		};
		AA4C7B921D9E288A00A86AC3 /* Supporting Files */ = {
			isa = PBXGroup;
			children = (
				AA4C7B931D9E288A00A86AC3 /* main.m */,
			);
			name = "Supporting Files";
			sourceTree = "<group>";
		};
/* End PBXGroup section */

/* Begin PBXNativeTarget section */
		AA4C7B8E1D9E288A00A86AC3 /* [0930]SlotMachine */ = {
			isa = PBXNativeTarget;
			buildConfigurationList = AA4C7BA61D9E288B00A86AC3 /* Build configuration list for PBXNativeTarget "[0930]SlotMachine" */;
			buildPhases = (
				AA4C7B8B1D9E288A00A86AC3 /* Sources */,
				AA4C7B8C1D9E288A00A86AC3 /* Frameworks */,
				AA4C7B8D1D9E288A00A86AC3 /* Resources */,
			);
			buildRules = (
			);
			dependencies = (
			);
			name = "[0930]SlotMachine";
			productName = "[0930]SlotMachine";
			productReference = AA4C7B8F1D9E288A00A86AC3 /* [0930]SlotMachine.app */;
			productType = "com.apple.product-type.application";
		};
/* End PBXNativeTarget section */

/* Begin PBXProject section */
		AA4C7B871D9E288A00A86AC3 /* Project object */ = {
			isa = PBXProject;
			attributes = {
				LastUpgradeCheck = 0800;
				ORGANIZATIONNAME = iosSchool;
				TargetAttributes = {
					AA4C7B8E1D9E288A00A86AC3 = {
						CreatedOnToolsVersion = 8.0;
						ProvisioningStyle = Automatic;
					};
				};
			};
			buildConfigurationList = AA4C7B8A1D9E288A00A86AC3 /* Build configuration list for PBXProject "[0930]SlotMachine" */;
			compatibilityVersion = "Xcode 3.2";
			developmentRegion = English;
			hasScannedForEncodings = 0;
			knownRegions = (
				en,
				Base,
			);
			mainGroup = AA4C7B861D9E288A00A86AC3;
			productRefGroup = AA4C7B901D9E288A00A86AC3 /* Products */;
			projectDirPath = "";
			projectRoot = "";
			targets = (
				AA4C7B8E1D9E288A00A86AC3 /* [0930]SlotMachine */,
			);
		};
/* End PBXProject section */

/* Begin PBXResourcesBuildPhase section */
		AA4C7B8D1D9E288A00A86AC3 /* Resources */ = {
			isa = PBXResourcesBuildPhase;
			buildActionMask = 2147483647;
			files = (
				AA4C7BA21D9E288B00A86AC3 /* LaunchScreen.storyboard in Resources */,
				AA4C7B9F1D9E288B00A86AC3 /* Assets.xcassets in Resources */,
				AA4C7B9D1D9E288B00A86AC3 /* Main.storyboard in Resources */,
			);
			runOnlyForDeploymentPostprocessing = 0;
		};
/* End PBXResourcesBuildPhase section */

/* Begin PBXSourcesBuildPhase section */
		AA4C7B8B1D9E288A00A86AC3 /* Sources */ = {
			isa = PBXSourcesBuildPhase;
			buildActionMask = 2147483647;
			files = (
				AA4C7B9A1D9E288A00A86AC3 /* ViewController.m in Sources */,
				AA4C7B971D9E288A00A86AC3 /* AppDelegate.m in Sources */,
				AA4C7B941D9E288A00A86AC3 /* main.m in Sources */,
			);
			runOnlyForDeploymentPostprocessing = 0;
		};
/* End PBXSourcesBuildPhase section */

/* Begin PBXVariantGroup section */
		AA4C7B9B1D9E288B00A86AC3 /* Main.storyboard */ = {
			isa = PBXVariantGroup;
			children = (
				AA4C7B9C1D9E288B00A86AC3 /* Base */,
			);
			name = Main.storyboard;
			sourceTree = "<group>";
		};
		AA4C7BA01D9E288B00A86AC3 /* LaunchScreen.storyboard */ = {
			isa = PBXVariantGroup;
			children = (
				AA4C7BA11D9E288B00A86AC3 /* Base */,
			);
			name = LaunchScreen.storyboard;
			sourceTree = "<group>";
		};
/* End PBXVariantGroup section */

/* Begin XCBuildConfiguration section */
		AA4C7BA41D9E288B00A86AC3 /* Debug */ = {
			isa = XCBuildConfiguration;
			buildSettings = {
				ALWAYS_SEARCH_USER_PATHS = NO;
				CLANG_ANALYZER_NONNULL = YES;
				CLANG_CXX_LANGUAGE_STANDARD = "gnu++0x";
				CLANG_CXX_LIBRARY = "libc++";
				CLANG_ENABLE_MODULES = YES;
				CLANG_ENABLE_OBJC_ARC = YES;
				CLANG_WARN_BOOL_CONVERSION = YES;
				CLANG_WARN_CONSTANT_CONVERSION = YES;
				CLANG_WARN_DIRECT_OBJC_ISA_USAGE = YES_ERROR;
				CLANG_WARN_DOCUMENTATION_COMMENTS = YES;
				CLANG_WARN_EMPTY_BODY = YES;
				CLANG_WARN_ENUM_CONVERSION = YES;
				CLANG_WARN_INFINITE_RECURSION = YES;
				CLANG_WARN_INT_CONVERSION = YES;
				CLANG_WARN_OBJC_ROOT_CLASS = YES_ERROR;
				CLANG_WARN_SUSPICIOUS_MOVES = YES;
				CLANG_WARN_UNREACHABLE_CODE = YES;
				CLANG_WARN__DUPLICATE_METHOD_MATCH = YES;
				"CODE_SIGN_IDENTITY[sdk=iphoneos*]" = "iPhone Developer";
				COPY_PHASE_STRIP = NO;
				DEBUG_INFORMATION_FORMAT = dwarf;
				ENABLE_STRICT_OBJC_MSGSEND = YES;
				ENABLE_TESTABILITY = YES;
				GCC_C_LANGUAGE_STANDARD = gnu99;
				GCC_DYNAMIC_NO_PIC = NO;
				GCC_NO_COMMON_BLOCKS = YES;
				GCC_OPTIMIZATION_LEVEL = 0;
				GCC_PREPROCESSOR_DEFINITIONS = (
					"DEBUG=1",
					"$(inherited)",
				);
				GCC_WARN_64_TO_32_BIT_CONVERSION = YES;
				GCC_WARN_ABOUT_RETURN_TYPE = YES_ERROR;
				GCC_WARN_UNDECLARED_SELECTOR = YES;
				GCC_WARN_UNINITIALIZED_AUTOS = YES_AGGRESSIVE;
				GCC_WARN_UNUSED_FUNCTION = YES;
				GCC_WARN_UNUSED_VARIABLE = YES;
				IPHONEOS_DEPLOYMENT_TARGET = 10.0;
				MTL_ENABLE_DEBUG_INFO = YES;
				ONLY_ACTIVE_ARCH = YES;
				SDKROOT = iphoneos;
			};
			name = Debug;
		};
		AA4C7BA51D9E288B00A86AC3 /* Release */ = {
			isa = XCBuildConfiguration;
			buildSettings = {
				ALWAYS_SEARCH_USER_PATHS = NO;
				CLANG_ANALYZER_NONNULL = YES;
				CLANG_CXX_LANGUAGE_STANDARD = "gnu++0x";
				CLANG_CXX_LIBRARY = "libc++";
				CLANG_ENABLE_MODULES = YES;
				CLANG_ENABLE_OBJC_ARC = YES;
				CLANG_WARN_BOOL_CONVERSION = YES;
				CLANG_WARN_CONSTANT_CONVERSION = YES;
				CLANG_WARN_DIRECT_OBJC_ISA_USAGE = YES_ERROR;
				CLANG_WARN_DOCUMENTATION_COMMENTS = YES;
				CLANG_WARN_EMPTY_BODY = YES;
				CLANG_WARN_ENUM_CONVERSION = YES;
				CLANG_WARN_INFINITE_RECURSION = YES;
				CLANG_WARN_INT_CONVERSION = YES;
				CLANG_WARN_OBJC_ROOT_CLASS = YES_ERROR;
				CLANG_WARN_SUSPICIOUS_MOVES = YES;
				CLANG_WARN_UNREACHABLE_CODE = YES;
				CLANG_WARN__DUPLICATE_METHOD_MATCH = YES;
				"CODE_SIGN_IDENTITY[sdk=iphoneos*]" = "iPhone Developer";
				COPY_PHASE_STRIP = NO;
				DEBUG_INFORMATION_FORMAT = "dwarf-with-dsym";
				ENABLE_NS_ASSERTIONS = NO;
				ENABLE_STRICT_OBJC_MSGSEND = YES;
				GCC_C_LANGUAGE_STANDARD = gnu99;
				GCC_NO_COMMON_BLOCKS = YES;
				GCC_WARN_64_TO_32_BIT_CONVERSION = YES;
				GCC_WARN_ABOUT_RETURN_TYPE = YES_ERROR;
				GCC_WARN_UNDECLARED_SELECTOR = YES;
				GCC_WARN_UNINITIALIZED_AUTOS = YES_AGGRESSIVE;
				GCC_WARN_UNUSED_FUNCTION = YES;
				GCC_WARN_UNUSED_VARIABLE = YES;
				IPHONEOS_DEPLOYMENT_TARGET = 10.0;
				MTL_ENABLE_DEBUG_INFO = NO;
				SDKROOT = iphoneos;
				VALIDATE_PRODUCT = YES;
			};
			name = Release;
		};
		AA4C7BA71D9E288B00A86AC3 /* Debug */ = {
			isa = XCBuildConfiguration;
			buildSettings = {
				ASSETCATALOG_COMPILER_APPICON_NAME = AppIcon;
				INFOPLIST_FILE = "[0930]SlotMachine/Info.plist";
				LD_RUNPATH_SEARCH_PATHS = "$(inherited) @executable_path/Frameworks";
				PRODUCT_BUNDLE_IDENTIFIER = "com.celeste.-0930-SlotMachine";
				PRODUCT_NAME = "$(TARGET_NAME)";
			};
			name = Debug;
		};
		AA4C7BA81D9E288B00A86AC3 /* Release */ = {
			isa = XCBuildConfiguration;
			buildSettings = {
				ASSETCATALOG_COMPILER_APPICON_NAME = AppIcon;
				INFOPLIST_FILE = "[0930]SlotMachine/Info.plist";
				LD_RUNPATH_SEARCH_PATHS = "$(inherited) @executable_path/Frameworks";
				PRODUCT_BUNDLE_IDENTIFIER = "com.celeste.-0930-SlotMachine";
				PRODUCT_NAME = "$(TARGET_NAME)";
			};
			name = Release;
		};
/* End XCBuildConfiguration section */

/* Begin XCConfigurationList section */
		AA4C7B8A1D9E288A00A86AC3 /* Build configuration list for PBXProject "[0930]SlotMachine" */ = {
			isa = XCConfigurationList;
			buildConfigurations = (
				AA4C7BA41D9E288B00A86AC3 /* Debug */,
				AA4C7BA51D9E288B00A86AC3 /* Release */,
			);
			defaultConfigurationIsVisible = 0;
			defaultConfigurationName = Release;
		};
		AA4C7BA61D9E288B00A86AC3 /* Build configuration list for PBXNativeTarget "[0930]SlotMachine" */ = {
			isa = XCConfigurationList;
			buildConfigurations = (
				AA4C7BA71D9E288B00A86AC3 /* Debug */,
				AA4C7BA81D9E288B00A86AC3 /* Release */,
			);
			defaultConfigurationIsVisible = 0;
		};
/* End XCConfigurationList section */
	};
	rootObject = AA4C7B871D9E288A00A86AC3 /* Project object */;
}
