// !$*UTF8*$!
{
	archiveVersion = 1;
	classes = {
	};
	objectVersion = 46;
	objects = {

/* Begin PBXBuildFile section */
		AA5BD6401DACB9A70091B4DA /* main.m in Sources */ = {isa = PBXBuildFile; fileRef = AA5BD63F1DACB9A70091B4DA /* main.m */; };
		AA5BD6431DACB9A70091B4DA /* AppDelegate.m in Sources */ = {isa = PBXBuildFile; fileRef = AA5BD6421DACB9A70091B4DA /* AppDelegate.m */; };
		AA5BD6461DACB9A70091B4DA /* ViewController.m in Sources */ = {isa = PBXBuildFile; fileRef = AA5BD6451DACB9A70091B4DA /* ViewController.m */; };
		AA5BD6491DACB9A70091B4DA /* Main.storyboard in Resources */ = {isa = PBXBuildFile; fileRef = AA5BD6471DACB9A70091B4DA /* Main.storyboard */; };
		AA5BD64B1DACB9A70091B4DA /* Assets.xcassets in Resources */ = {isa = PBXBuildFile; fileRef = AA5BD64A1DACB9A70091B4DA /* Assets.xcassets */; };
		AA5BD64E1DACB9A70091B4DA /* LaunchScreen.storyboard in Resources */ = {isa = PBXBuildFile; fileRef = AA5BD64C1DACB9A70091B4DA /* LaunchScreen.storyboard */; };
/* End PBXBuildFile section */

/* Begin PBXFileReference section */
		AA5BD63B1DACB9A70091B4DA /* [1011]TextFiledExample.app */ = {isa = PBXFileReference; explicitFileType = wrapper.application; includeInIndex = 0; path = "[1011]TextFiledExample.app"; sourceTree = BUILT_PRODUCTS_DIR; };
		AA5BD63F1DACB9A70091B4DA /* main.m */ = {isa = PBXFileReference; lastKnownFileType = sourcecode.c.objc; path = main.m; sourceTree = "<group>"; };
		AA5BD6411DACB9A70091B4DA /* AppDelegate.h */ = {isa = PBXFileReference; lastKnownFileType = sourcecode.c.h; path = AppDelegate.h; sourceTree = "<group>"; };
		AA5BD6421DACB9A70091B4DA /* AppDelegate.m */ = {isa = PBXFileReference; lastKnownFileType = sourcecode.c.objc; path = AppDelegate.m; sourceTree = "<group>"; };
		AA5BD6441DACB9A70091B4DA /* ViewController.h */ = {isa = PBXFileReference; lastKnownFileType = sourcecode.c.h; path = ViewController.h; sourceTree = "<group>"; };
		AA5BD6451DACB9A70091B4DA /* ViewController.m */ = {isa = PBXFileReference; lastKnownFileType = sourcecode.c.objc; path = ViewController.m; sourceTree = "<group>"; };
		AA5BD6481DACB9A70091B4DA /* Base */ = {isa = PBXFileReference; lastKnownFileType = file.storyboard; name = Base; path = Base.lproj/Main.storyboard; sourceTree = "<group>"; };
		AA5BD64A1DACB9A70091B4DA /* Assets.xcassets */ = {isa = PBXFileReference; lastKnownFileType = folder.assetcatalog; path = Assets.xcassets; sourceTree = "<group>"; };
		AA5BD64D1DACB9A70091B4DA /* Base */ = {isa = PBXFileReference; lastKnownFileType = file.storyboard; name = Base; path = Base.lproj/LaunchScreen.storyboard; sourceTree = "<group>"; };
		AA5BD64F1DACB9A70091B4DA /* Info.plist */ = {isa = PBXFileReference; lastKnownFileType = text.plist.xml; path = Info.plist; sourceTree = "<group>"; };
/* End PBXFileReference section */

/* Begin PBXFrameworksBuildPhase section */
		AA5BD6381DACB9A60091B4DA /* Frameworks */ = {
			isa = PBXFrameworksBuildPhase;
			buildActionMask = 2147483647;
			files = (
			);
			runOnlyForDeploymentPostprocessing = 0;
		};
/* End PBXFrameworksBuildPhase section */

/* Begin PBXGroup section */
		AA5BD6321DACB9A60091B4DA = {
			isa = PBXGroup;
			children = (
				AA5BD63D1DACB9A70091B4DA /* [1011]TextFiledExample */,
				AA5BD63C1DACB9A70091B4DA /* Products */,
			);
			sourceTree = "<group>";
		};
		AA5BD63C1DACB9A70091B4DA /* Products */ = {
			isa = PBXGroup;
			children = (
				AA5BD63B1DACB9A70091B4DA /* [1011]TextFiledExample.app */,
			);
			name = Products;
			sourceTree = "<group>";
		};
		AA5BD63D1DACB9A70091B4DA /* [1011]TextFiledExample */ = {
			isa = PBXGroup;
			children = (
				AA5BD6411DACB9A70091B4DA /* AppDelegate.h */,
				AA5BD6421DACB9A70091B4DA /* AppDelegate.m */,
				AA5BD6441DACB9A70091B4DA /* ViewController.h */,
				AA5BD6451DACB9A70091B4DA /* ViewController.m */,
				AA5BD6471DACB9A70091B4DA /* Main.storyboard */,
				AA5BD64A1DACB9A70091B4DA /* Assets.xcassets */,
				AA5BD64C1DACB9A70091B4DA /* LaunchScreen.storyboard */,
				AA5BD64F1DACB9A70091B4DA /* Info.plist */,
				AA5BD63E1DACB9A70091B4DA /* Supporting Files */,
			);
			path = "[1011]TextFiledExample";
			sourceTree = "<group>";
		};
		AA5BD63E1DACB9A70091B4DA /* Supporting Files */ = {
			isa = PBXGroup;
			children = (
				AA5BD63F1DACB9A70091B4DA /* main.m */,
			);
			name = "Supporting Files";
			sourceTree = "<group>";
		};
/* End PBXGroup section */

/* Begin PBXNativeTarget section */
		AA5BD63A1DACB9A60091B4DA /* [1011]TextFiledExample */ = {
			isa = PBXNativeTarget;
			buildConfigurationList = AA5BD6521DACB9A70091B4DA /* Build configuration list for PBXNativeTarget "[1011]TextFiledExample" */;
			buildPhases = (
				AA5BD6371DACB9A60091B4DA /* Sources */,
				AA5BD6381DACB9A60091B4DA /* Frameworks */,
				AA5BD6391DACB9A60091B4DA /* Resources */,
			);
			buildRules = (
			);
			dependencies = (
			);
			name = "[1011]TextFiledExample";
			productName = "[1011]TextFiledExample";
			productReference = AA5BD63B1DACB9A70091B4DA /* [1011]TextFiledExample.app */;
			productType = "com.apple.product-type.application";
		};
/* End PBXNativeTarget section */

/* Begin PBXProject section */
		AA5BD6331DACB9A60091B4DA /* Project object */ = {
			isa = PBXProject;
			attributes = {
				LastUpgradeCheck = 0800;
				ORGANIZATIONNAME = iosSchool;
				TargetAttributes = {
					AA5BD63A1DACB9A60091B4DA = {
						CreatedOnToolsVersion = 8.0;
						ProvisioningStyle = Automatic;
					};
				};
			};
			buildConfigurationList = AA5BD6361DACB9A60091B4DA /* Build configuration list for PBXProject "[1011]TextFiledExample" */;
			compatibilityVersion = "Xcode 3.2";
			developmentRegion = English;
			hasScannedForEncodings = 0;
			knownRegions = (
				en,
				Base,
			);
			mainGroup = AA5BD6321DACB9A60091B4DA;
			productRefGroup = AA5BD63C1DACB9A70091B4DA /* Products */;
			projectDirPath = "";
			projectRoot = "";
			targets = (
				AA5BD63A1DACB9A60091B4DA /* [1011]TextFiledExample */,
			);
		};
/* End PBXProject section */

/* Begin PBXResourcesBuildPhase section */
		AA5BD6391DACB9A60091B4DA /* Resources */ = {
			isa = PBXResourcesBuildPhase;
			buildActionMask = 2147483647;
			files = (
				AA5BD64E1DACB9A70091B4DA /* LaunchScreen.storyboard in Resources */,
				AA5BD64B1DACB9A70091B4DA /* Assets.xcassets in Resources */,
				AA5BD6491DACB9A70091B4DA /* Main.storyboard in Resources */,
			);
			runOnlyForDeploymentPostprocessing = 0;
		};
/* End PBXResourcesBuildPhase section */

/* Begin PBXSourcesBuildPhase section */
		AA5BD6371DACB9A60091B4DA /* Sources */ = {
			isa = PBXSourcesBuildPhase;
			buildActionMask = 2147483647;
			files = (
				AA5BD6461DACB9A70091B4DA /* ViewController.m in Sources */,
				AA5BD6431DACB9A70091B4DA /* AppDelegate.m in Sources */,
				AA5BD6401DACB9A70091B4DA /* main.m in Sources */,
			);
			runOnlyForDeploymentPostprocessing = 0;
		};
/* End PBXSourcesBuildPhase section */

/* Begin PBXVariantGroup section */
		AA5BD6471DACB9A70091B4DA /* Main.storyboard */ = {
			isa = PBXVariantGroup;
			children = (
				AA5BD6481DACB9A70091B4DA /* Base */,
			);
			name = Main.storyboard;
			sourceTree = "<group>";
		};
		AA5BD64C1DACB9A70091B4DA /* LaunchScreen.storyboard */ = {
			isa = PBXVariantGroup;
			children = (
				AA5BD64D1DACB9A70091B4DA /* Base */,
			);
			name = LaunchScreen.storyboard;
			sourceTree = "<group>";
		};
/* End PBXVariantGroup section */

/* Begin XCBuildConfiguration section */
		AA5BD6501DACB9A70091B4DA /* Debug */ = {
			isa = XCBuildConfiguration;
			buildSettings = {
				ALWAYS_SEARCH_USER_PATHS = NO;
				CLANG_ANALYZER_NONNULL = YES;
				CLANG_CXX_LANGUAGE_STANDARD = "gnu++0x";
				CLANG_CXX_LIBRARY = "libc++";
				CLANG_ENABLE_MODULES = YES;
				CLANG_ENABLE_OBJC_ARC = YES;
				CLANG_WARN_BOOL_CONVERSION = YES;
				CLANG_WARN_CONSTANT_CONVERSION = YES;
				CLANG_WARN_DIRECT_OBJC_ISA_USAGE = YES_ERROR;
				CLANG_WARN_DOCUMENTATION_COMMENTS = YES;
				CLANG_WARN_EMPTY_BODY = YES;
				CLANG_WARN_ENUM_CONVERSION = YES;
				CLANG_WARN_INFINITE_RECURSION = YES;
				CLANG_WARN_INT_CONVERSION = YES;
				CLANG_WARN_OBJC_ROOT_CLASS = YES_ERROR;
				CLANG_WARN_SUSPICIOUS_MOVES = YES;
				CLANG_WARN_UNREACHABLE_CODE = YES;
				CLANG_WARN__DUPLICATE_METHOD_MATCH = YES;
				"CODE_SIGN_IDENTITY[sdk=iphoneos*]" = "iPhone Developer";
				COPY_PHASE_STRIP = NO;
				DEBUG_INFORMATION_FORMAT = dwarf;
				ENABLE_STRICT_OBJC_MSGSEND = YES;
				ENABLE_TESTABILITY = YES;
				GCC_C_LANGUAGE_STANDARD = gnu99;
				GCC_DYNAMIC_NO_PIC = NO;
				GCC_NO_COMMON_BLOCKS = YES;
				GCC_OPTIMIZATION_LEVEL = 0;
				GCC_PREPROCESSOR_DEFINITIONS = (
					"DEBUG=1",
					"$(inherited)",
				);
				GCC_WARN_64_TO_32_BIT_CONVERSION = YES;
				GCC_WARN_ABOUT_RETURN_TYPE = YES_ERROR;
				GCC_WARN_UNDECLARED_SELECTOR = YES;
				GCC_WARN_UNINITIALIZED_AUTOS = YES_AGGRESSIVE;
				GCC_WARN_UNUSED_FUNCTION = YES;
				GCC_WARN_UNUSED_VARIABLE = YES;
				IPHONEOS_DEPLOYMENT_TARGET = 10.0;
				MTL_ENABLE_DEBUG_INFO = YES;
				ONLY_ACTIVE_ARCH = YES;
				SDKROOT = iphoneos;
			};
			name = Debug;
		};
		AA5BD6511DACB9A70091B4DA /* Release */ = {
			isa = XCBuildConfiguration;
			buildSettings = {
				ALWAYS_SEARCH_USER_PATHS = NO;
				CLANG_ANALYZER_NONNULL = YES;
				CLANG_CXX_LANGUAGE_STANDARD = "gnu++0x";
				CLANG_CXX_LIBRARY = "libc++";
				CLANG_ENABLE_MODULES = YES;
				CLANG_ENABLE_OBJC_ARC = YES;
				CLANG_WARN_BOOL_CONVERSION = YES;
				CLANG_WARN_CONSTANT_CONVERSION = YES;
				CLANG_WARN_DIRECT_OBJC_ISA_USAGE = YES_ERROR;
				CLANG_WARN_DOCUMENTATION_COMMENTS = YES;
				CLANG_WARN_EMPTY_BODY = YES;
				CLANG_WARN_ENUM_CONVERSION = YES;
				CLANG_WARN_INFINITE_RECURSION = YES;
				CLANG_WARN_INT_CONVERSION = YES;
				CLANG_WARN_OBJC_ROOT_CLASS = YES_ERROR;
				CLANG_WARN_SUSPICIOUS_MOVES = YES;
				CLANG_WARN_UNREACHABLE_CODE = YES;
				CLANG_WARN__DUPLICATE_METHOD_MATCH = YES;
				"CODE_SIGN_IDENTITY[sdk=iphoneos*]" = "iPhone Developer";
				COPY_PHASE_STRIP = NO;
				DEBUG_INFORMATION_FORMAT = "dwarf-with-dsym";
				ENABLE_NS_ASSERTIONS = NO;
				ENABLE_STRICT_OBJC_MSGSEND = YES;
				GCC_C_LANGUAGE_STANDARD = gnu99;
				GCC_NO_COMMON_BLOCKS = YES;
				GCC_WARN_64_TO_32_BIT_CONVERSION = YES;
				GCC_WARN_ABOUT_RETURN_TYPE = YES_ERROR;
				GCC_WARN_UNDECLARED_SELECTOR = YES;
				GCC_WARN_UNINITIALIZED_AUTOS = YES_AGGRESSIVE;
				GCC_WARN_UNUSED_FUNCTION = YES;
				GCC_WARN_UNUSED_VARIABLE = YES;
				IPHONEOS_DEPLOYMENT_TARGET = 10.0;
				MTL_ENABLE_DEBUG_INFO = NO;
				SDKROOT = iphoneos;
				VALIDATE_PRODUCT = YES;
			};
			name = Release;
		};
		AA5BD6531DACB9A70091B4DA /* Debug */ = {
			isa = XCBuildConfiguration;
			buildSettings = {
				ASSETCATALOG_COMPILER_APPICON_NAME = AppIcon;
				INFOPLIST_FILE = "[1011]TextFiledExample/Info.plist";
				LD_RUNPATH_SEARCH_PATHS = "$(inherited) @executable_path/Frameworks";
				PRODUCT_BUNDLE_IDENTIFIER = "com.celeste.-1011-TextFiledExample";
				PRODUCT_NAME = "$(TARGET_NAME)";
			};
			name = Debug;
		};
		AA5BD6541DACB9A70091B4DA /* Release */ = {
			isa = XCBuildConfiguration;
			buildSettings = {
				ASSETCATALOG_COMPILER_APPICON_NAME = AppIcon;
				INFOPLIST_FILE = "[1011]TextFiledExample/Info.plist";
				LD_RUNPATH_SEARCH_PATHS = "$(inherited) @executable_path/Frameworks";
				PRODUCT_BUNDLE_IDENTIFIER = "com.celeste.-1011-TextFiledExample";
				PRODUCT_NAME = "$(TARGET_NAME)";
			};
			name = Release;
		};
/* End XCBuildConfiguration section */

/* Begin XCConfigurationList section */
		AA5BD6361DACB9A60091B4DA /* Build configuration list for PBXProject "[1011]TextFiledExample" */ = {
			isa = XCConfigurationList;
			buildConfigurations = (
				AA5BD6501DACB9A70091B4DA /* Debug */,
				AA5BD6511DACB9A70091B4DA /* Release */,
			);
			defaultConfigurationIsVisible = 0;
			defaultConfigurationName = Release;
		};
		AA5BD6521DACB9A70091B4DA /* Build configuration list for PBXNativeTarget "[1011]TextFiledExample" */ = {
			isa = XCConfigurationList;
			buildConfigurations = (
				AA5BD6531DACB9A70091B4DA /* Debug */,
				AA5BD6541DACB9A70091B4DA /* Release */,
			);
			defaultConfigurationIsVisible = 0;
		};
/* End XCConfigurationList section */
	};
	rootObject = AA5BD6331DACB9A60091B4DA /* Project object */;
}
