// !$*UTF8*$!
{
	archiveVersion = 1;
	classes = {
	};
	objectVersion = 46;
	objects = {

/* Begin PBXBuildFile section */
		AA61534C1D9CDC2D00AF9B21 /* main.m in Sources */ = {isa = PBXBuildFile; fileRef = AA61534B1D9CDC2D00AF9B21 /* main.m */; };
		AA61534F1D9CDC2D00AF9B21 /* AppDelegate.m in Sources */ = {isa = PBXBuildFile; fileRef = AA61534E1D9CDC2D00AF9B21 /* AppDelegate.m */; };
		AA6153521D9CDC2D00AF9B21 /* ViewController.m in Sources */ = {isa = PBXBuildFile; fileRef = AA6153511D9CDC2D00AF9B21 /* ViewController.m */; };
		AA6153551D9CDC2D00AF9B21 /* Main.storyboard in Resources */ = {isa = PBXBuildFile; fileRef = AA6153531D9CDC2D00AF9B21 /* Main.storyboard */; };
		AA6153571D9CDC2D00AF9B21 /* Assets.xcassets in Resources */ = {isa = PBXBuildFile; fileRef = AA6153561D9CDC2D00AF9B21 /* Assets.xcassets */; };
		AA61535A1D9CDC2D00AF9B21 /* LaunchScreen.storyboard in Resources */ = {isa = PBXBuildFile; fileRef = AA6153581D9CDC2D00AF9B21 /* LaunchScreen.storyboard */; };
/* End PBXBuildFile section */

/* Begin PBXFileReference section */
		AA6153471D9CDC2D00AF9B21 /* [0929]UITest.app */ = {isa = PBXFileReference; explicitFileType = wrapper.application; includeInIndex = 0; path = "[0929]UITest.app"; sourceTree = BUILT_PRODUCTS_DIR; };
		AA61534B1D9CDC2D00AF9B21 /* main.m */ = {isa = PBXFileReference; lastKnownFileType = sourcecode.c.objc; path = main.m; sourceTree = "<group>"; };
		AA61534D1D9CDC2D00AF9B21 /* AppDelegate.h */ = {isa = PBXFileReference; lastKnownFileType = sourcecode.c.h; path = AppDelegate.h; sourceTree = "<group>"; };
		AA61534E1D9CDC2D00AF9B21 /* AppDelegate.m */ = {isa = PBXFileReference; lastKnownFileType = sourcecode.c.objc; path = AppDelegate.m; sourceTree = "<group>"; };
		AA6153501D9CDC2D00AF9B21 /* ViewController.h */ = {isa = PBXFileReference; lastKnownFileType = sourcecode.c.h; path = ViewController.h; sourceTree = "<group>"; };
		AA6153511D9CDC2D00AF9B21 /* ViewController.m */ = {isa = PBXFileReference; lastKnownFileType = sourcecode.c.objc; path = ViewController.m; sourceTree = "<group>"; };
		AA6153541D9CDC2D00AF9B21 /* Base */ = {isa = PBXFileReference; lastKnownFileType = file.storyboard; name = Base; path = Base.lproj/Main.storyboard; sourceTree = "<group>"; };
		AA6153561D9CDC2D00AF9B21 /* Assets.xcassets */ = {isa = PBXFileReference; lastKnownFileType = folder.assetcatalog; path = Assets.xcassets; sourceTree = "<group>"; };
		AA6153591D9CDC2D00AF9B21 /* Base */ = {isa = PBXFileReference; lastKnownFileType = file.storyboard; name = Base; path = Base.lproj/LaunchScreen.storyboard; sourceTree = "<group>"; };
		AA61535B1D9CDC2D00AF9B21 /* Info.plist */ = {isa = PBXFileReference; lastKnownFileType = text.plist.xml; path = Info.plist; sourceTree = "<group>"; };
/* End PBXFileReference section */

/* Begin PBXFrameworksBuildPhase section */
		AA6153441D9CDC2D00AF9B21 /* Frameworks */ = {
			isa = PBXFrameworksBuildPhase;
			buildActionMask = 2147483647;
			files = (
			);
			runOnlyForDeploymentPostprocessing = 0;
		};
/* End PBXFrameworksBuildPhase section */

/* Begin PBXGroup section */
		AA61533E1D9CDC2D00AF9B21 = {
			isa = PBXGroup;
			children = (
				AA6153491D9CDC2D00AF9B21 /* [0929]UITest */,
				AA6153481D9CDC2D00AF9B21 /* Products */,
			);
			sourceTree = "<group>";
		};
		AA6153481D9CDC2D00AF9B21 /* Products */ = {
			isa = PBXGroup;
			children = (
				AA6153471D9CDC2D00AF9B21 /* [0929]UITest.app */,
			);
			name = Products;
			sourceTree = "<group>";
		};
		AA6153491D9CDC2D00AF9B21 /* [0929]UITest */ = {
			isa = PBXGroup;
			children = (
				AA61534D1D9CDC2D00AF9B21 /* AppDelegate.h */,
				AA61534E1D9CDC2D00AF9B21 /* AppDelegate.m */,
				AA6153501D9CDC2D00AF9B21 /* ViewController.h */,
				AA6153511D9CDC2D00AF9B21 /* ViewController.m */,
				AA6153531D9CDC2D00AF9B21 /* Main.storyboard */,
				AA6153561D9CDC2D00AF9B21 /* Assets.xcassets */,
				AA6153581D9CDC2D00AF9B21 /* LaunchScreen.storyboard */,
				AA61535B1D9CDC2D00AF9B21 /* Info.plist */,
				AA61534A1D9CDC2D00AF9B21 /* Supporting Files */,
			);
			path = "[0929]UITest";
			sourceTree = "<group>";
		};
		AA61534A1D9CDC2D00AF9B21 /* Supporting Files */ = {
			isa = PBXGroup;
			children = (
				AA61534B1D9CDC2D00AF9B21 /* main.m */,
			);
			name = "Supporting Files";
			sourceTree = "<group>";
		};
/* End PBXGroup section */

/* Begin PBXNativeTarget section */
		AA6153461D9CDC2D00AF9B21 /* [0929]UITest */ = {
			isa = PBXNativeTarget;
			buildConfigurationList = AA61535E1D9CDC2D00AF9B21 /* Build configuration list for PBXNativeTarget "[0929]UITest" */;
			buildPhases = (
				AA6153431D9CDC2D00AF9B21 /* Sources */,
				AA6153441D9CDC2D00AF9B21 /* Frameworks */,
				AA6153451D9CDC2D00AF9B21 /* Resources */,
			);
			buildRules = (
			);
			dependencies = (
			);
			name = "[0929]UITest";
			productName = "[0929]UITest";
			productReference = AA6153471D9CDC2D00AF9B21 /* [0929]UITest.app */;
			productType = "com.apple.product-type.application";
		};
/* End PBXNativeTarget section */

/* Begin PBXProject section */
		AA61533F1D9CDC2D00AF9B21 /* Project object */ = {
			isa = PBXProject;
			attributes = {
				LastUpgradeCheck = 0800;
				ORGANIZATIONNAME = iosSchool;
				TargetAttributes = {
					AA6153461D9CDC2D00AF9B21 = {
						CreatedOnToolsVersion = 8.0;
						ProvisioningStyle = Automatic;
					};
				};
			};
			buildConfigurationList = AA6153421D9CDC2D00AF9B21 /* Build configuration list for PBXProject "[0929]UITest" */;
			compatibilityVersion = "Xcode 3.2";
			developmentRegion = English;
			hasScannedForEncodings = 0;
			knownRegions = (
				en,
				Base,
			);
			mainGroup = AA61533E1D9CDC2D00AF9B21;
			productRefGroup = AA6153481D9CDC2D00AF9B21 /* Products */;
			projectDirPath = "";
			projectRoot = "";
			targets = (
				AA6153461D9CDC2D00AF9B21 /* [0929]UITest */,
			);
		};
/* End PBXProject section */

/* Begin PBXResourcesBuildPhase section */
		AA6153451D9CDC2D00AF9B21 /* Resources */ = {
			isa = PBXResourcesBuildPhase;
			buildActionMask = 2147483647;
			files = (
				AA61535A1D9CDC2D00AF9B21 /* LaunchScreen.storyboard in Resources */,
				AA6153571D9CDC2D00AF9B21 /* Assets.xcassets in Resources */,
				AA6153551D9CDC2D00AF9B21 /* Main.storyboard in Resources */,
			);
			runOnlyForDeploymentPostprocessing = 0;
		};
/* End PBXResourcesBuildPhase section */

/* Begin PBXSourcesBuildPhase section */
		AA6153431D9CDC2D00AF9B21 /* Sources */ = {
			isa = PBXSourcesBuildPhase;
			buildActionMask = 2147483647;
			files = (
				AA6153521D9CDC2D00AF9B21 /* ViewController.m in Sources */,
				AA61534F1D9CDC2D00AF9B21 /* AppDelegate.m in Sources */,
				AA61534C1D9CDC2D00AF9B21 /* main.m in Sources */,
			);
			runOnlyForDeploymentPostprocessing = 0;
		};
/* End PBXSourcesBuildPhase section */

/* Begin PBXVariantGroup section */
		AA6153531D9CDC2D00AF9B21 /* Main.storyboard */ = {
			isa = PBXVariantGroup;
			children = (
				AA6153541D9CDC2D00AF9B21 /* Base */,
			);
			name = Main.storyboard;
			sourceTree = "<group>";
		};
		AA6153581D9CDC2D00AF9B21 /* LaunchScreen.storyboard */ = {
			isa = PBXVariantGroup;
			children = (
				AA6153591D9CDC2D00AF9B21 /* Base */,
			);
			name = LaunchScreen.storyboard;
			sourceTree = "<group>";
		};
/* End PBXVariantGroup section */

/* Begin XCBuildConfiguration section */
		AA61535C1D9CDC2D00AF9B21 /* Debug */ = {
			isa = XCBuildConfiguration;
			buildSettings = {
				ALWAYS_SEARCH_USER_PATHS = NO;
				CLANG_ANALYZER_NONNULL = YES;
				CLANG_CXX_LANGUAGE_STANDARD = "gnu++0x";
				CLANG_CXX_LIBRARY = "libc++";
				CLANG_ENABLE_MODULES = YES;
				CLANG_ENABLE_OBJC_ARC = YES;
				CLANG_WARN_BOOL_CONVERSION = YES;
				CLANG_WARN_CONSTANT_CONVERSION = YES;
				CLANG_WARN_DIRECT_OBJC_ISA_USAGE = YES_ERROR;
				CLANG_WARN_DOCUMENTATION_COMMENTS = YES;
				CLANG_WARN_EMPTY_BODY = YES;
				CLANG_WARN_ENUM_CONVERSION = YES;
				CLANG_WARN_INFINITE_RECURSION = YES;
				CLANG_WARN_INT_CONVERSION = YES;
				CLANG_WARN_OBJC_ROOT_CLASS = YES_ERROR;
				CLANG_WARN_SUSPICIOUS_MOVES = YES;
				CLANG_WARN_UNREACHABLE_CODE = YES;
				CLANG_WARN__DUPLICATE_METHOD_MATCH = YES;
				"CODE_SIGN_IDENTITY[sdk=iphoneos*]" = "iPhone Developer";
				COPY_PHASE_STRIP = NO;
				DEBUG_INFORMATION_FORMAT = dwarf;
				ENABLE_STRICT_OBJC_MSGSEND = YES;
				ENABLE_TESTABILITY = YES;
				GCC_C_LANGUAGE_STANDARD = gnu99;
				GCC_DYNAMIC_NO_PIC = NO;
				GCC_NO_COMMON_BLOCKS = YES;
				GCC_OPTIMIZATION_LEVEL = 0;
				GCC_PREPROCESSOR_DEFINITIONS = (
					"DEBUG=1",
					"$(inherited)",
				);
				GCC_WARN_64_TO_32_BIT_CONVERSION = YES;
				GCC_WARN_ABOUT_RETURN_TYPE = YES_ERROR;
				GCC_WARN_UNDECLARED_SELECTOR = YES;
				GCC_WARN_UNINITIALIZED_AUTOS = YES_AGGRESSIVE;
				GCC_WARN_UNUSED_FUNCTION = YES;
				GCC_WARN_UNUSED_VARIABLE = YES;
				IPHONEOS_DEPLOYMENT_TARGET = 10.0;
				MTL_ENABLE_DEBUG_INFO = YES;
				ONLY_ACTIVE_ARCH = YES;
				SDKROOT = iphoneos;
			};
			name = Debug;
		};
		AA61535D1D9CDC2D00AF9B21 /* Release */ = {
			isa = XCBuildConfiguration;
			buildSettings = {
				ALWAYS_SEARCH_USER_PATHS = NO;
				CLANG_ANALYZER_NONNULL = YES;
				CLANG_CXX_LANGUAGE_STANDARD = "gnu++0x";
				CLANG_CXX_LIBRARY = "libc++";
				CLANG_ENABLE_MODULES = YES;
				CLANG_ENABLE_OBJC_ARC = YES;
				CLANG_WARN_BOOL_CONVERSION = YES;
				CLANG_WARN_CONSTANT_CONVERSION = YES;
				CLANG_WARN_DIRECT_OBJC_ISA_USAGE = YES_ERROR;
				CLANG_WARN_DOCUMENTATION_COMMENTS = YES;
				CLANG_WARN_EMPTY_BODY = YES;
				CLANG_WARN_ENUM_CONVERSION = YES;
				CLANG_WARN_INFINITE_RECURSION = YES;
				CLANG_WARN_INT_CONVERSION = YES;
				CLANG_WARN_OBJC_ROOT_CLASS = YES_ERROR;
				CLANG_WARN_SUSPICIOUS_MOVES = YES;
				CLANG_WARN_UNREACHABLE_CODE = YES;
				CLANG_WARN__DUPLICATE_METHOD_MATCH = YES;
				"CODE_SIGN_IDENTITY[sdk=iphoneos*]" = "iPhone Developer";
				COPY_PHASE_STRIP = NO;
				DEBUG_INFORMATION_FORMAT = "dwarf-with-dsym";
				ENABLE_NS_ASSERTIONS = NO;
				ENABLE_STRICT_OBJC_MSGSEND = YES;
				GCC_C_LANGUAGE_STANDARD = gnu99;
				GCC_NO_COMMON_BLOCKS = YES;
				GCC_WARN_64_TO_32_BIT_CONVERSION = YES;
				GCC_WARN_ABOUT_RETURN_TYPE = YES_ERROR;
				GCC_WARN_UNDECLARED_SELECTOR = YES;
				GCC_WARN_UNINITIALIZED_AUTOS = YES_AGGRESSIVE;
				GCC_WARN_UNUSED_FUNCTION = YES;
				GCC_WARN_UNUSED_VARIABLE = YES;
				IPHONEOS_DEPLOYMENT_TARGET = 10.0;
				MTL_ENABLE_DEBUG_INFO = NO;
				SDKROOT = iphoneos;
				VALIDATE_PRODUCT = YES;
			};
			name = Release;
		};
		AA61535F1D9CDC2D00AF9B21 /* Debug */ = {
			isa = XCBuildConfiguration;
			buildSettings = {
				ASSETCATALOG_COMPILER_APPICON_NAME = AppIcon;
				INFOPLIST_FILE = "[0929]UITest/Info.plist";
				LD_RUNPATH_SEARCH_PATHS = "$(inherited) @executable_path/Frameworks";
				PRODUCT_BUNDLE_IDENTIFIER = "com.celeste.-0929-UITest";
				PRODUCT_NAME = "$(TARGET_NAME)";
			};
			name = Debug;
		};
		AA6153601D9CDC2D00AF9B21 /* Release */ = {
			isa = XCBuildConfiguration;
			buildSettings = {
				ASSETCATALOG_COMPILER_APPICON_NAME = AppIcon;
				INFOPLIST_FILE = "[0929]UITest/Info.plist";
				LD_RUNPATH_SEARCH_PATHS = "$(inherited) @executable_path/Frameworks";
				PRODUCT_BUNDLE_IDENTIFIER = "com.celeste.-0929-UITest";
				PRODUCT_NAME = "$(TARGET_NAME)";
			};
			name = Release;
		};
/* End XCBuildConfiguration section */

/* Begin XCConfigurationList section */
		AA6153421D9CDC2D00AF9B21 /* Build configuration list for PBXProject "[0929]UITest" */ = {
			isa = XCConfigurationList;
			buildConfigurations = (
				AA61535C1D9CDC2D00AF9B21 /* Debug */,
				AA61535D1D9CDC2D00AF9B21 /* Release */,
			);
			defaultConfigurationIsVisible = 0;
			defaultConfigurationName = Release;
		};
		AA61535E1D9CDC2D00AF9B21 /* Build configuration list for PBXNativeTarget "[0929]UITest" */ = {
			isa = XCConfigurationList;
			buildConfigurations = (
				AA61535F1D9CDC2D00AF9B21 /* Debug */,
				AA6153601D9CDC2D00AF9B21 /* Release */,
			);
			defaultConfigurationIsVisible = 0;
		};
/* End XCConfigurationList section */
	};
	rootObject = AA61533F1D9CDC2D00AF9B21 /* Project object */;
}
