// !$*UTF8*$!
{
	archiveVersion = 1;
	classes = {
	};
	objectVersion = 46;
	objects = {

/* Begin PBXBuildFile section */
		AAE1652B1DB5E4B4009E06E8 /* main.m in Sources */ = {isa = PBXBuildFile; fileRef = AAE1652A1DB5E4B4009E06E8 /* main.m */; };
		AAE1652E1DB5E4B4009E06E8 /* AppDelegate.m in Sources */ = {isa = PBXBuildFile; fileRef = AAE1652D1DB5E4B4009E06E8 /* AppDelegate.m */; };
		AAE165311DB5E4B4009E06E8 /* ViewController.m in Sources */ = {isa = PBXBuildFile; fileRef = AAE165301DB5E4B4009E06E8 /* ViewController.m */; };
		AAE165341DB5E4B4009E06E8 /* Main.storyboard in Resources */ = {isa = PBXBuildFile; fileRef = AAE165321DB5E4B4009E06E8 /* Main.storyboard */; };
		AAE165361DB5E4B4009E06E8 /* Assets.xcassets in Resources */ = {isa = PBXBuildFile; fileRef = AAE165351DB5E4B4009E06E8 /* Assets.xcassets */; };
		AAE165391DB5E4B4009E06E8 /* LaunchScreen.storyboard in Resources */ = {isa = PBXBuildFile; fileRef = AAE165371DB5E4B4009E06E8 /* LaunchScreen.storyboard */; };
/* End PBXBuildFile section */

/* Begin PBXFileReference section */
		AAE165261DB5E4B4009E06E8 /* [1018]AutoLayoutExample.app */ = {isa = PBXFileReference; explicitFileType = wrapper.application; includeInIndex = 0; path = "[1018]AutoLayoutExample.app"; sourceTree = BUILT_PRODUCTS_DIR; };
		AAE1652A1DB5E4B4009E06E8 /* main.m */ = {isa = PBXFileReference; lastKnownFileType = sourcecode.c.objc; path = main.m; sourceTree = "<group>"; };
		AAE1652C1DB5E4B4009E06E8 /* AppDelegate.h */ = {isa = PBXFileReference; lastKnownFileType = sourcecode.c.h; path = AppDelegate.h; sourceTree = "<group>"; };
		AAE1652D1DB5E4B4009E06E8 /* AppDelegate.m */ = {isa = PBXFileReference; lastKnownFileType = sourcecode.c.objc; path = AppDelegate.m; sourceTree = "<group>"; };
		AAE1652F1DB5E4B4009E06E8 /* ViewController.h */ = {isa = PBXFileReference; lastKnownFileType = sourcecode.c.h; path = ViewController.h; sourceTree = "<group>"; };
		AAE165301DB5E4B4009E06E8 /* ViewController.m */ = {isa = PBXFileReference; lastKnownFileType = sourcecode.c.objc; path = ViewController.m; sourceTree = "<group>"; };
		AAE165331DB5E4B4009E06E8 /* Base */ = {isa = PBXFileReference; lastKnownFileType = file.storyboard; name = Base; path = Base.lproj/Main.storyboard; sourceTree = "<group>"; };
		AAE165351DB5E4B4009E06E8 /* Assets.xcassets */ = {isa = PBXFileReference; lastKnownFileType = folder.assetcatalog; path = Assets.xcassets; sourceTree = "<group>"; };
		AAE165381DB5E4B4009E06E8 /* Base */ = {isa = PBXFileReference; lastKnownFileType = file.storyboard; name = Base; path = Base.lproj/LaunchScreen.storyboard; sourceTree = "<group>"; };
		AAE1653A1DB5E4B4009E06E8 /* Info.plist */ = {isa = PBXFileReference; lastKnownFileType = text.plist.xml; path = Info.plist; sourceTree = "<group>"; };
/* End PBXFileReference section */

/* Begin PBXFrameworksBuildPhase section */
		AAE165231DB5E4B4009E06E8 /* Frameworks */ = {
			isa = PBXFrameworksBuildPhase;
			buildActionMask = 2147483647;
			files = (
			);
			runOnlyForDeploymentPostprocessing = 0;
		};
/* End PBXFrameworksBuildPhase section */

/* Begin PBXGroup section */
		AAE1651D1DB5E4B4009E06E8 = {
			isa = PBXGroup;
			children = (
				AAE165281DB5E4B4009E06E8 /* [1018]AutoLayoutExample */,
				AAE165271DB5E4B4009E06E8 /* Products */,
			);
			sourceTree = "<group>";
		};
		AAE165271DB5E4B4009E06E8 /* Products */ = {
			isa = PBXGroup;
			children = (
				AAE165261DB5E4B4009E06E8 /* [1018]AutoLayoutExample.app */,
			);
			name = Products;
			sourceTree = "<group>";
		};
		AAE165281DB5E4B4009E06E8 /* [1018]AutoLayoutExample */ = {
			isa = PBXGroup;
			children = (
				AAE1652C1DB5E4B4009E06E8 /* AppDelegate.h */,
				AAE1652D1DB5E4B4009E06E8 /* AppDelegate.m */,
				AAE1652F1DB5E4B4009E06E8 /* ViewController.h */,
				AAE165301DB5E4B4009E06E8 /* ViewController.m */,
				AAE165321DB5E4B4009E06E8 /* Main.storyboard */,
				AAE165351DB5E4B4009E06E8 /* Assets.xcassets */,
				AAE165371DB5E4B4009E06E8 /* LaunchScreen.storyboard */,
				AAE1653A1DB5E4B4009E06E8 /* Info.plist */,
				AAE165291DB5E4B4009E06E8 /* Supporting Files */,
			);
			path = "[1018]AutoLayoutExample";
			sourceTree = "<group>";
		};
		AAE165291DB5E4B4009E06E8 /* Supporting Files */ = {
			isa = PBXGroup;
			children = (
				AAE1652A1DB5E4B4009E06E8 /* main.m */,
			);
			name = "Supporting Files";
			sourceTree = "<group>";
		};
/* End PBXGroup section */

/* Begin PBXNativeTarget section */
		AAE165251DB5E4B4009E06E8 /* [1018]AutoLayoutExample */ = {
			isa = PBXNativeTarget;
			buildConfigurationList = AAE1653D1DB5E4B4009E06E8 /* Build configuration list for PBXNativeTarget "[1018]AutoLayoutExample" */;
			buildPhases = (
				AAE165221DB5E4B4009E06E8 /* Sources */,
				AAE165231DB5E4B4009E06E8 /* Frameworks */,
				AAE165241DB5E4B4009E06E8 /* Resources */,
			);
			buildRules = (
			);
			dependencies = (
			);
			name = "[1018]AutoLayoutExample";
			productName = "[1018]AutoLayoutExample";
			productReference = AAE165261DB5E4B4009E06E8 /* [1018]AutoLayoutExample.app */;
			productType = "com.apple.product-type.application";
		};
/* End PBXNativeTarget section */

/* Begin PBXProject section */
		AAE1651E1DB5E4B4009E06E8 /* Project object */ = {
			isa = PBXProject;
			attributes = {
				KnownAssetTags = (
					10,
				);
				LastUpgradeCheck = 0800;
				ORGANIZATIONNAME = iosSchool;
				TargetAttributes = {
					AAE165251DB5E4B4009E06E8 = {
						CreatedOnToolsVersion = 8.0;
						ProvisioningStyle = Automatic;
					};
				};
			};
			buildConfigurationList = AAE165211DB5E4B4009E06E8 /* Build configuration list for PBXProject "[1018]AutoLayoutExample" */;
			compatibilityVersion = "Xcode 3.2";
			developmentRegion = English;
			hasScannedForEncodings = 0;
			knownRegions = (
				en,
				Base,
			);
			mainGroup = AAE1651D1DB5E4B4009E06E8;
			productRefGroup = AAE165271DB5E4B4009E06E8 /* Products */;
			projectDirPath = "";
			projectRoot = "";
			targets = (
				AAE165251DB5E4B4009E06E8 /* [1018]AutoLayoutExample */,
			);
		};
/* End PBXProject section */

/* Begin PBXResourcesBuildPhase section */
		AAE165241DB5E4B4009E06E8 /* Resources */ = {
			isa = PBXResourcesBuildPhase;
			buildActionMask = 2147483647;
			files = (
				AAE165391DB5E4B4009E06E8 /* LaunchScreen.storyboard in Resources */,
				AAE165361DB5E4B4009E06E8 /* Assets.xcassets in Resources */,
				AAE165341DB5E4B4009E06E8 /* Main.storyboard in Resources */,
			);
			runOnlyForDeploymentPostprocessing = 0;
		};
/* End PBXResourcesBuildPhase section */

/* Begin PBXSourcesBuildPhase section */
		AAE165221DB5E4B4009E06E8 /* Sources */ = {
			isa = PBXSourcesBuildPhase;
			buildActionMask = 2147483647;
			files = (
				AAE165311DB5E4B4009E06E8 /* ViewController.m in Sources */,
				AAE1652E1DB5E4B4009E06E8 /* AppDelegate.m in Sources */,
				AAE1652B1DB5E4B4009E06E8 /* main.m in Sources */,
			);
			runOnlyForDeploymentPostprocessing = 0;
		};
/* End PBXSourcesBuildPhase section */

/* Begin PBXVariantGroup section */
		AAE165321DB5E4B4009E06E8 /* Main.storyboard */ = {
			isa = PBXVariantGroup;
			children = (
				AAE165331DB5E4B4009E06E8 /* Base */,
			);
			name = Main.storyboard;
			sourceTree = "<group>";
		};
		AAE165371DB5E4B4009E06E8 /* LaunchScreen.storyboard */ = {
			isa = PBXVariantGroup;
			children = (
				AAE165381DB5E4B4009E06E8 /* Base */,
			);
			name = LaunchScreen.storyboard;
			sourceTree = "<group>";
		};
/* End PBXVariantGroup section */

/* Begin XCBuildConfiguration section */
		AAE1653B1DB5E4B4009E06E8 /* Debug */ = {
			isa = XCBuildConfiguration;
			buildSettings = {
				ALWAYS_SEARCH_USER_PATHS = NO;
				CLANG_ANALYZER_NONNULL = YES;
				CLANG_CXX_LANGUAGE_STANDARD = "gnu++0x";
				CLANG_CXX_LIBRARY = "libc++";
				CLANG_ENABLE_MODULES = YES;
				CLANG_ENABLE_OBJC_ARC = YES;
				CLANG_WARN_BOOL_CONVERSION = YES;
				CLANG_WARN_CONSTANT_CONVERSION = YES;
				CLANG_WARN_DIRECT_OBJC_ISA_USAGE = YES_ERROR;
				CLANG_WARN_DOCUMENTATION_COMMENTS = YES;
				CLANG_WARN_EMPTY_BODY = YES;
				CLANG_WARN_ENUM_CONVERSION = YES;
				CLANG_WARN_INFINITE_RECURSION = YES;
				CLANG_WARN_INT_CONVERSION = YES;
				CLANG_WARN_OBJC_ROOT_CLASS = YES_ERROR;
				CLANG_WARN_SUSPICIOUS_MOVES = YES;
				CLANG_WARN_UNREACHABLE_CODE = YES;
				CLANG_WARN__DUPLICATE_METHOD_MATCH = YES;
				"CODE_SIGN_IDENTITY[sdk=iphoneos*]" = "iPhone Developer";
				COPY_PHASE_STRIP = NO;
				DEBUG_INFORMATION_FORMAT = dwarf;
				ENABLE_STRICT_OBJC_MSGSEND = YES;
				ENABLE_TESTABILITY = YES;
				GCC_C_LANGUAGE_STANDARD = gnu99;
				GCC_DYNAMIC_NO_PIC = NO;
				GCC_NO_COMMON_BLOCKS = YES;
				GCC_OPTIMIZATION_LEVEL = 0;
				GCC_PREPROCESSOR_DEFINITIONS = (
					"DEBUG=1",
					"$(inherited)",
				);
				GCC_WARN_64_TO_32_BIT_CONVERSION = YES;
				GCC_WARN_ABOUT_RETURN_TYPE = YES_ERROR;
				GCC_WARN_UNDECLARED_SELECTOR = YES;
				GCC_WARN_UNINITIALIZED_AUTOS = YES_AGGRESSIVE;
				GCC_WARN_UNUSED_FUNCTION = YES;
				GCC_WARN_UNUSED_VARIABLE = YES;
				IPHONEOS_DEPLOYMENT_TARGET = 10.0;
				MTL_ENABLE_DEBUG_INFO = YES;
				ONLY_ACTIVE_ARCH = YES;
				SDKROOT = iphoneos;
			};
			name = Debug;
		};
		AAE1653C1DB5E4B4009E06E8 /* Release */ = {
			isa = XCBuildConfiguration;
			buildSettings = {
				ALWAYS_SEARCH_USER_PATHS = NO;
				CLANG_ANALYZER_NONNULL = YES;
				CLANG_CXX_LANGUAGE_STANDARD = "gnu++0x";
				CLANG_CXX_LIBRARY = "libc++";
				CLANG_ENABLE_MODULES = YES;
				CLANG_ENABLE_OBJC_ARC = YES;
				CLANG_WARN_BOOL_CONVERSION = YES;
				CLANG_WARN_CONSTANT_CONVERSION = YES;
				CLANG_WARN_DIRECT_OBJC_ISA_USAGE = YES_ERROR;
				CLANG_WARN_DOCUMENTATION_COMMENTS = YES;
				CLANG_WARN_EMPTY_BODY = YES;
				CLANG_WARN_ENUM_CONVERSION = YES;
				CLANG_WARN_INFINITE_RECURSION = YES;
				CLANG_WARN_INT_CONVERSION = YES;
				CLANG_WARN_OBJC_ROOT_CLASS = YES_ERROR;
				CLANG_WARN_SUSPICIOUS_MOVES = YES;
				CLANG_WARN_UNREACHABLE_CODE = YES;
				CLANG_WARN__DUPLICATE_METHOD_MATCH = YES;
				"CODE_SIGN_IDENTITY[sdk=iphoneos*]" = "iPhone Developer";
				COPY_PHASE_STRIP = NO;
				DEBUG_INFORMATION_FORMAT = "dwarf-with-dsym";
				ENABLE_NS_ASSERTIONS = NO;
				ENABLE_STRICT_OBJC_MSGSEND = YES;
				GCC_C_LANGUAGE_STANDARD = gnu99;
				GCC_NO_COMMON_BLOCKS = YES;
				GCC_WARN_64_TO_32_BIT_CONVERSION = YES;
				GCC_WARN_ABOUT_RETURN_TYPE = YES_ERROR;
				GCC_WARN_UNDECLARED_SELECTOR = YES;
				GCC_WARN_UNINITIALIZED_AUTOS = YES_AGGRESSIVE;
				GCC_WARN_UNUSED_FUNCTION = YES;
				GCC_WARN_UNUSED_VARIABLE = YES;
				IPHONEOS_DEPLOYMENT_TARGET = 10.0;
				MTL_ENABLE_DEBUG_INFO = NO;
				SDKROOT = iphoneos;
				VALIDATE_PRODUCT = YES;
			};
			name = Release;
		};
		AAE1653E1DB5E4B4009E06E8 /* Debug */ = {
			isa = XCBuildConfiguration;
			buildSettings = {
				ASSETCATALOG_COMPILER_APPICON_NAME = AppIcon;
				INFOPLIST_FILE = "[1018]AutoLayoutExample/Info.plist";
				LD_RUNPATH_SEARCH_PATHS = "$(inherited) @executable_path/Frameworks";
				PRODUCT_BUNDLE_IDENTIFIER = "com.celeste.-1018-AutoLayoutExample";
				PRODUCT_NAME = "$(TARGET_NAME)";
			};
			name = Debug;
		};
		AAE1653F1DB5E4B4009E06E8 /* Release */ = {
			isa = XCBuildConfiguration;
			buildSettings = {
				ASSETCATALOG_COMPILER_APPICON_NAME = AppIcon;
				INFOPLIST_FILE = "[1018]AutoLayoutExample/Info.plist";
				LD_RUNPATH_SEARCH_PATHS = "$(inherited) @executable_path/Frameworks";
				PRODUCT_BUNDLE_IDENTIFIER = "com.celeste.-1018-AutoLayoutExample";
				PRODUCT_NAME = "$(TARGET_NAME)";
			};
			name = Release;
		};
/* End XCBuildConfiguration section */

/* Begin XCConfigurationList section */
		AAE165211DB5E4B4009E06E8 /* Build configuration list for PBXProject "[1018]AutoLayoutExample" */ = {
			isa = XCConfigurationList;
			buildConfigurations = (
				AAE1653B1DB5E4B4009E06E8 /* Debug */,
				AAE1653C1DB5E4B4009E06E8 /* Release */,
			);
			defaultConfigurationIsVisible = 0;
			defaultConfigurationName = Release;
		};
		AAE1653D1DB5E4B4009E06E8 /* Build configuration list for PBXNativeTarget "[1018]AutoLayoutExample" */ = {
			isa = XCConfigurationList;
			buildConfigurations = (
				AAE1653E1DB5E4B4009E06E8 /* Debug */,
				AAE1653F1DB5E4B4009E06E8 /* Release */,
			);
			defaultConfigurationIsVisible = 0;
		};
/* End XCConfigurationList section */
	};
	rootObject = AAE1651E1DB5E4B4009E06E8 /* Project object */;
}
