// !$*UTF8*$!
{
	archiveVersion = 1;
	classes = {
	};
	objectVersion = 46;
	objects = {

/* Begin PBXBuildFile section */
		AAFCEA8D1D9369EE0040E09E /* main.m in Sources */ = {isa = PBXBuildFile; fileRef = AAFCEA8C1D9369EE0040E09E /* main.m */; };
		AAFCEA981D936A300040E09E /* Warrior.m in Sources */ = {isa = PBXBuildFile; fileRef = AAFCEA971D936A300040E09E /* Warrior.m */; };
		AAFCEA9B1D936A370040E09E /* Wizard.m in Sources */ = {isa = PBXBuildFile; fileRef = AAFCEA9A1D936A370040E09E /* Wizard.m */; };
		AAFCEA9E1D936A470040E09E /* Cat.m in Sources */ = {isa = PBXBuildFile; fileRef = AAFCEA9D1D936A470040E09E /* Cat.m */; };
		AAFCEAA11D936A4D0040E09E /* Dog.m in Sources */ = {isa = PBXBuildFile; fileRef = AAFCEAA01D936A4D0040E09E /* Dog.m */; };
		AAFCEAA41D936D680040E09E /* GameCharecter.m in Sources */ = {isa = PBXBuildFile; fileRef = AAFCEAA31D936D680040E09E /* GameCharecter.m */; };
		AAFCEAAA1D9375690040E09E /* Person.m in Sources */ = {isa = PBXBuildFile; fileRef = AAFCEAA91D9375690040E09E /* Person.m */; };
		AAFCEAAD1D93763D0040E09E /* Student.m in Sources */ = {isa = PBXBuildFile; fileRef = AAFCEAAC1D93763D0040E09E /* Student.m */; };
		AAFCEAB01D9376A60040E09E /* UniversityStudent.m in Sources */ = {isa = PBXBuildFile; fileRef = AAFCEAAF1D9376A60040E09E /* UniversityStudent.m */; };
		AAFCEAB31D937AED0040E09E /* Teacher.m in Sources */ = {isa = PBXBuildFile; fileRef = AAFCEAB21D937AED0040E09E /* Teacher.m */; };
		AAFCEAF51D93B8680040E09E /* Animal.m in Sources */ = {isa = PBXBuildFile; fileRef = AAFCEAF41D93B8680040E09E /* Animal.m */; };
/* End PBXBuildFile section */

/* Begin PBXCopyFilesBuildPhase section */
		AAFCEA871D9369EE0040E09E /* CopyFiles */ = {
			isa = PBXCopyFilesBuildPhase;
			buildActionMask = 2147483647;
			dstPath = /usr/share/man/man1/;
			dstSubfolderSpec = 0;
			files = (
			);
			runOnlyForDeploymentPostprocessing = 1;
		};
/* End PBXCopyFilesBuildPhase section */

/* Begin PBXFileReference section */
		AAFCEA891D9369EE0040E09E /* ExtendsExample */ = {isa = PBXFileReference; explicitFileType = "compiled.mach-o.executable"; includeInIndex = 0; path = ExtendsExample; sourceTree = BUILT_PRODUCTS_DIR; };
		AAFCEA8C1D9369EE0040E09E /* main.m */ = {isa = PBXFileReference; lastKnownFileType = sourcecode.c.objc; path = main.m; sourceTree = "<group>"; };
		AAFCEA961D936A300040E09E /* Warrior.h */ = {isa = PBXFileReference; fileEncoding = 4; lastKnownFileType = sourcecode.c.h; path = Warrior.h; sourceTree = "<group>"; };
		AAFCEA971D936A300040E09E /* Warrior.m */ = {isa = PBXFileReference; fileEncoding = 4; lastKnownFileType = sourcecode.c.objc; path = Warrior.m; sourceTree = "<group>"; };
		AAFCEA991D936A370040E09E /* Wizard.h */ = {isa = PBXFileReference; fileEncoding = 4; lastKnownFileType = sourcecode.c.h; path = Wizard.h; sourceTree = "<group>"; };
		AAFCEA9A1D936A370040E09E /* Wizard.m */ = {isa = PBXFileReference; fileEncoding = 4; lastKnownFileType = sourcecode.c.objc; path = Wizard.m; sourceTree = "<group>"; };
		AAFCEA9C1D936A470040E09E /* Cat.h */ = {isa = PBXFileReference; fileEncoding = 4; lastKnownFileType = sourcecode.c.h; path = Cat.h; sourceTree = "<group>"; };
		AAFCEA9D1D936A470040E09E /* Cat.m */ = {isa = PBXFileReference; fileEncoding = 4; lastKnownFileType = sourcecode.c.objc; path = Cat.m; sourceTree = "<group>"; };
		AAFCEA9F1D936A4D0040E09E /* Dog.h */ = {isa = PBXFileReference; fileEncoding = 4; lastKnownFileType = sourcecode.c.h; path = Dog.h; sourceTree = "<group>"; };
		AAFCEAA01D936A4D0040E09E /* Dog.m */ = {isa = PBXFileReference; fileEncoding = 4; lastKnownFileType = sourcecode.c.objc; path = Dog.m; sourceTree = "<group>"; };
		AAFCEAA21D936D680040E09E /* GameCharecter.h */ = {isa = PBXFileReference; fileEncoding = 4; lastKnownFileType = sourcecode.c.h; path = GameCharecter.h; sourceTree = "<group>"; };
		AAFCEAA31D936D680040E09E /* GameCharecter.m */ = {isa = PBXFileReference; fileEncoding = 4; lastKnownFileType = sourcecode.c.objc; path = GameCharecter.m; sourceTree = "<group>"; };
		AAFCEAA81D9375690040E09E /* Person.h */ = {isa = PBXFileReference; fileEncoding = 4; lastKnownFileType = sourcecode.c.h; path = Person.h; sourceTree = "<group>"; };
		AAFCEAA91D9375690040E09E /* Person.m */ = {isa = PBXFileReference; fileEncoding = 4; lastKnownFileType = sourcecode.c.objc; path = Person.m; sourceTree = "<group>"; };
		AAFCEAAB1D93763D0040E09E /* Student.h */ = {isa = PBXFileReference; fileEncoding = 4; lastKnownFileType = sourcecode.c.h; path = Student.h; sourceTree = "<group>"; };
		AAFCEAAC1D93763D0040E09E /* Student.m */ = {isa = PBXFileReference; fileEncoding = 4; lastKnownFileType = sourcecode.c.objc; path = Student.m; sourceTree = "<group>"; };
		AAFCEAAE1D9376A60040E09E /* UniversityStudent.h */ = {isa = PBXFileReference; fileEncoding = 4; lastKnownFileType = sourcecode.c.h; path = UniversityStudent.h; sourceTree = "<group>"; };
		AAFCEAAF1D9376A60040E09E /* UniversityStudent.m */ = {isa = PBXFileReference; fileEncoding = 4; lastKnownFileType = sourcecode.c.objc; path = UniversityStudent.m; sourceTree = "<group>"; };
		AAFCEAB11D937AED0040E09E /* Teacher.h */ = {isa = PBXFileReference; fileEncoding = 4; lastKnownFileType = sourcecode.c.h; path = Teacher.h; sourceTree = "<group>"; };
		AAFCEAB21D937AED0040E09E /* Teacher.m */ = {isa = PBXFileReference; fileEncoding = 4; lastKnownFileType = sourcecode.c.objc; path = Teacher.m; sourceTree = "<group>"; };
		AAFCEAF31D93B8680040E09E /* Animal.h */ = {isa = PBXFileReference; fileEncoding = 4; lastKnownFileType = sourcecode.c.h; path = Animal.h; sourceTree = "<group>"; };
		AAFCEAF41D93B8680040E09E /* Animal.m */ = {isa = PBXFileReference; fileEncoding = 4; lastKnownFileType = sourcecode.c.objc; path = Animal.m; sourceTree = "<group>"; };
/* End PBXFileReference section */

/* Begin PBXFrameworksBuildPhase section */
		AAFCEA861D9369EE0040E09E /* Frameworks */ = {
			isa = PBXFrameworksBuildPhase;
			buildActionMask = 2147483647;
			files = (
			);
			runOnlyForDeploymentPostprocessing = 0;
		};
/* End PBXFrameworksBuildPhase section */

/* Begin PBXGroup section */
		AAFCEA801D9369EE0040E09E = {
			isa = PBXGroup;
			children = (
				AAFCEA8B1D9369EE0040E09E /* ExtendsExample */,
				AAFCEA8A1D9369EE0040E09E /* Products */,
			);
			sourceTree = "<group>";
		};
		AAFCEA8A1D9369EE0040E09E /* Products */ = {
			isa = PBXGroup;
			children = (
				AAFCEA891D9369EE0040E09E /* ExtendsExample */,
			);
			name = Products;
			sourceTree = "<group>";
		};
		AAFCEA8B1D9369EE0040E09E /* ExtendsExample */ = {
			isa = PBXGroup;
			children = (
				AAFCEA8C1D9369EE0040E09E /* main.m */,
				AAFCEAF11D93AA390040E09E /* game */,
				AAFCEAF21D93AA410040E09E /* animal */,
				AAFCEAF01D93AA1E0040E09E /* human */,
			);
			path = ExtendsExample;
			sourceTree = "<group>";
		};
		AAFCEAF01D93AA1E0040E09E /* human */ = {
			isa = PBXGroup;
			children = (
				AAFCEAAE1D9376A60040E09E /* UniversityStudent.h */,
				AAFCEAAF1D9376A60040E09E /* UniversityStudent.m */,
				AAFCEAAB1D93763D0040E09E /* Student.h */,
				AAFCEAAC1D93763D0040E09E /* Student.m */,
				AAFCEAB11D937AED0040E09E /* Teacher.h */,
				AAFCEAB21D937AED0040E09E /* Teacher.m */,
				AAFCEAA81D9375690040E09E /* Person.h */,
				AAFCEAA91D9375690040E09E /* Person.m */,
			);
			name = human;
			sourceTree = "<group>";
		};
		AAFCEAF11D93AA390040E09E /* game */ = {
			isa = PBXGroup;
			children = (
				AAFCEA961D936A300040E09E /* Warrior.h */,
				AAFCEA971D936A300040E09E /* Warrior.m */,
				AAFCEA991D936A370040E09E /* Wizard.h */,
				AAFCEA9A1D936A370040E09E /* Wizard.m */,
				AAFCEAA21D936D680040E09E /* GameCharecter.h */,
				AAFCEAA31D936D680040E09E /* GameCharecter.m */,
			);
			name = game;
			sourceTree = "<group>";
		};
		AAFCEAF21D93AA410040E09E /* animal */ = {
			isa = PBXGroup;
			children = (
				AAFCEA9C1D936A470040E09E /* Cat.h */,
				AAFCEA9D1D936A470040E09E /* Cat.m */,
				AAFCEA9F1D936A4D0040E09E /* Dog.h */,
				AAFCEAA01D936A4D0040E09E /* Dog.m */,
				AAFCEAF31D93B8680040E09E /* Animal.h */,
				AAFCEAF41D93B8680040E09E /* Animal.m */,
			);
			name = animal;
			sourceTree = "<group>";
		};
/* End PBXGroup section */

/* Begin PBXNativeTarget section */
		AAFCEA881D9369EE0040E09E /* ExtendsExample */ = {
			isa = PBXNativeTarget;
			buildConfigurationList = AAFCEA901D9369EE0040E09E /* Build configuration list for PBXNativeTarget "ExtendsExample" */;
			buildPhases = (
				AAFCEA851D9369EE0040E09E /* Sources */,
				AAFCEA861D9369EE0040E09E /* Frameworks */,
				AAFCEA871D9369EE0040E09E /* CopyFiles */,
			);
			buildRules = (
			);
			dependencies = (
			);
			name = ExtendsExample;
			productName = ExtendsExample;
			productReference = AAFCEA891D9369EE0040E09E /* ExtendsExample */;
			productType = "com.apple.product-type.tool";
		};
/* End PBXNativeTarget section */

/* Begin PBXProject section */
		AAFCEA811D9369EE0040E09E /* Project object */ = {
			isa = PBXProject;
			attributes = {
				LastUpgradeCheck = 0800;
				ORGANIZATIONNAME = iosSchool;
				TargetAttributes = {
					AAFCEA881D9369EE0040E09E = {
						CreatedOnToolsVersion = 8.0;
						ProvisioningStyle = Automatic;
					};
				};
			};
			buildConfigurationList = AAFCEA841D9369EE0040E09E /* Build configuration list for PBXProject "ExtendsExample" */;
			compatibilityVersion = "Xcode 3.2";
			developmentRegion = English;
			hasScannedForEncodings = 0;
			knownRegions = (
				en,
			);
			mainGroup = AAFCEA801D9369EE0040E09E;
			productRefGroup = AAFCEA8A1D9369EE0040E09E /* Products */;
			projectDirPath = "";
			projectRoot = "";
			targets = (
				AAFCEA881D9369EE0040E09E /* ExtendsExample */,
			);
		};
/* End PBXProject section */

/* Begin PBXSourcesBuildPhase section */
		AAFCEA851D9369EE0040E09E /* Sources */ = {
			isa = PBXSourcesBuildPhase;
			buildActionMask = 2147483647;
			files = (
				AAFCEA9E1D936A470040E09E /* Cat.m in Sources */,
				AAFCEAA41D936D680040E09E /* GameCharecter.m in Sources */,
				AAFCEAAA1D9375690040E09E /* Person.m in Sources */,
				AAFCEAB31D937AED0040E09E /* Teacher.m in Sources */,
				AAFCEA981D936A300040E09E /* Warrior.m in Sources */,
				AAFCEAA11D936A4D0040E09E /* Dog.m in Sources */,
				AAFCEA9B1D936A370040E09E /* Wizard.m in Sources */,
				AAFCEAB01D9376A60040E09E /* UniversityStudent.m in Sources */,
				AAFCEAF51D93B8680040E09E /* Animal.m in Sources */,
				AAFCEA8D1D9369EE0040E09E /* main.m in Sources */,
				AAFCEAAD1D93763D0040E09E /* Student.m in Sources */,
			);
			runOnlyForDeploymentPostprocessing = 0;
		};
/* End PBXSourcesBuildPhase section */

/* Begin XCBuildConfiguration section */
		AAFCEA8E1D9369EE0040E09E /* Debug */ = {
			isa = XCBuildConfiguration;
			buildSettings = {
				ALWAYS_SEARCH_USER_PATHS = NO;
				CLANG_ANALYZER_NONNULL = YES;
				CLANG_CXX_LANGUAGE_STANDARD = "gnu++0x";
				CLANG_CXX_LIBRARY = "libc++";
				CLANG_ENABLE_MODULES = YES;
				CLANG_ENABLE_OBJC_ARC = YES;
				CLANG_WARN_BOOL_CONVERSION = YES;
				CLANG_WARN_CONSTANT_CONVERSION = YES;
				CLANG_WARN_DIRECT_OBJC_ISA_USAGE = YES_ERROR;
				CLANG_WARN_DOCUMENTATION_COMMENTS = YES;
				CLANG_WARN_EMPTY_BODY = YES;
				CLANG_WARN_ENUM_CONVERSION = YES;
				CLANG_WARN_INFINITE_RECURSION = YES;
				CLANG_WARN_INT_CONVERSION = YES;
				CLANG_WARN_OBJC_ROOT_CLASS = YES_ERROR;
				CLANG_WARN_SUSPICIOUS_MOVES = YES;
				CLANG_WARN_UNREACHABLE_CODE = YES;
				CLANG_WARN__DUPLICATE_METHOD_MATCH = YES;
				CODE_SIGN_IDENTITY = "-";
				COPY_PHASE_STRIP = NO;
				DEBUG_INFORMATION_FORMAT = dwarf;
				ENABLE_STRICT_OBJC_MSGSEND = YES;
				ENABLE_TESTABILITY = YES;
				GCC_C_LANGUAGE_STANDARD = gnu99;
				GCC_DYNAMIC_NO_PIC = NO;
				GCC_NO_COMMON_BLOCKS = YES;
				GCC_OPTIMIZATION_LEVEL = 0;
				GCC_PREPROCESSOR_DEFINITIONS = (
					"DEBUG=1",
					"$(inherited)",
				);
				GCC_WARN_64_TO_32_BIT_CONVERSION = YES;
				GCC_WARN_ABOUT_RETURN_TYPE = YES_ERROR;
				GCC_WARN_UNDECLARED_SELECTOR = YES;
				GCC_WARN_UNINITIALIZED_AUTOS = YES_AGGRESSIVE;
				GCC_WARN_UNUSED_FUNCTION = YES;
				GCC_WARN_UNUSED_VARIABLE = YES;
				MACOSX_DEPLOYMENT_TARGET = 10.11;
				MTL_ENABLE_DEBUG_INFO = YES;
				ONLY_ACTIVE_ARCH = YES;
				SDKROOT = macosx;
			};
			name = Debug;
		};
		AAFCEA8F1D9369EE0040E09E /* Release */ = {
			isa = XCBuildConfiguration;
			buildSettings = {
				ALWAYS_SEARCH_USER_PATHS = NO;
				CLANG_ANALYZER_NONNULL = YES;
				CLANG_CXX_LANGUAGE_STANDARD = "gnu++0x";
				CLANG_CXX_LIBRARY = "libc++";
				CLANG_ENABLE_MODULES = YES;
				CLANG_ENABLE_OBJC_ARC = YES;
				CLANG_WARN_BOOL_CONVERSION = YES;
				CLANG_WARN_CONSTANT_CONVERSION = YES;
				CLANG_WARN_DIRECT_OBJC_ISA_USAGE = YES_ERROR;
				CLANG_WARN_DOCUMENTATION_COMMENTS = YES;
				CLANG_WARN_EMPTY_BODY = YES;
				CLANG_WARN_ENUM_CONVERSION = YES;
				CLANG_WARN_INFINITE_RECURSION = YES;
				CLANG_WARN_INT_CONVERSION = YES;
				CLANG_WARN_OBJC_ROOT_CLASS = YES_ERROR;
				CLANG_WARN_SUSPICIOUS_MOVES = YES;
				CLANG_WARN_UNREACHABLE_CODE = YES;
				CLANG_WARN__DUPLICATE_METHOD_MATCH = YES;
				CODE_SIGN_IDENTITY = "-";
				COPY_PHASE_STRIP = NO;
				DEBUG_INFORMATION_FORMAT = "dwarf-with-dsym";
				ENABLE_NS_ASSERTIONS = NO;
				ENABLE_STRICT_OBJC_MSGSEND = YES;
				GCC_C_LANGUAGE_STANDARD = gnu99;
				GCC_NO_COMMON_BLOCKS = YES;
				GCC_WARN_64_TO_32_BIT_CONVERSION = YES;
				GCC_WARN_ABOUT_RETURN_TYPE = YES_ERROR;
				GCC_WARN_UNDECLARED_SELECTOR = YES;
				GCC_WARN_UNINITIALIZED_AUTOS = YES_AGGRESSIVE;
				GCC_WARN_UNUSED_FUNCTION = YES;
				GCC_WARN_UNUSED_VARIABLE = YES;
				MACOSX_DEPLOYMENT_TARGET = 10.11;
				MTL_ENABLE_DEBUG_INFO = NO;
				SDKROOT = macosx;
			};
			name = Release;
		};
		AAFCEA911D9369EE0040E09E /* Debug */ = {
			isa = XCBuildConfiguration;
			buildSettings = {
				PRODUCT_NAME = "$(TARGET_NAME)";
			};
			name = Debug;
		};
		AAFCEA921D9369EE0040E09E /* Release */ = {
			isa = XCBuildConfiguration;
			buildSettings = {
				PRODUCT_NAME = "$(TARGET_NAME)";
			};
			name = Release;
		};
/* End XCBuildConfiguration section */

/* Begin XCConfigurationList section */
		AAFCEA841D9369EE0040E09E /* Build configuration list for PBXProject "ExtendsExample" */ = {
			isa = XCConfigurationList;
			buildConfigurations = (
				AAFCEA8E1D9369EE0040E09E /* Debug */,
				AAFCEA8F1D9369EE0040E09E /* Release */,
			);
			defaultConfigurationIsVisible = 0;
			defaultConfigurationName = Release;
		};
		AAFCEA901D9369EE0040E09E /* Build configuration list for PBXNativeTarget "ExtendsExample" */ = {
			isa = XCConfigurationList;
			buildConfigurations = (
				AAFCEA911D9369EE0040E09E /* Debug */,
				AAFCEA921D9369EE0040E09E /* Release */,
			);
			defaultConfigurationIsVisible = 0;
			defaultConfigurationName = Release;
		};
/* End XCConfigurationList section */
	};
	rootObject = AAFCEA811D9369EE0040E09E /* Project object */;
}
