// !$*UTF8*$!
{
	archiveVersion = 1;
	classes = {
	};
	objectVersion = 46;
	objects = {

/* Begin PBXBuildFile section */
		AA8BA2C11DA37FBA00D37389 /* WhileClass.m in Sources */ = {isa = PBXBuildFile; fileRef = AA8BA2C01DA37FBA00D37389 /* WhileClass.m */; };
		AAA43BBD1DA37F1300BF4FDB /* main.m in Sources */ = {isa = PBXBuildFile; fileRef = AAA43BBC1DA37F1300BF4FDB /* main.m */; };
/* End PBXBuildFile section */

/* Begin PBXCopyFilesBuildPhase section */
		AAA43BB71DA37F1300BF4FDB /* CopyFiles */ = {
			isa = PBXCopyFilesBuildPhase;
			buildActionMask = 2147483647;
			dstPath = /usr/share/man/man1/;
			dstSubfolderSpec = 0;
			files = (
			);
			runOnlyForDeploymentPostprocessing = 1;
		};
/* End PBXCopyFilesBuildPhase section */

/* Begin PBXFileReference section */
		AA8BA2BF1DA37FBA00D37389 /* WhileClass.h */ = {isa = PBXFileReference; fileEncoding = 4; lastKnownFileType = sourcecode.c.h; path = WhileClass.h; sourceTree = "<group>"; };
		AA8BA2C01DA37FBA00D37389 /* WhileClass.m */ = {isa = PBXFileReference; fileEncoding = 4; lastKnownFileType = sourcecode.c.objc; path = WhileClass.m; sourceTree = "<group>"; };
		AAA43BB91DA37F1300BF4FDB /* [1004]WhileExample */ = {isa = PBXFileReference; explicitFileType = "compiled.mach-o.executable"; includeInIndex = 0; path = "[1004]WhileExample"; sourceTree = BUILT_PRODUCTS_DIR; };
		AAA43BBC1DA37F1300BF4FDB /* main.m */ = {isa = PBXFileReference; lastKnownFileType = sourcecode.c.objc; path = main.m; sourceTree = "<group>"; };
/* End PBXFileReference section */

/* Begin PBXFrameworksBuildPhase section */
		AAA43BB61DA37F1300BF4FDB /* Frameworks */ = {
			isa = PBXFrameworksBuildPhase;
			buildActionMask = 2147483647;
			files = (
			);
			runOnlyForDeploymentPostprocessing = 0;
		};
/* End PBXFrameworksBuildPhase section */

/* Begin PBXGroup section */
		AAA43BB01DA37F1300BF4FDB = {
			isa = PBXGroup;
			children = (
				AAA43BBB1DA37F1300BF4FDB /* [1004]WhileExample */,
				AAA43BBA1DA37F1300BF4FDB /* Products */,
			);
			sourceTree = "<group>";
		};
		AAA43BBA1DA37F1300BF4FDB /* Products */ = {
			isa = PBXGroup;
			children = (
				AAA43BB91DA37F1300BF4FDB /* [1004]WhileExample */,
			);
			name = Products;
			sourceTree = "<group>";
		};
		AAA43BBB1DA37F1300BF4FDB /* [1004]WhileExample */ = {
			isa = PBXGroup;
			children = (
				AAA43BBC1DA37F1300BF4FDB /* main.m */,
				AA8BA2BF1DA37FBA00D37389 /* WhileClass.h */,
				AA8BA2C01DA37FBA00D37389 /* WhileClass.m */,
			);
			path = "[1004]WhileExample";
			sourceTree = "<group>";
		};
/* End PBXGroup section */

/* Begin PBXNativeTarget section */
		AAA43BB81DA37F1300BF4FDB /* [1004]WhileExample */ = {
			isa = PBXNativeTarget;
			buildConfigurationList = AAA43BC01DA37F1300BF4FDB /* Build configuration list for PBXNativeTarget "[1004]WhileExample" */;
			buildPhases = (
				AAA43BB51DA37F1300BF4FDB /* Sources */,
				AAA43BB61DA37F1300BF4FDB /* Frameworks */,
				AAA43BB71DA37F1300BF4FDB /* CopyFiles */,
			);
			buildRules = (
			);
			dependencies = (
			);
			name = "[1004]WhileExample";
			productName = "[1004]WhileExample";
			productReference = AAA43BB91DA37F1300BF4FDB /* [1004]WhileExample */;
			productType = "com.apple.product-type.tool";
		};
/* End PBXNativeTarget section */

/* Begin PBXProject section */
		AAA43BB11DA37F1300BF4FDB /* Project object */ = {
			isa = PBXProject;
			attributes = {
				LastUpgradeCheck = 0800;
				ORGANIZATIONNAME = iosSchool;
				TargetAttributes = {
					AAA43BB81DA37F1300BF4FDB = {
						CreatedOnToolsVersion = 8.0;
						ProvisioningStyle = Automatic;
					};
				};
			};
			buildConfigurationList = AAA43BB41DA37F1300BF4FDB /* Build configuration list for PBXProject "[1004]WhileExample" */;
			compatibilityVersion = "Xcode 3.2";
			developmentRegion = English;
			hasScannedForEncodings = 0;
			knownRegions = (
				en,
			);
			mainGroup = AAA43BB01DA37F1300BF4FDB;
			productRefGroup = AAA43BBA1DA37F1300BF4FDB /* Products */;
			projectDirPath = "";
			projectRoot = "";
			targets = (
				AAA43BB81DA37F1300BF4FDB /* [1004]WhileExample */,
			);
		};
/* End PBXProject section */

/* Begin PBXSourcesBuildPhase section */
		AAA43BB51DA37F1300BF4FDB /* Sources */ = {
			isa = PBXSourcesBuildPhase;
			buildActionMask = 2147483647;
			files = (
				AA8BA2C11DA37FBA00D37389 /* WhileClass.m in Sources */,
				AAA43BBD1DA37F1300BF4FDB /* main.m in Sources */,
			);
			runOnlyForDeploymentPostprocessing = 0;
		};
/* End PBXSourcesBuildPhase section */

/* Begin XCBuildConfiguration section */
		AAA43BBE1DA37F1300BF4FDB /* Debug */ = {
			isa = XCBuildConfiguration;
			buildSettings = {
				ALWAYS_SEARCH_USER_PATHS = NO;
				CLANG_ANALYZER_NONNULL = YES;
				CLANG_CXX_LANGUAGE_STANDARD = "gnu++0x";
				CLANG_CXX_LIBRARY = "libc++";
				CLANG_ENABLE_MODULES = YES;
				CLANG_ENABLE_OBJC_ARC = YES;
				CLANG_WARN_BOOL_CONVERSION = YES;
				CLANG_WARN_CONSTANT_CONVERSION = YES;
				CLANG_WARN_DIRECT_OBJC_ISA_USAGE = YES_ERROR;
				CLANG_WARN_DOCUMENTATION_COMMENTS = YES;
				CLANG_WARN_EMPTY_BODY = YES;
				CLANG_WARN_ENUM_CONVERSION = YES;
				CLANG_WARN_INFINITE_RECURSION = YES;
				CLANG_WARN_INT_CONVERSION = YES;
				CLANG_WARN_OBJC_ROOT_CLASS = YES_ERROR;
				CLANG_WARN_SUSPICIOUS_MOVES = YES;
				CLANG_WARN_UNREACHABLE_CODE = YES;
				CLANG_WARN__DUPLICATE_METHOD_MATCH = YES;
				CODE_SIGN_IDENTITY = "-";
				COPY_PHASE_STRIP = NO;
				DEBUG_INFORMATION_FORMAT = dwarf;
				ENABLE_STRICT_OBJC_MSGSEND = YES;
				ENABLE_TESTABILITY = YES;
				GCC_C_LANGUAGE_STANDARD = gnu99;
				GCC_DYNAMIC_NO_PIC = NO;
				GCC_NO_COMMON_BLOCKS = YES;
				GCC_OPTIMIZATION_LEVEL = 0;
				GCC_PREPROCESSOR_DEFINITIONS = (
					"DEBUG=1",
					"$(inherited)",
				);
				GCC_WARN_64_TO_32_BIT_CONVERSION = YES;
				GCC_WARN_ABOUT_RETURN_TYPE = YES_ERROR;
				GCC_WARN_UNDECLARED_SELECTOR = YES;
				GCC_WARN_UNINITIALIZED_AUTOS = YES_AGGRESSIVE;
				GCC_WARN_UNUSED_FUNCTION = YES;
				GCC_WARN_UNUSED_VARIABLE = YES;
				MACOSX_DEPLOYMENT_TARGET = 10.11;
				MTL_ENABLE_DEBUG_INFO = YES;
				ONLY_ACTIVE_ARCH = YES;
				SDKROOT = macosx;
			};
			name = Debug;
		};
		AAA43BBF1DA37F1300BF4FDB /* Release */ = {
			isa = XCBuildConfiguration;
			buildSettings = {
				ALWAYS_SEARCH_USER_PATHS = NO;
				CLANG_ANALYZER_NONNULL = YES;
				CLANG_CXX_LANGUAGE_STANDARD = "gnu++0x";
				CLANG_CXX_LIBRARY = "libc++";
				CLANG_ENABLE_MODULES = YES;
				CLANG_ENABLE_OBJC_ARC = YES;
				CLANG_WARN_BOOL_CONVERSION = YES;
				CLANG_WARN_CONSTANT_CONVERSION = YES;
				CLANG_WARN_DIRECT_OBJC_ISA_USAGE = YES_ERROR;
				CLANG_WARN_DOCUMENTATION_COMMENTS = YES;
				CLANG_WARN_EMPTY_BODY = YES;
				CLANG_WARN_ENUM_CONVERSION = YES;
				CLANG_WARN_INFINITE_RECURSION = YES;
				CLANG_WARN_INT_CONVERSION = YES;
				CLANG_WARN_OBJC_ROOT_CLASS = YES_ERROR;
				CLANG_WARN_SUSPICIOUS_MOVES = YES;
				CLANG_WARN_UNREACHABLE_CODE = YES;
				CLANG_WARN__DUPLICATE_METHOD_MATCH = YES;
				CODE_SIGN_IDENTITY = "-";
				COPY_PHASE_STRIP = NO;
				DEBUG_INFORMATION_FORMAT = "dwarf-with-dsym";
				ENABLE_NS_ASSERTIONS = NO;
				ENABLE_STRICT_OBJC_MSGSEND = YES;
				GCC_C_LANGUAGE_STANDARD = gnu99;
				GCC_NO_COMMON_BLOCKS = YES;
				GCC_WARN_64_TO_32_BIT_CONVERSION = YES;
				GCC_WARN_ABOUT_RETURN_TYPE = YES_ERROR;
				GCC_WARN_UNDECLARED_SELECTOR = YES;
				GCC_WARN_UNINITIALIZED_AUTOS = YES_AGGRESSIVE;
				GCC_WARN_UNUSED_FUNCTION = YES;
				GCC_WARN_UNUSED_VARIABLE = YES;
				MACOSX_DEPLOYMENT_TARGET = 10.11;
				MTL_ENABLE_DEBUG_INFO = NO;
				SDKROOT = macosx;
			};
			name = Release;
		};
		AAA43BC11DA37F1300BF4FDB /* Debug */ = {
			isa = XCBuildConfiguration;
			buildSettings = {
				PRODUCT_NAME = "$(TARGET_NAME)";
			};
			name = Debug;
		};
		AAA43BC21DA37F1300BF4FDB /* Release */ = {
			isa = XCBuildConfiguration;
			buildSettings = {
				PRODUCT_NAME = "$(TARGET_NAME)";
			};
			name = Release;
		};
/* End XCBuildConfiguration section */

/* Begin XCConfigurationList section */
		AAA43BB41DA37F1300BF4FDB /* Build configuration list for PBXProject "[1004]WhileExample" */ = {
			isa = XCConfigurationList;
			buildConfigurations = (
				AAA43BBE1DA37F1300BF4FDB /* Debug */,
				AAA43BBF1DA37F1300BF4FDB /* Release */,
			);
			defaultConfigurationIsVisible = 0;
			defaultConfigurationName = Release;
		};
		AAA43BC01DA37F1300BF4FDB /* Build configuration list for PBXNativeTarget "[1004]WhileExample" */ = {
			isa = XCConfigurationList;
			buildConfigurations = (
				AAA43BC11DA37F1300BF4FDB /* Debug */,
				AAA43BC21DA37F1300BF4FDB /* Release */,
			);
			defaultConfigurationIsVisible = 0;
			defaultConfigurationName = Release;
		};
/* End XCConfigurationList section */
	};
	rootObject = AAA43BB11DA37F1300BF4FDB /* Project object */;
}
