// !$*UTF8*$!
{
	archiveVersion = 1;
	classes = {
	};
	objectVersion = 46;
	objects = {

/* Begin PBXBuildFile section */
		AA6C73131DAF538500F686CD /* main.m in Sources */ = {isa = PBXBuildFile; fileRef = AA6C73121DAF538500F686CD /* main.m */; };
		AA6C73161DAF538500F686CD /* AppDelegate.m in Sources */ = {isa = PBXBuildFile; fileRef = AA6C73151DAF538500F686CD /* AppDelegate.m */; };
		AA6C73191DAF538500F686CD /* ViewController.m in Sources */ = {isa = PBXBuildFile; fileRef = AA6C73181DAF538500F686CD /* ViewController.m */; };
		AA6C731C1DAF538500F686CD /* Main.storyboard in Resources */ = {isa = PBXBuildFile; fileRef = AA6C731A1DAF538500F686CD /* Main.storyboard */; };
		AA6C731E1DAF538500F686CD /* Assets.xcassets in Resources */ = {isa = PBXBuildFile; fileRef = AA6C731D1DAF538500F686CD /* Assets.xcassets */; };
		AA6C73211DAF538500F686CD /* LaunchScreen.storyboard in Resources */ = {isa = PBXBuildFile; fileRef = AA6C731F1DAF538500F686CD /* LaunchScreen.storyboard */; };
/* End PBXBuildFile section */

/* Begin PBXFileReference section */
		AA6C730E1DAF538500F686CD /* [1013]TableViewExample.app */ = {isa = PBXFileReference; explicitFileType = wrapper.application; includeInIndex = 0; path = "[1013]TableViewExample.app"; sourceTree = BUILT_PRODUCTS_DIR; };
		AA6C73121DAF538500F686CD /* main.m */ = {isa = PBXFileReference; lastKnownFileType = sourcecode.c.objc; path = main.m; sourceTree = "<group>"; };
		AA6C73141DAF538500F686CD /* AppDelegate.h */ = {isa = PBXFileReference; lastKnownFileType = sourcecode.c.h; path = AppDelegate.h; sourceTree = "<group>"; };
		AA6C73151DAF538500F686CD /* AppDelegate.m */ = {isa = PBXFileReference; lastKnownFileType = sourcecode.c.objc; path = AppDelegate.m; sourceTree = "<group>"; };
		AA6C73171DAF538500F686CD /* ViewController.h */ = {isa = PBXFileReference; lastKnownFileType = sourcecode.c.h; path = ViewController.h; sourceTree = "<group>"; };
		AA6C73181DAF538500F686CD /* ViewController.m */ = {isa = PBXFileReference; lastKnownFileType = sourcecode.c.objc; path = ViewController.m; sourceTree = "<group>"; };
		AA6C731B1DAF538500F686CD /* Base */ = {isa = PBXFileReference; lastKnownFileType = file.storyboard; name = Base; path = Base.lproj/Main.storyboard; sourceTree = "<group>"; };
		AA6C731D1DAF538500F686CD /* Assets.xcassets */ = {isa = PBXFileReference; lastKnownFileType = folder.assetcatalog; path = Assets.xcassets; sourceTree = "<group>"; };
		AA6C73201DAF538500F686CD /* Base */ = {isa = PBXFileReference; lastKnownFileType = file.storyboard; name = Base; path = Base.lproj/LaunchScreen.storyboard; sourceTree = "<group>"; };
		AA6C73221DAF538500F686CD /* Info.plist */ = {isa = PBXFileReference; lastKnownFileType = text.plist.xml; path = Info.plist; sourceTree = "<group>"; };
/* End PBXFileReference section */

/* Begin PBXFrameworksBuildPhase section */
		AA6C730B1DAF538500F686CD /* Frameworks */ = {
			isa = PBXFrameworksBuildPhase;
			buildActionMask = 2147483647;
			files = (
			);
			runOnlyForDeploymentPostprocessing = 0;
		};
/* End PBXFrameworksBuildPhase section */

/* Begin PBXGroup section */
		AA6C73051DAF538500F686CD = {
			isa = PBXGroup;
			children = (
				AA6C73101DAF538500F686CD /* [1013]TableViewExample */,
				AA6C730F1DAF538500F686CD /* Products */,
			);
			sourceTree = "<group>";
		};
		AA6C730F1DAF538500F686CD /* Products */ = {
			isa = PBXGroup;
			children = (
				AA6C730E1DAF538500F686CD /* [1013]TableViewExample.app */,
			);
			name = Products;
			sourceTree = "<group>";
		};
		AA6C73101DAF538500F686CD /* [1013]TableViewExample */ = {
			isa = PBXGroup;
			children = (
				AA6C73141DAF538500F686CD /* AppDelegate.h */,
				AA6C73151DAF538500F686CD /* AppDelegate.m */,
				AA6C73171DAF538500F686CD /* ViewController.h */,
				AA6C73181DAF538500F686CD /* ViewController.m */,
				AA6C731A1DAF538500F686CD /* Main.storyboard */,
				AA6C731D1DAF538500F686CD /* Assets.xcassets */,
				AA6C731F1DAF538500F686CD /* LaunchScreen.storyboard */,
				AA6C73221DAF538500F686CD /* Info.plist */,
				AA6C73111DAF538500F686CD /* Supporting Files */,
			);
			path = "[1013]TableViewExample";
			sourceTree = "<group>";
		};
		AA6C73111DAF538500F686CD /* Supporting Files */ = {
			isa = PBXGroup;
			children = (
				AA6C73121DAF538500F686CD /* main.m */,
			);
			name = "Supporting Files";
			sourceTree = "<group>";
		};
/* End PBXGroup section */

/* Begin PBXNativeTarget section */
		AA6C730D1DAF538500F686CD /* [1013]TableViewExample */ = {
			isa = PBXNativeTarget;
			buildConfigurationList = AA6C73251DAF538500F686CD /* Build configuration list for PBXNativeTarget "[1013]TableViewExample" */;
			buildPhases = (
				AA6C730A1DAF538500F686CD /* Sources */,
				AA6C730B1DAF538500F686CD /* Frameworks */,
				AA6C730C1DAF538500F686CD /* Resources */,
			);
			buildRules = (
			);
			dependencies = (
			);
			name = "[1013]TableViewExample";
			productName = "[1013]TableViewExample";
			productReference = AA6C730E1DAF538500F686CD /* [1013]TableViewExample.app */;
			productType = "com.apple.product-type.application";
		};
/* End PBXNativeTarget section */

/* Begin PBXProject section */
		AA6C73061DAF538500F686CD /* Project object */ = {
			isa = PBXProject;
			attributes = {
				LastUpgradeCheck = 0800;
				ORGANIZATIONNAME = iosSchool;
				TargetAttributes = {
					AA6C730D1DAF538500F686CD = {
						CreatedOnToolsVersion = 8.0;
						ProvisioningStyle = Automatic;
					};
				};
			};
			buildConfigurationList = AA6C73091DAF538500F686CD /* Build configuration list for PBXProject "[1013]TableViewExample" */;
			compatibilityVersion = "Xcode 3.2";
			developmentRegion = English;
			hasScannedForEncodings = 0;
			knownRegions = (
				en,
				Base,
			);
			mainGroup = AA6C73051DAF538500F686CD;
			productRefGroup = AA6C730F1DAF538500F686CD /* Products */;
			projectDirPath = "";
			projectRoot = "";
			targets = (
				AA6C730D1DAF538500F686CD /* [1013]TableViewExample */,
			);
		};
/* End PBXProject section */

/* Begin PBXResourcesBuildPhase section */
		AA6C730C1DAF538500F686CD /* Resources */ = {
			isa = PBXResourcesBuildPhase;
			buildActionMask = 2147483647;
			files = (
				AA6C73211DAF538500F686CD /* LaunchScreen.storyboard in Resources */,
				AA6C731E1DAF538500F686CD /* Assets.xcassets in Resources */,
				AA6C731C1DAF538500F686CD /* Main.storyboard in Resources */,
			);
			runOnlyForDeploymentPostprocessing = 0;
		};
/* End PBXResourcesBuildPhase section */

/* Begin PBXSourcesBuildPhase section */
		AA6C730A1DAF538500F686CD /* Sources */ = {
			isa = PBXSourcesBuildPhase;
			buildActionMask = 2147483647;
			files = (
				AA6C73191DAF538500F686CD /* ViewController.m in Sources */,
				AA6C73161DAF538500F686CD /* AppDelegate.m in Sources */,
				AA6C73131DAF538500F686CD /* main.m in Sources */,
			);
			runOnlyForDeploymentPostprocessing = 0;
		};
/* End PBXSourcesBuildPhase section */

/* Begin PBXVariantGroup section */
		AA6C731A1DAF538500F686CD /* Main.storyboard */ = {
			isa = PBXVariantGroup;
			children = (
				AA6C731B1DAF538500F686CD /* Base */,
			);
			name = Main.storyboard;
			sourceTree = "<group>";
		};
		AA6C731F1DAF538500F686CD /* LaunchScreen.storyboard */ = {
			isa = PBXVariantGroup;
			children = (
				AA6C73201DAF538500F686CD /* Base */,
			);
			name = LaunchScreen.storyboard;
			sourceTree = "<group>";
		};
/* End PBXVariantGroup section */

/* Begin XCBuildConfiguration section */
		AA6C73231DAF538500F686CD /* Debug */ = {
			isa = XCBuildConfiguration;
			buildSettings = {
				ALWAYS_SEARCH_USER_PATHS = NO;
				CLANG_ANALYZER_NONNULL = YES;
				CLANG_CXX_LANGUAGE_STANDARD = "gnu++0x";
				CLANG_CXX_LIBRARY = "libc++";
				CLANG_ENABLE_MODULES = YES;
				CLANG_ENABLE_OBJC_ARC = YES;
				CLANG_WARN_BOOL_CONVERSION = YES;
				CLANG_WARN_CONSTANT_CONVERSION = YES;
				CLANG_WARN_DIRECT_OBJC_ISA_USAGE = YES_ERROR;
				CLANG_WARN_DOCUMENTATION_COMMENTS = YES;
				CLANG_WARN_EMPTY_BODY = YES;
				CLANG_WARN_ENUM_CONVERSION = YES;
				CLANG_WARN_INFINITE_RECURSION = YES;
				CLANG_WARN_INT_CONVERSION = YES;
				CLANG_WARN_OBJC_ROOT_CLASS = YES_ERROR;
				CLANG_WARN_SUSPICIOUS_MOVES = YES;
				CLANG_WARN_UNREACHABLE_CODE = YES;
				CLANG_WARN__DUPLICATE_METHOD_MATCH = YES;
				"CODE_SIGN_IDENTITY[sdk=iphoneos*]" = "iPhone Developer";
				COPY_PHASE_STRIP = NO;
				DEBUG_INFORMATION_FORMAT = dwarf;
				ENABLE_STRICT_OBJC_MSGSEND = YES;
				ENABLE_TESTABILITY = YES;
				GCC_C_LANGUAGE_STANDARD = gnu99;
				GCC_DYNAMIC_NO_PIC = NO;
				GCC_NO_COMMON_BLOCKS = YES;
				GCC_OPTIMIZATION_LEVEL = 0;
				GCC_PREPROCESSOR_DEFINITIONS = (
					"DEBUG=1",
					"$(inherited)",
				);
				GCC_WARN_64_TO_32_BIT_CONVERSION = YES;
				GCC_WARN_ABOUT_RETURN_TYPE = YES_ERROR;
				GCC_WARN_UNDECLARED_SELECTOR = YES;
				GCC_WARN_UNINITIALIZED_AUTOS = YES_AGGRESSIVE;
				GCC_WARN_UNUSED_FUNCTION = YES;
				GCC_WARN_UNUSED_VARIABLE = YES;
				IPHONEOS_DEPLOYMENT_TARGET = 10.0;
				MTL_ENABLE_DEBUG_INFO = YES;
				ONLY_ACTIVE_ARCH = YES;
				SDKROOT = iphoneos;
			};
			name = Debug;
		};
		AA6C73241DAF538500F686CD /* Release */ = {
			isa = XCBuildConfiguration;
			buildSettings = {
				ALWAYS_SEARCH_USER_PATHS = NO;
				CLANG_ANALYZER_NONNULL = YES;
				CLANG_CXX_LANGUAGE_STANDARD = "gnu++0x";
				CLANG_CXX_LIBRARY = "libc++";
				CLANG_ENABLE_MODULES = YES;
				CLANG_ENABLE_OBJC_ARC = YES;
				CLANG_WARN_BOOL_CONVERSION = YES;
				CLANG_WARN_CONSTANT_CONVERSION = YES;
				CLANG_WARN_DIRECT_OBJC_ISA_USAGE = YES_ERROR;
				CLANG_WARN_DOCUMENTATION_COMMENTS = YES;
				CLANG_WARN_EMPTY_BODY = YES;
				CLANG_WARN_ENUM_CONVERSION = YES;
				CLANG_WARN_INFINITE_RECURSION = YES;
				CLANG_WARN_INT_CONVERSION = YES;
				CLANG_WARN_OBJC_ROOT_CLASS = YES_ERROR;
				CLANG_WARN_SUSPICIOUS_MOVES = YES;
				CLANG_WARN_UNREACHABLE_CODE = YES;
				CLANG_WARN__DUPLICATE_METHOD_MATCH = YES;
				"CODE_SIGN_IDENTITY[sdk=iphoneos*]" = "iPhone Developer";
				COPY_PHASE_STRIP = NO;
				DEBUG_INFORMATION_FORMAT = "dwarf-with-dsym";
				ENABLE_NS_ASSERTIONS = NO;
				ENABLE_STRICT_OBJC_MSGSEND = YES;
				GCC_C_LANGUAGE_STANDARD = gnu99;
				GCC_NO_COMMON_BLOCKS = YES;
				GCC_WARN_64_TO_32_BIT_CONVERSION = YES;
				GCC_WARN_ABOUT_RETURN_TYPE = YES_ERROR;
				GCC_WARN_UNDECLARED_SELECTOR = YES;
				GCC_WARN_UNINITIALIZED_AUTOS = YES_AGGRESSIVE;
				GCC_WARN_UNUSED_FUNCTION = YES;
				GCC_WARN_UNUSED_VARIABLE = YES;
				IPHONEOS_DEPLOYMENT_TARGET = 10.0;
				MTL_ENABLE_DEBUG_INFO = NO;
				SDKROOT = iphoneos;
				VALIDATE_PRODUCT = YES;
			};
			name = Release;
		};
		AA6C73261DAF538500F686CD /* Debug */ = {
			isa = XCBuildConfiguration;
			buildSettings = {
				ASSETCATALOG_COMPILER_APPICON_NAME = AppIcon;
				INFOPLIST_FILE = "[1013]TableViewExample/Info.plist";
				LD_RUNPATH_SEARCH_PATHS = "$(inherited) @executable_path/Frameworks";
				PRODUCT_BUNDLE_IDENTIFIER = "com.celeste.-1013-TableViewExample";
				PRODUCT_NAME = "$(TARGET_NAME)";
			};
			name = Debug;
		};
		AA6C73271DAF538500F686CD /* Release */ = {
			isa = XCBuildConfiguration;
			buildSettings = {
				ASSETCATALOG_COMPILER_APPICON_NAME = AppIcon;
				INFOPLIST_FILE = "[1013]TableViewExample/Info.plist";
				LD_RUNPATH_SEARCH_PATHS = "$(inherited) @executable_path/Frameworks";
				PRODUCT_BUNDLE_IDENTIFIER = "com.celeste.-1013-TableViewExample";
				PRODUCT_NAME = "$(TARGET_NAME)";
			};
			name = Release;
		};
/* End XCBuildConfiguration section */

/* Begin XCConfigurationList section */
		AA6C73091DAF538500F686CD /* Build configuration list for PBXProject "[1013]TableViewExample" */ = {
			isa = XCConfigurationList;
			buildConfigurations = (
				AA6C73231DAF538500F686CD /* Debug */,
				AA6C73241DAF538500F686CD /* Release */,
			);
			defaultConfigurationIsVisible = 0;
			defaultConfigurationName = Release;
		};
		AA6C73251DAF538500F686CD /* Build configuration list for PBXNativeTarget "[1013]TableViewExample" */ = {
			isa = XCConfigurationList;
			buildConfigurations = (
				AA6C73261DAF538500F686CD /* Debug */,
				AA6C73271DAF538500F686CD /* Release */,
			);
			defaultConfigurationIsVisible = 0;
		};
/* End XCConfigurationList section */
	};
	rootObject = AA6C73061DAF538500F686CD /* Project object */;
}
