// !$*UTF8*$!
{
	archiveVersion = 1;
	classes = {
	};
	objectVersion = 46;
	objects = {

/* Begin PBXBuildFile section */
		AA5E6B761DB0DA1300299EE2 /* 1.jpg in Resources */ = {isa = PBXBuildFile; fileRef = AA5E6B731DB0DA1300299EE2 /* 1.jpg */; };
		AA5E6B771DB0DA1300299EE2 /* 2.jpg in Resources */ = {isa = PBXBuildFile; fileRef = AA5E6B741DB0DA1300299EE2 /* 2.jpg */; };
		AA5E6B781DB0DA1300299EE2 /* 3.jpg in Resources */ = {isa = PBXBuildFile; fileRef = AA5E6B751DB0DA1300299EE2 /* 3.jpg */; };
		AAF49A5C1DB0C96E00BE59B8 /* main.m in Sources */ = {isa = PBXBuildFile; fileRef = AAF49A5B1DB0C96E00BE59B8 /* main.m */; };
		AAF49A5F1DB0C96E00BE59B8 /* AppDelegate.m in Sources */ = {isa = PBXBuildFile; fileRef = AAF49A5E1DB0C96E00BE59B8 /* AppDelegate.m */; };
		AAF49A621DB0C96E00BE59B8 /* ViewController.m in Sources */ = {isa = PBXBuildFile; fileRef = AAF49A611DB0C96E00BE59B8 /* ViewController.m */; };
		AAF49A651DB0C96E00BE59B8 /* Main.storyboard in Resources */ = {isa = PBXBuildFile; fileRef = AAF49A631DB0C96E00BE59B8 /* Main.storyboard */; };
		AAF49A671DB0C96E00BE59B8 /* Assets.xcassets in Resources */ = {isa = PBXBuildFile; fileRef = AAF49A661DB0C96E00BE59B8 /* Assets.xcassets */; };
		AAF49A6A1DB0C96E00BE59B8 /* LaunchScreen.storyboard in Resources */ = {isa = PBXBuildFile; fileRef = AAF49A681DB0C96E00BE59B8 /* LaunchScreen.storyboard */; };
		AAF49A731DB0CB5000BE59B8 /* IdolCell.m in Sources */ = {isa = PBXBuildFile; fileRef = AAF49A721DB0CB5000BE59B8 /* IdolCell.m */; };
/* End PBXBuildFile section */

/* Begin PBXFileReference section */
		AA5E6B731DB0DA1300299EE2 /* 1.jpg */ = {isa = PBXFileReference; lastKnownFileType = image.jpeg; path = 1.jpg; sourceTree = "<group>"; };
		AA5E6B741DB0DA1300299EE2 /* 2.jpg */ = {isa = PBXFileReference; lastKnownFileType = image.jpeg; path = 2.jpg; sourceTree = "<group>"; };
		AA5E6B751DB0DA1300299EE2 /* 3.jpg */ = {isa = PBXFileReference; lastKnownFileType = image.jpeg; path = 3.jpg; sourceTree = "<group>"; };
		AAF49A571DB0C96E00BE59B8 /* [1014]CustomViewExample.app */ = {isa = PBXFileReference; explicitFileType = wrapper.application; includeInIndex = 0; path = "[1014]CustomViewExample.app"; sourceTree = BUILT_PRODUCTS_DIR; };
		AAF49A5B1DB0C96E00BE59B8 /* main.m */ = {isa = PBXFileReference; lastKnownFileType = sourcecode.c.objc; path = main.m; sourceTree = "<group>"; };
		AAF49A5D1DB0C96E00BE59B8 /* AppDelegate.h */ = {isa = PBXFileReference; lastKnownFileType = sourcecode.c.h; path = AppDelegate.h; sourceTree = "<group>"; };
		AAF49A5E1DB0C96E00BE59B8 /* AppDelegate.m */ = {isa = PBXFileReference; lastKnownFileType = sourcecode.c.objc; path = AppDelegate.m; sourceTree = "<group>"; };
		AAF49A601DB0C96E00BE59B8 /* ViewController.h */ = {isa = PBXFileReference; lastKnownFileType = sourcecode.c.h; path = ViewController.h; sourceTree = "<group>"; };
		AAF49A611DB0C96E00BE59B8 /* ViewController.m */ = {isa = PBXFileReference; lastKnownFileType = sourcecode.c.objc; path = ViewController.m; sourceTree = "<group>"; };
		AAF49A641DB0C96E00BE59B8 /* Base */ = {isa = PBXFileReference; lastKnownFileType = file.storyboard; name = Base; path = Base.lproj/Main.storyboard; sourceTree = "<group>"; };
		AAF49A661DB0C96E00BE59B8 /* Assets.xcassets */ = {isa = PBXFileReference; lastKnownFileType = folder.assetcatalog; path = Assets.xcassets; sourceTree = "<group>"; };
		AAF49A691DB0C96E00BE59B8 /* Base */ = {isa = PBXFileReference; lastKnownFileType = file.storyboard; name = Base; path = Base.lproj/LaunchScreen.storyboard; sourceTree = "<group>"; };
		AAF49A6B1DB0C96E00BE59B8 /* Info.plist */ = {isa = PBXFileReference; lastKnownFileType = text.plist.xml; path = Info.plist; sourceTree = "<group>"; };
		AAF49A711DB0CB5000BE59B8 /* IdolCell.h */ = {isa = PBXFileReference; fileEncoding = 4; lastKnownFileType = sourcecode.c.h; path = IdolCell.h; sourceTree = "<group>"; };
		AAF49A721DB0CB5000BE59B8 /* IdolCell.m */ = {isa = PBXFileReference; fileEncoding = 4; lastKnownFileType = sourcecode.c.objc; path = IdolCell.m; sourceTree = "<group>"; };
/* End PBXFileReference section */

/* Begin PBXFrameworksBuildPhase section */
		AAF49A541DB0C96E00BE59B8 /* Frameworks */ = {
			isa = PBXFrameworksBuildPhase;
			buildActionMask = 2147483647;
			files = (
			);
			runOnlyForDeploymentPostprocessing = 0;
		};
/* End PBXFrameworksBuildPhase section */

/* Begin PBXGroup section */
		AAF49A4E1DB0C96E00BE59B8 = {
			isa = PBXGroup;
			children = (
				AAF49A591DB0C96E00BE59B8 /* [1014]CustomViewExample */,
				AAF49A581DB0C96E00BE59B8 /* Products */,
			);
			sourceTree = "<group>";
		};
		AAF49A581DB0C96E00BE59B8 /* Products */ = {
			isa = PBXGroup;
			children = (
				AAF49A571DB0C96E00BE59B8 /* [1014]CustomViewExample.app */,
			);
			name = Products;
			sourceTree = "<group>";
		};
		AAF49A591DB0C96E00BE59B8 /* [1014]CustomViewExample */ = {
			isa = PBXGroup;
			children = (
				AAF49A5D1DB0C96E00BE59B8 /* AppDelegate.h */,
				AAF49A5E1DB0C96E00BE59B8 /* AppDelegate.m */,
				AAF49A601DB0C96E00BE59B8 /* ViewController.h */,
				AAF49A611DB0C96E00BE59B8 /* ViewController.m */,
				AAF49A711DB0CB5000BE59B8 /* IdolCell.h */,
				AAF49A721DB0CB5000BE59B8 /* IdolCell.m */,
				AAF49A631DB0C96E00BE59B8 /* Main.storyboard */,
				AA5E6B731DB0DA1300299EE2 /* 1.jpg */,
				AA5E6B741DB0DA1300299EE2 /* 2.jpg */,
				AA5E6B751DB0DA1300299EE2 /* 3.jpg */,
				AAF49A661DB0C96E00BE59B8 /* Assets.xcassets */,
				AAF49A681DB0C96E00BE59B8 /* LaunchScreen.storyboard */,
				AAF49A6B1DB0C96E00BE59B8 /* Info.plist */,
				AAF49A5A1DB0C96E00BE59B8 /* Supporting Files */,
			);
			path = "[1014]CustomViewExample";
			sourceTree = "<group>";
		};
		AAF49A5A1DB0C96E00BE59B8 /* Supporting Files */ = {
			isa = PBXGroup;
			children = (
				AAF49A5B1DB0C96E00BE59B8 /* main.m */,
			);
			name = "Supporting Files";
			sourceTree = "<group>";
		};
/* End PBXGroup section */

/* Begin PBXNativeTarget section */
		AAF49A561DB0C96E00BE59B8 /* [1014]CustomViewExample */ = {
			isa = PBXNativeTarget;
			buildConfigurationList = AAF49A6E1DB0C96E00BE59B8 /* Build configuration list for PBXNativeTarget "[1014]CustomViewExample" */;
			buildPhases = (
				AAF49A531DB0C96E00BE59B8 /* Sources */,
				AAF49A541DB0C96E00BE59B8 /* Frameworks */,
				AAF49A551DB0C96E00BE59B8 /* Resources */,
			);
			buildRules = (
			);
			dependencies = (
			);
			name = "[1014]CustomViewExample";
			productName = "[1014]CustomViewExample";
			productReference = AAF49A571DB0C96E00BE59B8 /* [1014]CustomViewExample.app */;
			productType = "com.apple.product-type.application";
		};
/* End PBXNativeTarget section */

/* Begin PBXProject section */
		AAF49A4F1DB0C96E00BE59B8 /* Project object */ = {
			isa = PBXProject;
			attributes = {
				LastUpgradeCheck = 0800;
				ORGANIZATIONNAME = iosSchool;
				TargetAttributes = {
					AAF49A561DB0C96E00BE59B8 = {
						CreatedOnToolsVersion = 8.0;
						ProvisioningStyle = Automatic;
					};
				};
			};
			buildConfigurationList = AAF49A521DB0C96E00BE59B8 /* Build configuration list for PBXProject "[1014]CustomViewExample" */;
			compatibilityVersion = "Xcode 3.2";
			developmentRegion = English;
			hasScannedForEncodings = 0;
			knownRegions = (
				en,
				Base,
			);
			mainGroup = AAF49A4E1DB0C96E00BE59B8;
			productRefGroup = AAF49A581DB0C96E00BE59B8 /* Products */;
			projectDirPath = "";
			projectRoot = "";
			targets = (
				AAF49A561DB0C96E00BE59B8 /* [1014]CustomViewExample */,
			);
		};
/* End PBXProject section */

/* Begin PBXResourcesBuildPhase section */
		AAF49A551DB0C96E00BE59B8 /* Resources */ = {
			isa = PBXResourcesBuildPhase;
			buildActionMask = 2147483647;
			files = (
				AAF49A6A1DB0C96E00BE59B8 /* LaunchScreen.storyboard in Resources */,
				AA5E6B761DB0DA1300299EE2 /* 1.jpg in Resources */,
				AA5E6B771DB0DA1300299EE2 /* 2.jpg in Resources */,
				AA5E6B781DB0DA1300299EE2 /* 3.jpg in Resources */,
				AAF49A671DB0C96E00BE59B8 /* Assets.xcassets in Resources */,
				AAF49A651DB0C96E00BE59B8 /* Main.storyboard in Resources */,
			);
			runOnlyForDeploymentPostprocessing = 0;
		};
/* End PBXResourcesBuildPhase section */

/* Begin PBXSourcesBuildPhase section */
		AAF49A531DB0C96E00BE59B8 /* Sources */ = {
			isa = PBXSourcesBuildPhase;
			buildActionMask = 2147483647;
			files = (
				AAF49A621DB0C96E00BE59B8 /* ViewController.m in Sources */,
				AAF49A731DB0CB5000BE59B8 /* IdolCell.m in Sources */,
				AAF49A5F1DB0C96E00BE59B8 /* AppDelegate.m in Sources */,
				AAF49A5C1DB0C96E00BE59B8 /* main.m in Sources */,
			);
			runOnlyForDeploymentPostprocessing = 0;
		};
/* End PBXSourcesBuildPhase section */

/* Begin PBXVariantGroup section */
		AAF49A631DB0C96E00BE59B8 /* Main.storyboard */ = {
			isa = PBXVariantGroup;
			children = (
				AAF49A641DB0C96E00BE59B8 /* Base */,
			);
			name = Main.storyboard;
			sourceTree = "<group>";
		};
		AAF49A681DB0C96E00BE59B8 /* LaunchScreen.storyboard */ = {
			isa = PBXVariantGroup;
			children = (
				AAF49A691DB0C96E00BE59B8 /* Base */,
			);
			name = LaunchScreen.storyboard;
			sourceTree = "<group>";
		};
/* End PBXVariantGroup section */

/* Begin XCBuildConfiguration section */
		AAF49A6C1DB0C96E00BE59B8 /* Debug */ = {
			isa = XCBuildConfiguration;
			buildSettings = {
				ALWAYS_SEARCH_USER_PATHS = NO;
				CLANG_ANALYZER_NONNULL = YES;
				CLANG_CXX_LANGUAGE_STANDARD = "gnu++0x";
				CLANG_CXX_LIBRARY = "libc++";
				CLANG_ENABLE_MODULES = YES;
				CLANG_ENABLE_OBJC_ARC = YES;
				CLANG_WARN_BOOL_CONVERSION = YES;
				CLANG_WARN_CONSTANT_CONVERSION = YES;
				CLANG_WARN_DIRECT_OBJC_ISA_USAGE = YES_ERROR;
				CLANG_WARN_DOCUMENTATION_COMMENTS = YES;
				CLANG_WARN_EMPTY_BODY = YES;
				CLANG_WARN_ENUM_CONVERSION = YES;
				CLANG_WARN_INFINITE_RECURSION = YES;
				CLANG_WARN_INT_CONVERSION = YES;
				CLANG_WARN_OBJC_ROOT_CLASS = YES_ERROR;
				CLANG_WARN_SUSPICIOUS_MOVES = YES;
				CLANG_WARN_UNREACHABLE_CODE = YES;
				CLANG_WARN__DUPLICATE_METHOD_MATCH = YES;
				"CODE_SIGN_IDENTITY[sdk=iphoneos*]" = "iPhone Developer";
				COPY_PHASE_STRIP = NO;
				DEBUG_INFORMATION_FORMAT = dwarf;
				ENABLE_STRICT_OBJC_MSGSEND = YES;
				ENABLE_TESTABILITY = YES;
				GCC_C_LANGUAGE_STANDARD = gnu99;
				GCC_DYNAMIC_NO_PIC = NO;
				GCC_NO_COMMON_BLOCKS = YES;
				GCC_OPTIMIZATION_LEVEL = 0;
				GCC_PREPROCESSOR_DEFINITIONS = (
					"DEBUG=1",
					"$(inherited)",
				);
				GCC_WARN_64_TO_32_BIT_CONVERSION = YES;
				GCC_WARN_ABOUT_RETURN_TYPE = YES_ERROR;
				GCC_WARN_UNDECLARED_SELECTOR = YES;
				GCC_WARN_UNINITIALIZED_AUTOS = YES_AGGRESSIVE;
				GCC_WARN_UNUSED_FUNCTION = YES;
				GCC_WARN_UNUSED_VARIABLE = YES;
				IPHONEOS_DEPLOYMENT_TARGET = 10.0;
				MTL_ENABLE_DEBUG_INFO = YES;
				ONLY_ACTIVE_ARCH = YES;
				SDKROOT = iphoneos;
			};
			name = Debug;
		};
		AAF49A6D1DB0C96E00BE59B8 /* Release */ = {
			isa = XCBuildConfiguration;
			buildSettings = {
				ALWAYS_SEARCH_USER_PATHS = NO;
				CLANG_ANALYZER_NONNULL = YES;
				CLANG_CXX_LANGUAGE_STANDARD = "gnu++0x";
				CLANG_CXX_LIBRARY = "libc++";
				CLANG_ENABLE_MODULES = YES;
				CLANG_ENABLE_OBJC_ARC = YES;
				CLANG_WARN_BOOL_CONVERSION = YES;
				CLANG_WARN_CONSTANT_CONVERSION = YES;
				CLANG_WARN_DIRECT_OBJC_ISA_USAGE = YES_ERROR;
				CLANG_WARN_DOCUMENTATION_COMMENTS = YES;
				CLANG_WARN_EMPTY_BODY = YES;
				CLANG_WARN_ENUM_CONVERSION = YES;
				CLANG_WARN_INFINITE_RECURSION = YES;
				CLANG_WARN_INT_CONVERSION = YES;
				CLANG_WARN_OBJC_ROOT_CLASS = YES_ERROR;
				CLANG_WARN_SUSPICIOUS_MOVES = YES;
				CLANG_WARN_UNREACHABLE_CODE = YES;
				CLANG_WARN__DUPLICATE_METHOD_MATCH = YES;
				"CODE_SIGN_IDENTITY[sdk=iphoneos*]" = "iPhone Developer";
				COPY_PHASE_STRIP = NO;
				DEBUG_INFORMATION_FORMAT = "dwarf-with-dsym";
				ENABLE_NS_ASSERTIONS = NO;
				ENABLE_STRICT_OBJC_MSGSEND = YES;
				GCC_C_LANGUAGE_STANDARD = gnu99;
				GCC_NO_COMMON_BLOCKS = YES;
				GCC_WARN_64_TO_32_BIT_CONVERSION = YES;
				GCC_WARN_ABOUT_RETURN_TYPE = YES_ERROR;
				GCC_WARN_UNDECLARED_SELECTOR = YES;
				GCC_WARN_UNINITIALIZED_AUTOS = YES_AGGRESSIVE;
				GCC_WARN_UNUSED_FUNCTION = YES;
				GCC_WARN_UNUSED_VARIABLE = YES;
				IPHONEOS_DEPLOYMENT_TARGET = 10.0;
				MTL_ENABLE_DEBUG_INFO = NO;
				SDKROOT = iphoneos;
				VALIDATE_PRODUCT = YES;
			};
			name = Release;
		};
		AAF49A6F1DB0C96E00BE59B8 /* Debug */ = {
			isa = XCBuildConfiguration;
			buildSettings = {
				ASSETCATALOG_COMPILER_APPICON_NAME = AppIcon;
				INFOPLIST_FILE = "[1014]CustomViewExample/Info.plist";
				LD_RUNPATH_SEARCH_PATHS = "$(inherited) @executable_path/Frameworks";
				PRODUCT_BUNDLE_IDENTIFIER = "com.celeste.-1014-CustomViewExample";
				PRODUCT_NAME = "$(TARGET_NAME)";
			};
			name = Debug;
		};
		AAF49A701DB0C96E00BE59B8 /* Release */ = {
			isa = XCBuildConfiguration;
			buildSettings = {
				ASSETCATALOG_COMPILER_APPICON_NAME = AppIcon;
				INFOPLIST_FILE = "[1014]CustomViewExample/Info.plist";
				LD_RUNPATH_SEARCH_PATHS = "$(inherited) @executable_path/Frameworks";
				PRODUCT_BUNDLE_IDENTIFIER = "com.celeste.-1014-CustomViewExample";
				PRODUCT_NAME = "$(TARGET_NAME)";
			};
			name = Release;
		};
/* End XCBuildConfiguration section */

/* Begin XCConfigurationList section */
		AAF49A521DB0C96E00BE59B8 /* Build configuration list for PBXProject "[1014]CustomViewExample" */ = {
			isa = XCConfigurationList;
			buildConfigurations = (
				AAF49A6C1DB0C96E00BE59B8 /* Debug */,
				AAF49A6D1DB0C96E00BE59B8 /* Release */,
			);
			defaultConfigurationIsVisible = 0;
			defaultConfigurationName = Release;
		};
		AAF49A6E1DB0C96E00BE59B8 /* Build configuration list for PBXNativeTarget "[1014]CustomViewExample" */ = {
			isa = XCConfigurationList;
			buildConfigurations = (
				AAF49A6F1DB0C96E00BE59B8 /* Debug */,
				AAF49A701DB0C96E00BE59B8 /* Release */,
			);
			defaultConfigurationIsVisible = 0;
			defaultConfigurationName = Release;
		};
/* End XCConfigurationList section */
	};
	rootObject = AAF49A4F1DB0C96E00BE59B8 /* Project object */;
}
