// !$*UTF8*$!
{
	archiveVersion = 1;
	classes = {
	};
	objectVersion = 46;
	objects = {

/* Begin PBXBuildFile section */
		AA75D0FC1DAF5B8E000A66C3 /* main.m in Sources */ = {isa = PBXBuildFile; fileRef = AA75D0FB1DAF5B8E000A66C3 /* main.m */; };
		AA75D0FF1DAF5B8E000A66C3 /* AppDelegate.m in Sources */ = {isa = PBXBuildFile; fileRef = AA75D0FE1DAF5B8E000A66C3 /* AppDelegate.m */; };
		AA75D1021DAF5B8E000A66C3 /* ViewController.m in Sources */ = {isa = PBXBuildFile; fileRef = AA75D1011DAF5B8E000A66C3 /* ViewController.m */; };
		AA75D1051DAF5B8E000A66C3 /* Main.storyboard in Resources */ = {isa = PBXBuildFile; fileRef = AA75D1031DAF5B8E000A66C3 /* Main.storyboard */; };
		AA75D1071DAF5B8E000A66C3 /* Assets.xcassets in Resources */ = {isa = PBXBuildFile; fileRef = AA75D1061DAF5B8E000A66C3 /* Assets.xcassets */; };
		AA75D10A1DAF5B8E000A66C3 /* LaunchScreen.storyboard in Resources */ = {isa = PBXBuildFile; fileRef = AA75D1081DAF5B8E000A66C3 /* LaunchScreen.storyboard */; };
/* End PBXBuildFile section */

/* Begin PBXFileReference section */
		AA75D0F71DAF5B8E000A66C3 /* [1013]TableViewGroupExample.app */ = {isa = PBXFileReference; explicitFileType = wrapper.application; includeInIndex = 0; path = "[1013]TableViewGroupExample.app"; sourceTree = BUILT_PRODUCTS_DIR; };
		AA75D0FB1DAF5B8E000A66C3 /* main.m */ = {isa = PBXFileReference; lastKnownFileType = sourcecode.c.objc; path = main.m; sourceTree = "<group>"; };
		AA75D0FD1DAF5B8E000A66C3 /* AppDelegate.h */ = {isa = PBXFileReference; lastKnownFileType = sourcecode.c.h; path = AppDelegate.h; sourceTree = "<group>"; };
		AA75D0FE1DAF5B8E000A66C3 /* AppDelegate.m */ = {isa = PBXFileReference; lastKnownFileType = sourcecode.c.objc; path = AppDelegate.m; sourceTree = "<group>"; };
		AA75D1001DAF5B8E000A66C3 /* ViewController.h */ = {isa = PBXFileReference; lastKnownFileType = sourcecode.c.h; path = ViewController.h; sourceTree = "<group>"; };
		AA75D1011DAF5B8E000A66C3 /* ViewController.m */ = {isa = PBXFileReference; lastKnownFileType = sourcecode.c.objc; path = ViewController.m; sourceTree = "<group>"; };
		AA75D1041DAF5B8E000A66C3 /* Base */ = {isa = PBXFileReference; lastKnownFileType = file.storyboard; name = Base; path = Base.lproj/Main.storyboard; sourceTree = "<group>"; };
		AA75D1061DAF5B8E000A66C3 /* Assets.xcassets */ = {isa = PBXFileReference; lastKnownFileType = folder.assetcatalog; path = Assets.xcassets; sourceTree = "<group>"; };
		AA75D1091DAF5B8E000A66C3 /* Base */ = {isa = PBXFileReference; lastKnownFileType = file.storyboard; name = Base; path = Base.lproj/LaunchScreen.storyboard; sourceTree = "<group>"; };
		AA75D10B1DAF5B8E000A66C3 /* Info.plist */ = {isa = PBXFileReference; lastKnownFileType = text.plist.xml; path = Info.plist; sourceTree = "<group>"; };
/* End PBXFileReference section */

/* Begin PBXFrameworksBuildPhase section */
		AA75D0F41DAF5B8E000A66C3 /* Frameworks */ = {
			isa = PBXFrameworksBuildPhase;
			buildActionMask = 2147483647;
			files = (
			);
			runOnlyForDeploymentPostprocessing = 0;
		};
/* End PBXFrameworksBuildPhase section */

/* Begin PBXGroup section */
		AA75D0EE1DAF5B8E000A66C3 = {
			isa = PBXGroup;
			children = (
				AA75D0F91DAF5B8E000A66C3 /* [1013]TableViewGroupExample */,
				AA75D0F81DAF5B8E000A66C3 /* Products */,
			);
			sourceTree = "<group>";
		};
		AA75D0F81DAF5B8E000A66C3 /* Products */ = {
			isa = PBXGroup;
			children = (
				AA75D0F71DAF5B8E000A66C3 /* [1013]TableViewGroupExample.app */,
			);
			name = Products;
			sourceTree = "<group>";
		};
		AA75D0F91DAF5B8E000A66C3 /* [1013]TableViewGroupExample */ = {
			isa = PBXGroup;
			children = (
				AA75D0FD1DAF5B8E000A66C3 /* AppDelegate.h */,
				AA75D0FE1DAF5B8E000A66C3 /* AppDelegate.m */,
				AA75D1001DAF5B8E000A66C3 /* ViewController.h */,
				AA75D1011DAF5B8E000A66C3 /* ViewController.m */,
				AA75D1031DAF5B8E000A66C3 /* Main.storyboard */,
				AA75D1061DAF5B8E000A66C3 /* Assets.xcassets */,
				AA75D1081DAF5B8E000A66C3 /* LaunchScreen.storyboard */,
				AA75D10B1DAF5B8E000A66C3 /* Info.plist */,
				AA75D0FA1DAF5B8E000A66C3 /* Supporting Files */,
			);
			path = "[1013]TableViewGroupExample";
			sourceTree = "<group>";
		};
		AA75D0FA1DAF5B8E000A66C3 /* Supporting Files */ = {
			isa = PBXGroup;
			children = (
				AA75D0FB1DAF5B8E000A66C3 /* main.m */,
			);
			name = "Supporting Files";
			sourceTree = "<group>";
		};
/* End PBXGroup section */

/* Begin PBXNativeTarget section */
		AA75D0F61DAF5B8E000A66C3 /* [1013]TableViewGroupExample */ = {
			isa = PBXNativeTarget;
			buildConfigurationList = AA75D10E1DAF5B8E000A66C3 /* Build configuration list for PBXNativeTarget "[1013]TableViewGroupExample" */;
			buildPhases = (
				AA75D0F31DAF5B8E000A66C3 /* Sources */,
				AA75D0F41DAF5B8E000A66C3 /* Frameworks */,
				AA75D0F51DAF5B8E000A66C3 /* Resources */,
			);
			buildRules = (
			);
			dependencies = (
			);
			name = "[1013]TableViewGroupExample";
			productName = "[1013]TableViewGroupExample";
			productReference = AA75D0F71DAF5B8E000A66C3 /* [1013]TableViewGroupExample.app */;
			productType = "com.apple.product-type.application";
		};
/* End PBXNativeTarget section */

/* Begin PBXProject section */
		AA75D0EF1DAF5B8E000A66C3 /* Project object */ = {
			isa = PBXProject;
			attributes = {
				LastUpgradeCheck = 0800;
				ORGANIZATIONNAME = iosSchool;
				TargetAttributes = {
					AA75D0F61DAF5B8E000A66C3 = {
						CreatedOnToolsVersion = 8.0;
						ProvisioningStyle = Automatic;
					};
				};
			};
			buildConfigurationList = AA75D0F21DAF5B8E000A66C3 /* Build configuration list for PBXProject "[1013]TableViewGroupExample" */;
			compatibilityVersion = "Xcode 3.2";
			developmentRegion = English;
			hasScannedForEncodings = 0;
			knownRegions = (
				en,
				Base,
			);
			mainGroup = AA75D0EE1DAF5B8E000A66C3;
			productRefGroup = AA75D0F81DAF5B8E000A66C3 /* Products */;
			projectDirPath = "";
			projectRoot = "";
			targets = (
				AA75D0F61DAF5B8E000A66C3 /* [1013]TableViewGroupExample */,
			);
		};
/* End PBXProject section */

/* Begin PBXResourcesBuildPhase section */
		AA75D0F51DAF5B8E000A66C3 /* Resources */ = {
			isa = PBXResourcesBuildPhase;
			buildActionMask = 2147483647;
			files = (
				AA75D10A1DAF5B8E000A66C3 /* LaunchScreen.storyboard in Resources */,
				AA75D1071DAF5B8E000A66C3 /* Assets.xcassets in Resources */,
				AA75D1051DAF5B8E000A66C3 /* Main.storyboard in Resources */,
			);
			runOnlyForDeploymentPostprocessing = 0;
		};
/* End PBXResourcesBuildPhase section */

/* Begin PBXSourcesBuildPhase section */
		AA75D0F31DAF5B8E000A66C3 /* Sources */ = {
			isa = PBXSourcesBuildPhase;
			buildActionMask = 2147483647;
			files = (
				AA75D1021DAF5B8E000A66C3 /* ViewController.m in Sources */,
				AA75D0FF1DAF5B8E000A66C3 /* AppDelegate.m in Sources */,
				AA75D0FC1DAF5B8E000A66C3 /* main.m in Sources */,
			);
			runOnlyForDeploymentPostprocessing = 0;
		};
/* End PBXSourcesBuildPhase section */

/* Begin PBXVariantGroup section */
		AA75D1031DAF5B8E000A66C3 /* Main.storyboard */ = {
			isa = PBXVariantGroup;
			children = (
				AA75D1041DAF5B8E000A66C3 /* Base */,
			);
			name = Main.storyboard;
			sourceTree = "<group>";
		};
		AA75D1081DAF5B8E000A66C3 /* LaunchScreen.storyboard */ = {
			isa = PBXVariantGroup;
			children = (
				AA75D1091DAF5B8E000A66C3 /* Base */,
			);
			name = LaunchScreen.storyboard;
			sourceTree = "<group>";
		};
/* End PBXVariantGroup section */

/* Begin XCBuildConfiguration section */
		AA75D10C1DAF5B8E000A66C3 /* Debug */ = {
			isa = XCBuildConfiguration;
			buildSettings = {
				ALWAYS_SEARCH_USER_PATHS = NO;
				CLANG_ANALYZER_NONNULL = YES;
				CLANG_CXX_LANGUAGE_STANDARD = "gnu++0x";
				CLANG_CXX_LIBRARY = "libc++";
				CLANG_ENABLE_MODULES = YES;
				CLANG_ENABLE_OBJC_ARC = YES;
				CLANG_WARN_BOOL_CONVERSION = YES;
				CLANG_WARN_CONSTANT_CONVERSION = YES;
				CLANG_WARN_DIRECT_OBJC_ISA_USAGE = YES_ERROR;
				CLANG_WARN_DOCUMENTATION_COMMENTS = YES;
				CLANG_WARN_EMPTY_BODY = YES;
				CLANG_WARN_ENUM_CONVERSION = YES;
				CLANG_WARN_INFINITE_RECURSION = YES;
				CLANG_WARN_INT_CONVERSION = YES;
				CLANG_WARN_OBJC_ROOT_CLASS = YES_ERROR;
				CLANG_WARN_SUSPICIOUS_MOVES = YES;
				CLANG_WARN_UNREACHABLE_CODE = YES;
				CLANG_WARN__DUPLICATE_METHOD_MATCH = YES;
				"CODE_SIGN_IDENTITY[sdk=iphoneos*]" = "iPhone Developer";
				COPY_PHASE_STRIP = NO;
				DEBUG_INFORMATION_FORMAT = dwarf;
				ENABLE_STRICT_OBJC_MSGSEND = YES;
				ENABLE_TESTABILITY = YES;
				GCC_C_LANGUAGE_STANDARD = gnu99;
				GCC_DYNAMIC_NO_PIC = NO;
				GCC_NO_COMMON_BLOCKS = YES;
				GCC_OPTIMIZATION_LEVEL = 0;
				GCC_PREPROCESSOR_DEFINITIONS = (
					"DEBUG=1",
					"$(inherited)",
				);
				GCC_WARN_64_TO_32_BIT_CONVERSION = YES;
				GCC_WARN_ABOUT_RETURN_TYPE = YES_ERROR;
				GCC_WARN_UNDECLARED_SELECTOR = YES;
				GCC_WARN_UNINITIALIZED_AUTOS = YES_AGGRESSIVE;
				GCC_WARN_UNUSED_FUNCTION = YES;
				GCC_WARN_UNUSED_VARIABLE = YES;
				IPHONEOS_DEPLOYMENT_TARGET = 10.0;
				MTL_ENABLE_DEBUG_INFO = YES;
				ONLY_ACTIVE_ARCH = YES;
				SDKROOT = iphoneos;
			};
			name = Debug;
		};
		AA75D10D1DAF5B8E000A66C3 /* Release */ = {
			isa = XCBuildConfiguration;
			buildSettings = {
				ALWAYS_SEARCH_USER_PATHS = NO;
				CLANG_ANALYZER_NONNULL = YES;
				CLANG_CXX_LANGUAGE_STANDARD = "gnu++0x";
				CLANG_CXX_LIBRARY = "libc++";
				CLANG_ENABLE_MODULES = YES;
				CLANG_ENABLE_OBJC_ARC = YES;
				CLANG_WARN_BOOL_CONVERSION = YES;
				CLANG_WARN_CONSTANT_CONVERSION = YES;
				CLANG_WARN_DIRECT_OBJC_ISA_USAGE = YES_ERROR;
				CLANG_WARN_DOCUMENTATION_COMMENTS = YES;
				CLANG_WARN_EMPTY_BODY = YES;
				CLANG_WARN_ENUM_CONVERSION = YES;
				CLANG_WARN_INFINITE_RECURSION = YES;
				CLANG_WARN_INT_CONVERSION = YES;
				CLANG_WARN_OBJC_ROOT_CLASS = YES_ERROR;
				CLANG_WARN_SUSPICIOUS_MOVES = YES;
				CLANG_WARN_UNREACHABLE_CODE = YES;
				CLANG_WARN__DUPLICATE_METHOD_MATCH = YES;
				"CODE_SIGN_IDENTITY[sdk=iphoneos*]" = "iPhone Developer";
				COPY_PHASE_STRIP = NO;
				DEBUG_INFORMATION_FORMAT = "dwarf-with-dsym";
				ENABLE_NS_ASSERTIONS = NO;
				ENABLE_STRICT_OBJC_MSGSEND = YES;
				GCC_C_LANGUAGE_STANDARD = gnu99;
				GCC_NO_COMMON_BLOCKS = YES;
				GCC_WARN_64_TO_32_BIT_CONVERSION = YES;
				GCC_WARN_ABOUT_RETURN_TYPE = YES_ERROR;
				GCC_WARN_UNDECLARED_SELECTOR = YES;
				GCC_WARN_UNINITIALIZED_AUTOS = YES_AGGRESSIVE;
				GCC_WARN_UNUSED_FUNCTION = YES;
				GCC_WARN_UNUSED_VARIABLE = YES;
				IPHONEOS_DEPLOYMENT_TARGET = 10.0;
				MTL_ENABLE_DEBUG_INFO = NO;
				SDKROOT = iphoneos;
				VALIDATE_PRODUCT = YES;
			};
			name = Release;
		};
		AA75D10F1DAF5B8E000A66C3 /* Debug */ = {
			isa = XCBuildConfiguration;
			buildSettings = {
				ASSETCATALOG_COMPILER_APPICON_NAME = AppIcon;
				INFOPLIST_FILE = "[1013]TableViewGroupExample/Info.plist";
				LD_RUNPATH_SEARCH_PATHS = "$(inherited) @executable_path/Frameworks";
				PRODUCT_BUNDLE_IDENTIFIER = "com.celeste.-1013-TableViewGroupExample";
				PRODUCT_NAME = "$(TARGET_NAME)";
			};
			name = Debug;
		};
		AA75D1101DAF5B8E000A66C3 /* Release */ = {
			isa = XCBuildConfiguration;
			buildSettings = {
				ASSETCATALOG_COMPILER_APPICON_NAME = AppIcon;
				INFOPLIST_FILE = "[1013]TableViewGroupExample/Info.plist";
				LD_RUNPATH_SEARCH_PATHS = "$(inherited) @executable_path/Frameworks";
				PRODUCT_BUNDLE_IDENTIFIER = "com.celeste.-1013-TableViewGroupExample";
				PRODUCT_NAME = "$(TARGET_NAME)";
			};
			name = Release;
		};
/* End XCBuildConfiguration section */

/* Begin XCConfigurationList section */
		AA75D0F21DAF5B8E000A66C3 /* Build configuration list for PBXProject "[1013]TableViewGroupExample" */ = {
			isa = XCConfigurationList;
			buildConfigurations = (
				AA75D10C1DAF5B8E000A66C3 /* Debug */,
				AA75D10D1DAF5B8E000A66C3 /* Release */,
			);
			defaultConfigurationIsVisible = 0;
			defaultConfigurationName = Release;
		};
		AA75D10E1DAF5B8E000A66C3 /* Build configuration list for PBXNativeTarget "[1013]TableViewGroupExample" */ = {
			isa = XCConfigurationList;
			buildConfigurations = (
				AA75D10F1DAF5B8E000A66C3 /* Debug */,
				AA75D1101DAF5B8E000A66C3 /* Release */,
			);
			defaultConfigurationIsVisible = 0;
		};
/* End XCConfigurationList section */
	};
	rootObject = AA75D0EF1DAF5B8E000A66C3 /* Project object */;
}
