// !$*UTF8*$!
{
	archiveVersion = 1;
	classes = {
	};
	objectVersion = 46;
	objects = {

/* Begin PBXBuildFile section */
		AA7ABFCA1DABAC6C0071B9D0 /* main.m in Sources */ = {isa = PBXBuildFile; fileRef = AA7ABFC91DABAC6C0071B9D0 /* main.m */; };
		AA7ABFCD1DABAC6C0071B9D0 /* AppDelegate.m in Sources */ = {isa = PBXBuildFile; fileRef = AA7ABFCC1DABAC6C0071B9D0 /* AppDelegate.m */; };
		AA7ABFD01DABAC6C0071B9D0 /* ViewController.m in Sources */ = {isa = PBXBuildFile; fileRef = AA7ABFCF1DABAC6C0071B9D0 /* ViewController.m */; };
		AA7ABFD31DABAC6C0071B9D0 /* Main.storyboard in Resources */ = {isa = PBXBuildFile; fileRef = AA7ABFD11DABAC6C0071B9D0 /* Main.storyboard */; };
		AA7ABFD51DABAC6C0071B9D0 /* Assets.xcassets in Resources */ = {isa = PBXBuildFile; fileRef = AA7ABFD41DABAC6C0071B9D0 /* Assets.xcassets */; };
		AA7ABFD81DABAC6C0071B9D0 /* LaunchScreen.storyboard in Resources */ = {isa = PBXBuildFile; fileRef = AA7ABFD61DABAC6C0071B9D0 /* LaunchScreen.storyboard */; };
		AA7ABFE01DABADA80071B9D0 /* back.jpg in Resources */ = {isa = PBXBuildFile; fileRef = AA7ABFDF1DABADA80071B9D0 /* back.jpg */; };
/* End PBXBuildFile section */

/* Begin PBXFileReference section */
		AA7ABFC51DABAC6C0071B9D0 /* [Section5]SignUpScreen.app */ = {isa = PBXFileReference; explicitFileType = wrapper.application; includeInIndex = 0; path = "[Section5]SignUpScreen.app"; sourceTree = BUILT_PRODUCTS_DIR; };
		AA7ABFC91DABAC6C0071B9D0 /* main.m */ = {isa = PBXFileReference; lastKnownFileType = sourcecode.c.objc; path = main.m; sourceTree = "<group>"; };
		AA7ABFCB1DABAC6C0071B9D0 /* AppDelegate.h */ = {isa = PBXFileReference; lastKnownFileType = sourcecode.c.h; path = AppDelegate.h; sourceTree = "<group>"; };
		AA7ABFCC1DABAC6C0071B9D0 /* AppDelegate.m */ = {isa = PBXFileReference; lastKnownFileType = sourcecode.c.objc; path = AppDelegate.m; sourceTree = "<group>"; };
		AA7ABFCE1DABAC6C0071B9D0 /* ViewController.h */ = {isa = PBXFileReference; lastKnownFileType = sourcecode.c.h; path = ViewController.h; sourceTree = "<group>"; };
		AA7ABFCF1DABAC6C0071B9D0 /* ViewController.m */ = {isa = PBXFileReference; lastKnownFileType = sourcecode.c.objc; path = ViewController.m; sourceTree = "<group>"; };
		AA7ABFD21DABAC6C0071B9D0 /* Base */ = {isa = PBXFileReference; lastKnownFileType = file.storyboard; name = Base; path = Base.lproj/Main.storyboard; sourceTree = "<group>"; };
		AA7ABFD41DABAC6C0071B9D0 /* Assets.xcassets */ = {isa = PBXFileReference; lastKnownFileType = folder.assetcatalog; path = Assets.xcassets; sourceTree = "<group>"; };
		AA7ABFD71DABAC6C0071B9D0 /* Base */ = {isa = PBXFileReference; lastKnownFileType = file.storyboard; name = Base; path = Base.lproj/LaunchScreen.storyboard; sourceTree = "<group>"; };
		AA7ABFD91DABAC6C0071B9D0 /* Info.plist */ = {isa = PBXFileReference; lastKnownFileType = text.plist.xml; path = Info.plist; sourceTree = "<group>"; };
		AA7ABFDF1DABADA80071B9D0 /* back.jpg */ = {isa = PBXFileReference; lastKnownFileType = image.jpeg; path = back.jpg; sourceTree = "<group>"; };
/* End PBXFileReference section */

/* Begin PBXFrameworksBuildPhase section */
		AA7ABFC21DABAC6C0071B9D0 /* Frameworks */ = {
			isa = PBXFrameworksBuildPhase;
			buildActionMask = 2147483647;
			files = (
			);
			runOnlyForDeploymentPostprocessing = 0;
		};
/* End PBXFrameworksBuildPhase section */

/* Begin PBXGroup section */
		AA7ABFBC1DABAC6C0071B9D0 = {
			isa = PBXGroup;
			children = (
				AA7ABFC71DABAC6C0071B9D0 /* [Section5]SignUpScreen */,
				AA7ABFC61DABAC6C0071B9D0 /* Products */,
			);
			sourceTree = "<group>";
		};
		AA7ABFC61DABAC6C0071B9D0 /* Products */ = {
			isa = PBXGroup;
			children = (
				AA7ABFC51DABAC6C0071B9D0 /* [Section5]SignUpScreen.app */,
			);
			name = Products;
			sourceTree = "<group>";
		};
		AA7ABFC71DABAC6C0071B9D0 /* [Section5]SignUpScreen */ = {
			isa = PBXGroup;
			children = (
				AA7ABFCB1DABAC6C0071B9D0 /* AppDelegate.h */,
				AA7ABFCC1DABAC6C0071B9D0 /* AppDelegate.m */,
				AA7ABFCE1DABAC6C0071B9D0 /* ViewController.h */,
				AA7ABFCF1DABAC6C0071B9D0 /* ViewController.m */,
				AA7ABFD11DABAC6C0071B9D0 /* Main.storyboard */,
				AA7ABFD41DABAC6C0071B9D0 /* Assets.xcassets */,
				AA7ABFD61DABAC6C0071B9D0 /* LaunchScreen.storyboard */,
				AA7ABFD91DABAC6C0071B9D0 /* Info.plist */,
				AA7ABFDF1DABADA80071B9D0 /* back.jpg */,
				AA7ABFC81DABAC6C0071B9D0 /* Supporting Files */,
			);
			path = "[Section5]SignUpScreen";
			sourceTree = "<group>";
		};
		AA7ABFC81DABAC6C0071B9D0 /* Supporting Files */ = {
			isa = PBXGroup;
			children = (
				AA7ABFC91DABAC6C0071B9D0 /* main.m */,
			);
			name = "Supporting Files";
			sourceTree = "<group>";
		};
/* End PBXGroup section */

/* Begin PBXNativeTarget section */
		AA7ABFC41DABAC6C0071B9D0 /* [Section5]SignUpScreen */ = {
			isa = PBXNativeTarget;
			buildConfigurationList = AA7ABFDC1DABAC6C0071B9D0 /* Build configuration list for PBXNativeTarget "[Section5]SignUpScreen" */;
			buildPhases = (
				AA7ABFC11DABAC6C0071B9D0 /* Sources */,
				AA7ABFC21DABAC6C0071B9D0 /* Frameworks */,
				AA7ABFC31DABAC6C0071B9D0 /* Resources */,
			);
			buildRules = (
			);
			dependencies = (
			);
			name = "[Section5]SignUpScreen";
			productName = "[Section5]SignUpScreen";
			productReference = AA7ABFC51DABAC6C0071B9D0 /* [Section5]SignUpScreen.app */;
			productType = "com.apple.product-type.application";
		};
/* End PBXNativeTarget section */

/* Begin PBXProject section */
		AA7ABFBD1DABAC6C0071B9D0 /* Project object */ = {
			isa = PBXProject;
			attributes = {
				LastUpgradeCheck = 0800;
				ORGANIZATIONNAME = iosSchool;
				TargetAttributes = {
					AA7ABFC41DABAC6C0071B9D0 = {
						CreatedOnToolsVersion = 8.0;
						ProvisioningStyle = Automatic;
					};
				};
			};
			buildConfigurationList = AA7ABFC01DABAC6C0071B9D0 /* Build configuration list for PBXProject "[Section5]SignUpScreen" */;
			compatibilityVersion = "Xcode 3.2";
			developmentRegion = English;
			hasScannedForEncodings = 0;
			knownRegions = (
				en,
				Base,
			);
			mainGroup = AA7ABFBC1DABAC6C0071B9D0;
			productRefGroup = AA7ABFC61DABAC6C0071B9D0 /* Products */;
			projectDirPath = "";
			projectRoot = "";
			targets = (
				AA7ABFC41DABAC6C0071B9D0 /* [Section5]SignUpScreen */,
			);
		};
/* End PBXProject section */

/* Begin PBXResourcesBuildPhase section */
		AA7ABFC31DABAC6C0071B9D0 /* Resources */ = {
			isa = PBXResourcesBuildPhase;
			buildActionMask = 2147483647;
			files = (
				AA7ABFE01DABADA80071B9D0 /* back.jpg in Resources */,
				AA7ABFD81DABAC6C0071B9D0 /* LaunchScreen.storyboard in Resources */,
				AA7ABFD51DABAC6C0071B9D0 /* Assets.xcassets in Resources */,
				AA7ABFD31DABAC6C0071B9D0 /* Main.storyboard in Resources */,
			);
			runOnlyForDeploymentPostprocessing = 0;
		};
/* End PBXResourcesBuildPhase section */

/* Begin PBXSourcesBuildPhase section */
		AA7ABFC11DABAC6C0071B9D0 /* Sources */ = {
			isa = PBXSourcesBuildPhase;
			buildActionMask = 2147483647;
			files = (
				AA7ABFD01DABAC6C0071B9D0 /* ViewController.m in Sources */,
				AA7ABFCD1DABAC6C0071B9D0 /* AppDelegate.m in Sources */,
				AA7ABFCA1DABAC6C0071B9D0 /* main.m in Sources */,
			);
			runOnlyForDeploymentPostprocessing = 0;
		};
/* End PBXSourcesBuildPhase section */

/* Begin PBXVariantGroup section */
		AA7ABFD11DABAC6C0071B9D0 /* Main.storyboard */ = {
			isa = PBXVariantGroup;
			children = (
				AA7ABFD21DABAC6C0071B9D0 /* Base */,
			);
			name = Main.storyboard;
			sourceTree = "<group>";
		};
		AA7ABFD61DABAC6C0071B9D0 /* LaunchScreen.storyboard */ = {
			isa = PBXVariantGroup;
			children = (
				AA7ABFD71DABAC6C0071B9D0 /* Base */,
			);
			name = LaunchScreen.storyboard;
			sourceTree = "<group>";
		};
/* End PBXVariantGroup section */

/* Begin XCBuildConfiguration section */
		AA7ABFDA1DABAC6C0071B9D0 /* Debug */ = {
			isa = XCBuildConfiguration;
			buildSettings = {
				ALWAYS_SEARCH_USER_PATHS = NO;
				CLANG_ANALYZER_NONNULL = YES;
				CLANG_CXX_LANGUAGE_STANDARD = "gnu++0x";
				CLANG_CXX_LIBRARY = "libc++";
				CLANG_ENABLE_MODULES = YES;
				CLANG_ENABLE_OBJC_ARC = YES;
				CLANG_WARN_BOOL_CONVERSION = YES;
				CLANG_WARN_CONSTANT_CONVERSION = YES;
				CLANG_WARN_DIRECT_OBJC_ISA_USAGE = YES_ERROR;
				CLANG_WARN_DOCUMENTATION_COMMENTS = YES;
				CLANG_WARN_EMPTY_BODY = YES;
				CLANG_WARN_ENUM_CONVERSION = YES;
				CLANG_WARN_INFINITE_RECURSION = YES;
				CLANG_WARN_INT_CONVERSION = YES;
				CLANG_WARN_OBJC_ROOT_CLASS = YES_ERROR;
				CLANG_WARN_SUSPICIOUS_MOVES = YES;
				CLANG_WARN_UNREACHABLE_CODE = YES;
				CLANG_WARN__DUPLICATE_METHOD_MATCH = YES;
				"CODE_SIGN_IDENTITY[sdk=iphoneos*]" = "iPhone Developer";
				COPY_PHASE_STRIP = NO;
				DEBUG_INFORMATION_FORMAT = dwarf;
				ENABLE_STRICT_OBJC_MSGSEND = YES;
				ENABLE_TESTABILITY = YES;
				GCC_C_LANGUAGE_STANDARD = gnu99;
				GCC_DYNAMIC_NO_PIC = NO;
				GCC_NO_COMMON_BLOCKS = YES;
				GCC_OPTIMIZATION_LEVEL = 0;
				GCC_PREPROCESSOR_DEFINITIONS = (
					"DEBUG=1",
					"$(inherited)",
				);
				GCC_WARN_64_TO_32_BIT_CONVERSION = YES;
				GCC_WARN_ABOUT_RETURN_TYPE = YES_ERROR;
				GCC_WARN_UNDECLARED_SELECTOR = YES;
				GCC_WARN_UNINITIALIZED_AUTOS = YES_AGGRESSIVE;
				GCC_WARN_UNUSED_FUNCTION = YES;
				GCC_WARN_UNUSED_VARIABLE = YES;
				IPHONEOS_DEPLOYMENT_TARGET = 10.0;
				MTL_ENABLE_DEBUG_INFO = YES;
				ONLY_ACTIVE_ARCH = YES;
				SDKROOT = iphoneos;
			};
			name = Debug;
		};
		AA7ABFDB1DABAC6C0071B9D0 /* Release */ = {
			isa = XCBuildConfiguration;
			buildSettings = {
				ALWAYS_SEARCH_USER_PATHS = NO;
				CLANG_ANALYZER_NONNULL = YES;
				CLANG_CXX_LANGUAGE_STANDARD = "gnu++0x";
				CLANG_CXX_LIBRARY = "libc++";
				CLANG_ENABLE_MODULES = YES;
				CLANG_ENABLE_OBJC_ARC = YES;
				CLANG_WARN_BOOL_CONVERSION = YES;
				CLANG_WARN_CONSTANT_CONVERSION = YES;
				CLANG_WARN_DIRECT_OBJC_ISA_USAGE = YES_ERROR;
				CLANG_WARN_DOCUMENTATION_COMMENTS = YES;
				CLANG_WARN_EMPTY_BODY = YES;
				CLANG_WARN_ENUM_CONVERSION = YES;
				CLANG_WARN_INFINITE_RECURSION = YES;
				CLANG_WARN_INT_CONVERSION = YES;
				CLANG_WARN_OBJC_ROOT_CLASS = YES_ERROR;
				CLANG_WARN_SUSPICIOUS_MOVES = YES;
				CLANG_WARN_UNREACHABLE_CODE = YES;
				CLANG_WARN__DUPLICATE_METHOD_MATCH = YES;
				"CODE_SIGN_IDENTITY[sdk=iphoneos*]" = "iPhone Developer";
				COPY_PHASE_STRIP = NO;
				DEBUG_INFORMATION_FORMAT = "dwarf-with-dsym";
				ENABLE_NS_ASSERTIONS = NO;
				ENABLE_STRICT_OBJC_MSGSEND = YES;
				GCC_C_LANGUAGE_STANDARD = gnu99;
				GCC_NO_COMMON_BLOCKS = YES;
				GCC_WARN_64_TO_32_BIT_CONVERSION = YES;
				GCC_WARN_ABOUT_RETURN_TYPE = YES_ERROR;
				GCC_WARN_UNDECLARED_SELECTOR = YES;
				GCC_WARN_UNINITIALIZED_AUTOS = YES_AGGRESSIVE;
				GCC_WARN_UNUSED_FUNCTION = YES;
				GCC_WARN_UNUSED_VARIABLE = YES;
				IPHONEOS_DEPLOYMENT_TARGET = 10.0;
				MTL_ENABLE_DEBUG_INFO = NO;
				SDKROOT = iphoneos;
				VALIDATE_PRODUCT = YES;
			};
			name = Release;
		};
		AA7ABFDD1DABAC6C0071B9D0 /* Debug */ = {
			isa = XCBuildConfiguration;
			buildSettings = {
				ASSETCATALOG_COMPILER_APPICON_NAME = AppIcon;
				INFOPLIST_FILE = "[Section5]SignUpScreen/Info.plist";
				LD_RUNPATH_SEARCH_PATHS = "$(inherited) @executable_path/Frameworks";
				PRODUCT_BUNDLE_IDENTIFIER = "com.celeste.-Section5-SignUpScreen";
				PRODUCT_NAME = "$(TARGET_NAME)";
			};
			name = Debug;
		};
		AA7ABFDE1DABAC6C0071B9D0 /* Release */ = {
			isa = XCBuildConfiguration;
			buildSettings = {
				ASSETCATALOG_COMPILER_APPICON_NAME = AppIcon;
				INFOPLIST_FILE = "[Section5]SignUpScreen/Info.plist";
				LD_RUNPATH_SEARCH_PATHS = "$(inherited) @executable_path/Frameworks";
				PRODUCT_BUNDLE_IDENTIFIER = "com.celeste.-Section5-SignUpScreen";
				PRODUCT_NAME = "$(TARGET_NAME)";
			};
			name = Release;
		};
/* End XCBuildConfiguration section */

/* Begin XCConfigurationList section */
		AA7ABFC01DABAC6C0071B9D0 /* Build configuration list for PBXProject "[Section5]SignUpScreen" */ = {
			isa = XCConfigurationList;
			buildConfigurations = (
				AA7ABFDA1DABAC6C0071B9D0 /* Debug */,
				AA7ABFDB1DABAC6C0071B9D0 /* Release */,
			);
			defaultConfigurationIsVisible = 0;
			defaultConfigurationName = Release;
		};
		AA7ABFDC1DABAC6C0071B9D0 /* Build configuration list for PBXNativeTarget "[Section5]SignUpScreen" */ = {
			isa = XCConfigurationList;
			buildConfigurations = (
				AA7ABFDD1DABAC6C0071B9D0 /* Debug */,
				AA7ABFDE1DABAC6C0071B9D0 /* Release */,
			);
			defaultConfigurationIsVisible = 0;
		};
/* End XCConfigurationList section */
	};
	rootObject = AA7ABFBD1DABAC6C0071B9D0 /* Project object */;
}
