// !$*UTF8*$!
{
	archiveVersion = 1;
	classes = {
	};
	objectVersion = 46;
	objects = {

/* Begin PBXBuildFile section */
		AA84B4201D9A0DF300BB2706 /* main.m in Sources */ = {isa = PBXBuildFile; fileRef = AA84B41F1D9A0DF300BB2706 /* main.m */; };
		AA84B4281D9A0DFD00BB2706 /* importMan.m in Sources */ = {isa = PBXBuildFile; fileRef = AA84B4271D9A0DFD00BB2706 /* importMan.m */; };
		AA84B42E1D9A101100BB2706 /* culass.m in Sources */ = {isa = PBXBuildFile; fileRef = AA84B42D1D9A101100BB2706 /* culass.m */; };
/* End PBXBuildFile section */

/* Begin PBXCopyFilesBuildPhase section */
		AA84B41A1D9A0DF300BB2706 /* CopyFiles */ = {
			isa = PBXCopyFilesBuildPhase;
			buildActionMask = 2147483647;
			dstPath = /usr/share/man/man1/;
			dstSubfolderSpec = 0;
			files = (
			);
			runOnlyForDeploymentPostprocessing = 1;
		};
/* End PBXCopyFilesBuildPhase section */

/* Begin PBXFileReference section */
		AA84B41C1D9A0DF300BB2706 /* importTest */ = {isa = PBXFileReference; explicitFileType = "compiled.mach-o.executable"; includeInIndex = 0; path = importTest; sourceTree = BUILT_PRODUCTS_DIR; };
		AA84B41F1D9A0DF300BB2706 /* main.m */ = {isa = PBXFileReference; lastKnownFileType = sourcecode.c.objc; path = main.m; sourceTree = "<group>"; };
		AA84B4261D9A0DFD00BB2706 /* importMan.h */ = {isa = PBXFileReference; fileEncoding = 4; lastKnownFileType = sourcecode.c.h; path = importMan.h; sourceTree = "<group>"; };
		AA84B4271D9A0DFD00BB2706 /* importMan.m */ = {isa = PBXFileReference; fileEncoding = 4; lastKnownFileType = sourcecode.c.objc; path = importMan.m; sourceTree = "<group>"; };
		AA84B42C1D9A101100BB2706 /* culass.h */ = {isa = PBXFileReference; fileEncoding = 4; lastKnownFileType = sourcecode.c.h; path = culass.h; sourceTree = "<group>"; };
		AA84B42D1D9A101100BB2706 /* culass.m */ = {isa = PBXFileReference; fileEncoding = 4; lastKnownFileType = sourcecode.c.objc; path = culass.m; sourceTree = "<group>"; };
/* End PBXFileReference section */

/* Begin PBXFrameworksBuildPhase section */
		AA84B4191D9A0DF300BB2706 /* Frameworks */ = {
			isa = PBXFrameworksBuildPhase;
			buildActionMask = 2147483647;
			files = (
			);
			runOnlyForDeploymentPostprocessing = 0;
		};
/* End PBXFrameworksBuildPhase section */

/* Begin PBXGroup section */
		AA84B4131D9A0DF300BB2706 = {
			isa = PBXGroup;
			children = (
				AA84B41E1D9A0DF300BB2706 /* importTest */,
				AA84B41D1D9A0DF300BB2706 /* Products */,
			);
			sourceTree = "<group>";
		};
		AA84B41D1D9A0DF300BB2706 /* Products */ = {
			isa = PBXGroup;
			children = (
				AA84B41C1D9A0DF300BB2706 /* importTest */,
			);
			name = Products;
			sourceTree = "<group>";
		};
		AA84B41E1D9A0DF300BB2706 /* importTest */ = {
			isa = PBXGroup;
			children = (
				AA84B41F1D9A0DF300BB2706 /* main.m */,
				AA84B4261D9A0DFD00BB2706 /* importMan.h */,
				AA84B4271D9A0DFD00BB2706 /* importMan.m */,
				AA84B42C1D9A101100BB2706 /* culass.h */,
				AA84B42D1D9A101100BB2706 /* culass.m */,
			);
			path = importTest;
			sourceTree = "<group>";
		};
/* End PBXGroup section */

/* Begin PBXNativeTarget section */
		AA84B41B1D9A0DF300BB2706 /* importTest */ = {
			isa = PBXNativeTarget;
			buildConfigurationList = AA84B4231D9A0DF300BB2706 /* Build configuration list for PBXNativeTarget "importTest" */;
			buildPhases = (
				AA84B4181D9A0DF300BB2706 /* Sources */,
				AA84B4191D9A0DF300BB2706 /* Frameworks */,
				AA84B41A1D9A0DF300BB2706 /* CopyFiles */,
			);
			buildRules = (
			);
			dependencies = (
			);
			name = importTest;
			productName = importTest;
			productReference = AA84B41C1D9A0DF300BB2706 /* importTest */;
			productType = "com.apple.product-type.tool";
		};
/* End PBXNativeTarget section */

/* Begin PBXProject section */
		AA84B4141D9A0DF300BB2706 /* Project object */ = {
			isa = PBXProject;
			attributes = {
				LastUpgradeCheck = 0800;
				ORGANIZATIONNAME = iosSchool;
				TargetAttributes = {
					AA84B41B1D9A0DF300BB2706 = {
						CreatedOnToolsVersion = 8.0;
						ProvisioningStyle = Automatic;
					};
				};
			};
			buildConfigurationList = AA84B4171D9A0DF300BB2706 /* Build configuration list for PBXProject "importTest" */;
			compatibilityVersion = "Xcode 3.2";
			developmentRegion = English;
			hasScannedForEncodings = 0;
			knownRegions = (
				en,
			);
			mainGroup = AA84B4131D9A0DF300BB2706;
			productRefGroup = AA84B41D1D9A0DF300BB2706 /* Products */;
			projectDirPath = "";
			projectRoot = "";
			targets = (
				AA84B41B1D9A0DF300BB2706 /* importTest */,
			);
		};
/* End PBXProject section */

/* Begin PBXSourcesBuildPhase section */
		AA84B4181D9A0DF300BB2706 /* Sources */ = {
			isa = PBXSourcesBuildPhase;
			buildActionMask = 2147483647;
			files = (
				AA84B4281D9A0DFD00BB2706 /* importMan.m in Sources */,
				AA84B42E1D9A101100BB2706 /* culass.m in Sources */,
				AA84B4201D9A0DF300BB2706 /* main.m in Sources */,
			);
			runOnlyForDeploymentPostprocessing = 0;
		};
/* End PBXSourcesBuildPhase section */

/* Begin XCBuildConfiguration section */
		AA84B4211D9A0DF300BB2706 /* Debug */ = {
			isa = XCBuildConfiguration;
			buildSettings = {
				ALWAYS_SEARCH_USER_PATHS = NO;
				CLANG_ANALYZER_NONNULL = YES;
				CLANG_CXX_LANGUAGE_STANDARD = "gnu++0x";
				CLANG_CXX_LIBRARY = "libc++";
				CLANG_ENABLE_MODULES = YES;
				CLANG_ENABLE_OBJC_ARC = YES;
				CLANG_WARN_BOOL_CONVERSION = YES;
				CLANG_WARN_CONSTANT_CONVERSION = YES;
				CLANG_WARN_DIRECT_OBJC_ISA_USAGE = YES_ERROR;
				CLANG_WARN_DOCUMENTATION_COMMENTS = YES;
				CLANG_WARN_EMPTY_BODY = YES;
				CLANG_WARN_ENUM_CONVERSION = YES;
				CLANG_WARN_INFINITE_RECURSION = YES;
				CLANG_WARN_INT_CONVERSION = YES;
				CLANG_WARN_OBJC_ROOT_CLASS = YES_ERROR;
				CLANG_WARN_SUSPICIOUS_MOVES = YES;
				CLANG_WARN_UNREACHABLE_CODE = YES;
				CLANG_WARN__DUPLICATE_METHOD_MATCH = YES;
				CODE_SIGN_IDENTITY = "-";
				COPY_PHASE_STRIP = NO;
				DEBUG_INFORMATION_FORMAT = dwarf;
				ENABLE_STRICT_OBJC_MSGSEND = YES;
				ENABLE_TESTABILITY = YES;
				GCC_C_LANGUAGE_STANDARD = gnu99;
				GCC_DYNAMIC_NO_PIC = NO;
				GCC_NO_COMMON_BLOCKS = YES;
				GCC_OPTIMIZATION_LEVEL = 0;
				GCC_PREPROCESSOR_DEFINITIONS = (
					"DEBUG=1",
					"$(inherited)",
				);
				GCC_WARN_64_TO_32_BIT_CONVERSION = YES;
				GCC_WARN_ABOUT_RETURN_TYPE = YES_ERROR;
				GCC_WARN_UNDECLARED_SELECTOR = YES;
				GCC_WARN_UNINITIALIZED_AUTOS = YES_AGGRESSIVE;
				GCC_WARN_UNUSED_FUNCTION = YES;
				GCC_WARN_UNUSED_VARIABLE = YES;
				MACOSX_DEPLOYMENT_TARGET = 10.11;
				MTL_ENABLE_DEBUG_INFO = YES;
				ONLY_ACTIVE_ARCH = YES;
				SDKROOT = macosx;
			};
			name = Debug;
		};
		AA84B4221D9A0DF300BB2706 /* Release */ = {
			isa = XCBuildConfiguration;
			buildSettings = {
				ALWAYS_SEARCH_USER_PATHS = NO;
				CLANG_ANALYZER_NONNULL = YES;
				CLANG_CXX_LANGUAGE_STANDARD = "gnu++0x";
				CLANG_CXX_LIBRARY = "libc++";
				CLANG_ENABLE_MODULES = YES;
				CLANG_ENABLE_OBJC_ARC = YES;
				CLANG_WARN_BOOL_CONVERSION = YES;
				CLANG_WARN_CONSTANT_CONVERSION = YES;
				CLANG_WARN_DIRECT_OBJC_ISA_USAGE = YES_ERROR;
				CLANG_WARN_DOCUMENTATION_COMMENTS = YES;
				CLANG_WARN_EMPTY_BODY = YES;
				CLANG_WARN_ENUM_CONVERSION = YES;
				CLANG_WARN_INFINITE_RECURSION = YES;
				CLANG_WARN_INT_CONVERSION = YES;
				CLANG_WARN_OBJC_ROOT_CLASS = YES_ERROR;
				CLANG_WARN_SUSPICIOUS_MOVES = YES;
				CLANG_WARN_UNREACHABLE_CODE = YES;
				CLANG_WARN__DUPLICATE_METHOD_MATCH = YES;
				CODE_SIGN_IDENTITY = "-";
				COPY_PHASE_STRIP = NO;
				DEBUG_INFORMATION_FORMAT = "dwarf-with-dsym";
				ENABLE_NS_ASSERTIONS = NO;
				ENABLE_STRICT_OBJC_MSGSEND = YES;
				GCC_C_LANGUAGE_STANDARD = gnu99;
				GCC_NO_COMMON_BLOCKS = YES;
				GCC_WARN_64_TO_32_BIT_CONVERSION = YES;
				GCC_WARN_ABOUT_RETURN_TYPE = YES_ERROR;
				GCC_WARN_UNDECLARED_SELECTOR = YES;
				GCC_WARN_UNINITIALIZED_AUTOS = YES_AGGRESSIVE;
				GCC_WARN_UNUSED_FUNCTION = YES;
				GCC_WARN_UNUSED_VARIABLE = YES;
				MACOSX_DEPLOYMENT_TARGET = 10.11;
				MTL_ENABLE_DEBUG_INFO = NO;
				SDKROOT = macosx;
			};
			name = Release;
		};
		AA84B4241D9A0DF300BB2706 /* Debug */ = {
			isa = XCBuildConfiguration;
			buildSettings = {
				PRODUCT_NAME = "$(TARGET_NAME)";
			};
			name = Debug;
		};
		AA84B4251D9A0DF300BB2706 /* Release */ = {
			isa = XCBuildConfiguration;
			buildSettings = {
				PRODUCT_NAME = "$(TARGET_NAME)";
			};
			name = Release;
		};
/* End XCBuildConfiguration section */

/* Begin XCConfigurationList section */
		AA84B4171D9A0DF300BB2706 /* Build configuration list for PBXProject "importTest" */ = {
			isa = XCConfigurationList;
			buildConfigurations = (
				AA84B4211D9A0DF300BB2706 /* Debug */,
				AA84B4221D9A0DF300BB2706 /* Release */,
			);
			defaultConfigurationIsVisible = 0;
			defaultConfigurationName = Release;
		};
		AA84B4231D9A0DF300BB2706 /* Build configuration list for PBXNativeTarget "importTest" */ = {
			isa = XCConfigurationList;
			buildConfigurations = (
				AA84B4241D9A0DF300BB2706 /* Debug */,
				AA84B4251D9A0DF300BB2706 /* Release */,
			);
			defaultConfigurationIsVisible = 0;
		};
/* End XCConfigurationList section */
	};
	rootObject = AA84B4141D9A0DF300BB2706 /* Project object */;
}
